// !$*UTF8*$!
{
	archiveVersion = 1;
	classes = {
	};
	objectVersion = 55;
	objects = {

/* Begin PBXBuildFile section */
		4284E51228D254F600031A25 /* AppDelegate.swift in Sources */ = {isa = PBXBuildFile; fileRef = 4284E51128D254F600031A25 /* AppDelegate.swift */; };
		4284E51428D254F600031A25 /* SceneDelegate.swift in Sources */ = {isa = PBXBuildFile; fileRef = 4284E51328D254F600031A25 /* SceneDelegate.swift */; };
		4284E51628D254F600031A25 /* ViewController.swift in Sources */ = {isa = PBXBuildFile; fileRef = 4284E51528D254F600031A25 /* ViewController.swift */; };
		4284E51928D254F600031A25 /* Main.storyboard in Resources */ = {isa = PBXBuildFile; fileRef = 4284E51728D254F600031A25 /* Main.storyboard */; };
		4284E51B28D254F800031A25 /* Assets.xcassets in Resources */ = {isa = PBXBuildFile; fileRef = 4284E51A28D254F800031A25 /* Assets.xcassets */; };
		4284E51E28D254F800031A25 /* LaunchScreen.storyboard in Resources */ = {isa = PBXBuildFile; fileRef = 4284E51C28D254F800031A25 /* LaunchScreen.storyboard */; };
		4284E52C28D2558F00031A25 /* MiSnapVoiceCapture in Frameworks */ = {isa = PBXBuildFile; productRef = 4284E52B28D2558F00031A25 /* MiSnapVoiceCapture */; };
		4284E52E28D2558F00031A25 /* MiSnapVoiceCaptureUX in Frameworks */ = {isa = PBXBuildFile; productRef = 4284E52D28D2558F00031A25 /* MiSnapVoiceCaptureUX */; };
		4284E53028D2564400031A25 /* ResultViewController.swift in Sources */ = {isa = PBXBuildFile; fileRef = 4284E52F28D2564400031A25 /* ResultViewController.swift */; };
		4284E53228D25F4F00031A25 /* RecordingPlaybackView.swift in Sources */ = {isa = PBXBuildFile; fileRef = 4284E53128D25F4F00031A25 /* RecordingPlaybackView.swift */; };
		42A14185296E2789007E7252 /* MiSnapVoiceCaptureLocalizable.strings in Resources */ = {isa = PBXBuildFile; fileRef = 42A14168296E2789007E7252 /* MiSnapVoiceCaptureLocalizable.strings */; };
		42A14186296E2789007E7252 /* misnap_voice_capture_instruction_distance.png in Resources */ = {isa = PBXBuildFile; fileRef = 42A1416B296E2789007E7252 /* misnap_voice_capture_instruction_distance.png */; };
/* End PBXBuildFile section */

/* Begin PBXFileReference section */
		4284E50E28D254F600031A25 /* MiSnapVoiceCaptureSampleApp.app */ = {isa = PBXFileReference; explicitFileType = wrapper.application; includeInIndex = 0; path = MiSnapVoiceCaptureSampleApp.app; sourceTree = BUILT_PRODUCTS_DIR; };
		4284E51128D254F600031A25 /* AppDelegate.swift */ = {isa = PBXFileReference; lastKnownFileType = sourcecode.swift; path = AppDelegate.swift; sourceTree = "<group>"; };
		4284E51328D254F600031A25 /* SceneDelegate.swift */ = {isa = PBXFileReference; lastKnownFileType = sourcecode.swift; path = SceneDelegate.swift; sourceTree = "<group>"; };
		4284E51528D254F600031A25 /* ViewController.swift */ = {isa = PBXFileReference; lastKnownFileType = sourcecode.swift; path = ViewController.swift; sourceTree = "<group>"; };
		4284E51828D254F600031A25 /* Base */ = {isa = PBXFileReference; lastKnownFileType = file.storyboard; name = Base; path = Base.lproj/Main.storyboard; sourceTree = "<group>"; };
		4284E51A28D254F800031A25 /* Assets.xcassets */ = {isa = PBXFileReference; lastKnownFileType = folder.assetcatalog; path = Assets.xcassets; sourceTree = "<group>"; };
		4284E51D28D254F800031A25 /* Base */ = {isa = PBXFileReference; lastKnownFileType = file.storyboard; name = Base; path = Base.lproj/LaunchScreen.storyboard; sourceTree = "<group>"; };
		4284E51F28D254F800031A25 /* Info.plist */ = {isa = PBXFileReference; lastKnownFileType = text.plist.xml; path = Info.plist; sourceTree = "<group>"; };
		4284E52F28D2564400031A25 /* ResultViewController.swift */ = {isa = PBXFileReference; fileEncoding = 4; lastKnownFileType = sourcecode.swift; path = ResultViewController.swift; sourceTree = "<group>"; };
		4284E53128D25F4F00031A25 /* RecordingPlaybackView.swift */ = {isa = PBXFileReference; fileEncoding = 4; lastKnownFileType = sourcecode.swift; path = RecordingPlaybackView.swift; sourceTree = "<group>"; };
		42A14169296E2789007E7252 /* en */ = {isa = PBXFileReference; lastKnownFileType = text.plist.strings; name = en; path = en.lproj/MiSnapVoiceCaptureLocalizable.strings; sourceTree = "<group>"; };
		42A1416A296E2789007E7252 /* es */ = {isa = PBXFileReference; lastKnownFileType = text.plist.strings; name = es; path = es.lproj/MiSnapVoiceCaptureLocalizable.strings; sourceTree = "<group>"; };
		42A1416B296E2789007E7252 /* misnap_voice_capture_instruction_distance.png */ = {isa = PBXFileReference; lastKnownFileType = image.png; path = misnap_voice_capture_instruction_distance.png; sourceTree = "<group>"; };
/* End PBXFileReference section */

/* Begin PBXFrameworksBuildPhase section */
		4284E50B28D254F600031A25 /* Frameworks */ = {
			isa = PBXFrameworksBuildPhase;
			buildActionMask = 2147483647;
			files = (
				4284E52C28D2558F00031A25 /* MiSnapVoiceCapture in Frameworks */,
				4284E52E28D2558F00031A25 /* MiSnapVoiceCaptureUX in Frameworks */,
			);
			runOnlyForDeploymentPostprocessing = 0;
		};
/* End PBXFrameworksBuildPhase section */

/* Begin PBXGroup section */
		4284E50528D254F600031A25 = {
			isa = PBXGroup;
			children = (
				4284E51028D254F600031A25 /* MiSnapVoiceCaptureSampleApp */,
				4284E50F28D254F600031A25 /* Products */,
			);
			sourceTree = "<group>";
		};
		4284E50F28D254F600031A25 /* Products */ = {
			isa = PBXGroup;
			children = (
				4284E50E28D254F600031A25 /* MiSnapVoiceCaptureSampleApp.app */,
			);
			name = Products;
			sourceTree = "<group>";
		};
		4284E51028D254F600031A25 /* MiSnapVoiceCaptureSampleApp */ = {
			isa = PBXGroup;
			children = (
				42A14143296E2789007E7252 /* Assets */,
				4284E52928D2552100031A25 /* Models */,
				4284E52828D2551D00031A25 /* Views */,
				4284E52728D2551700031A25 /* Controllers */,
				4284E52628D2551100031A25 /* Resources */,
				4284E52528D2550500031A25 /* Supporting_Files */,
			);
			path = MiSnapVoiceCaptureSampleApp;
			sourceTree = "<group>";
		};
		4284E52528D2550500031A25 /* Supporting_Files */ = {
			isa = PBXGroup;
			children = (
				4284E51F28D254F800031A25 /* Info.plist */,
			);
			name = Supporting_Files;
			sourceTree = "<group>";
		};
		4284E52628D2551100031A25 /* Resources */ = {
			isa = PBXGroup;
			children = (
				4284E51A28D254F800031A25 /* Assets.xcassets */,
				4284E51728D254F600031A25 /* Main.storyboard */,
				4284E51C28D254F800031A25 /* LaunchScreen.storyboard */,
			);
			name = Resources;
			sourceTree = "<group>";
		};
		4284E52728D2551700031A25 /* Controllers */ = {
			isa = PBXGroup;
			children = (
				4284E51128D254F600031A25 /* AppDelegate.swift */,
				4284E51328D254F600031A25 /* SceneDelegate.swift */,
				4284E51528D254F600031A25 /* ViewController.swift */,
				4284E52F28D2564400031A25 /* ResultViewController.swift */,
			);
			name = Controllers;
			sourceTree = "<group>";
		};
		4284E52828D2551D00031A25 /* Views */ = {
			isa = PBXGroup;
			children = (
				4284E53128D25F4F00031A25 /* RecordingPlaybackView.swift */,
			);
			name = Views;
			sourceTree = "<group>";
		};
		4284E52928D2552100031A25 /* Models */ = {
			isa = PBXGroup;
			children = (
			);
			name = Models;
			sourceTree = "<group>";
		};
		42A14143296E2789007E7252 /* Assets */ = {
			isa = PBXGroup;
			children = (
				42A14167296E2789007E7252 /* MiSnapVoiceCapture */,
			);
			name = Assets;
			path = ../../../../../Assets;
			sourceTree = "<group>";
		};
		42A14167296E2789007E7252 /* MiSnapVoiceCapture */ = {
			isa = PBXGroup;
			children = (
				42A14168296E2789007E7252 /* MiSnapVoiceCaptureLocalizable.strings */,
				42A1416B296E2789007E7252 /* misnap_voice_capture_instruction_distance.png */,
			);
			path = MiSnapVoiceCapture;
			sourceTree = "<group>";
		};
/* End PBXGroup section */

/* Begin PBXNativeTarget section */
		4284E50D28D254F600031A25 /* MiSnapVoiceCaptureSampleApp */ = {
			isa = PBXNativeTarget;
			buildConfigurationList = 4284E52228D254F800031A25 /* Build configuration list for PBXNativeTarget "MiSnapVoiceCaptureSampleApp" */;
			buildPhases = (
				4284E50A28D254F600031A25 /* Sources */,
				4284E50B28D254F600031A25 /* Frameworks */,
				4284E50C28D254F600031A25 /* Resources */,
			);
			buildRules = (
			);
			dependencies = (
			);
			name = MiSnapVoiceCaptureSampleApp;
			packageProductDependencies = (
				4284E52B28D2558F00031A25 /* MiSnapVoiceCapture */,
				4284E52D28D2558F00031A25 /* MiSnapVoiceCaptureUX */,
			);
			productName = MiSnapVoiceCaptureSampleApp;
			productReference = 4284E50E28D254F600031A25 /* MiSnapVoiceCaptureSampleApp.app */;
			productType = "com.apple.product-type.application";
		};
/* End PBXNativeTarget section */

/* Begin PBXProject section */
		4284E50628D254F600031A25 /* Project object */ = {
			isa = PBXProject;
			attributes = {
				BuildIndependentTargetsInParallel = 1;
				LastSwiftUpdateCheck = 1300;
				LastUpgradeCheck = 1300;
				TargetAttributes = {
					4284E50D28D254F600031A25 = {
						CreatedOnToolsVersion = 13.0;
					};
				};
			};
			buildConfigurationList = 4284E50928D254F600031A25 /* Build configuration list for PBXProject "MiSnapVoiceCaptureSampleApp" */;
			compatibilityVersion = "Xcode 13.0";
			developmentRegion = en;
			hasScannedForEncodings = 0;
			knownRegions = (
				en,
				Base,
				es,
				fr,
			);
			mainGroup = 4284E50528D254F600031A25;
			packageReferences = (
				4284E52A28D2558F00031A25 /* XCRemoteSwiftPackageReference "MiSnap-iOS" */,
			);
			productRefGroup = 4284E50F28D254F600031A25 /* Products */;
			projectDirPath = "";
			projectRoot = "";
			targets = (
				4284E50D28D254F600031A25 /* MiSnapVoiceCaptureSampleApp */,
			);
		};
/* End PBXProject section */

/* Begin PBXResourcesBuildPhase section */
		4284E50C28D254F600031A25 /* Resources */ = {
			isa = PBXResourcesBuildPhase;
			buildActionMask = 2147483647;
			files = (
				4284E51E28D254F800031A25 /* LaunchScreen.storyboard in Resources */,
				4284E51B28D254F800031A25 /* Assets.xcassets in Resources */,
				42A14185296E2789007E7252 /* MiSnapVoiceCaptureLocalizable.strings in Resources */,
				4284E51928D254F600031A25 /* Main.storyboard in Resources */,
				42A14186296E2789007E7252 /* misnap_voice_capture_instruction_distance.png in Resources */,
			);
			runOnlyForDeploymentPostprocessing = 0;
		};
/* End PBXResourcesBuildPhase section */

/* Begin PBXSourcesBuildPhase section */
		4284E50A28D254F600031A25 /* Sources */ = {
			isa = PBXSourcesBuildPhase;
			buildActionMask = 2147483647;
			files = (
				4284E51628D254F600031A25 /* ViewController.swift in Sources */,
				4284E51228D254F600031A25 /* AppDelegate.swift in Sources */,
				4284E51428D254F600031A25 /* SceneDelegate.swift in Sources */,
				4284E53228D25F4F00031A25 /* RecordingPlaybackView.swift in Sources */,
				4284E53028D2564400031A25 /* ResultViewController.swift in Sources */,
			);
			runOnlyForDeploymentPostprocessing = 0;
		};
/* End PBXSourcesBuildPhase section */

/* Begin PBXVariantGroup section */
		4284E51728D254F600031A25 /* Main.storyboard */ = {
			isa = PBXVariantGroup;
			children = (
				4284E51828D254F600031A25 /* Base */,
			);
			name = Main.storyboard;
			sourceTree = "<group>";
		};
		4284E51C28D254F800031A25 /* LaunchScreen.storyboard */ = {
			isa = PBXVariantGroup;
			children = (
				4284E51D28D254F800031A25 /* Base */,
			);
			name = LaunchScreen.storyboard;
			sourceTree = "<group>";
		};
		42A14168296E2789007E7252 /* MiSnapVoiceCaptureLocalizable.strings */ = {
			isa = PBXVariantGroup;
			children = (
				42A14169296E2789007E7252 /* en */,
				42A1416A296E2789007E7252 /* es */,
			);
			name = MiSnapVoiceCaptureLocalizable.strings;
			sourceTree = "<group>";
		};
/* End PBXVariantGroup section */

/* Begin XCBuildConfiguration section */
		4284E52028D254F800031A25 /* Debug */ = {
			isa = XCBuildConfiguration;
			buildSettings = {
				ALWAYS_SEARCH_USER_PATHS = NO;
				CLANG_ANALYZER_NONNULL = YES;
				CLANG_ANALYZER_NUMBER_OBJECT_CONVERSION = YES_AGGRESSIVE;
				CLANG_CXX_LANGUAGE_STANDARD = "gnu++17";
				CLANG_CXX_LIBRARY = "libc++";
				CLANG_ENABLE_MODULES = YES;
				CLANG_ENABLE_OBJC_ARC = YES;
				CLANG_ENABLE_OBJC_WEAK = YES;
				CLANG_WARN_BLOCK_CAPTURE_AUTORELEASING = YES;
				CLANG_WARN_BOOL_CONVERSION = YES;
				CLANG_WARN_COMMA = YES;
				CLANG_WARN_CONSTANT_CONVERSION = YES;
				CLANG_WARN_DEPRECATED_OBJC_IMPLEMENTATIONS = YES;
				CLANG_WARN_DIRECT_OBJC_ISA_USAGE = YES_ERROR;
				CLANG_WARN_DOCUMENTATION_COMMENTS = YES;
				CLANG_WARN_EMPTY_BODY = YES;
				CLANG_WARN_ENUM_CONVERSION = YES;
				CLANG_WARN_INFINITE_RECURSION = YES;
				CLANG_WARN_INT_CONVERSION = YES;
				CLANG_WARN_NON_LITERAL_NULL_CONVERSION = YES;
				CLANG_WARN_OBJC_IMPLICIT_RETAIN_SELF = YES;
				CLANG_WARN_OBJC_LITERAL_CONVERSION = YES;
				CLANG_WARN_OBJC_ROOT_CLASS = YES_ERROR;
				CLANG_WARN_QUOTED_INCLUDE_IN_FRAMEWORK_HEADER = YES;
				CLANG_WARN_RANGE_LOOP_ANALYSIS = YES;
				CLANG_WARN_STRICT_PROTOTYPES = YES;
				CLANG_WARN_SUSPICIOUS_MOVE = YES;
				CLANG_WARN_UNGUARDED_AVAILABILITY = YES_AGGRESSIVE;
				CLANG_WARN_UNREACHABLE_CODE = YES;
				CLANG_WARN__DUPLICATE_METHOD_MATCH = YES;
				COPY_PHASE_STRIP = NO;
				DEBUG_INFORMATION_FORMAT = dwarf;
				ENABLE_STRICT_OBJC_MSGSEND = YES;
				ENABLE_TESTABILITY = YES;
				GCC_C_LANGUAGE_STANDARD = gnu11;
				GCC_DYNAMIC_NO_PIC = NO;
				GCC_NO_COMMON_BLOCKS = YES;
				GCC_OPTIMIZATION_LEVEL = 0;
				GCC_PREPROCESSOR_DEFINITIONS = (
					"DEBUG=1",
					"$(inherited)",
				);
				GCC_WARN_64_TO_32_BIT_CONVERSION = YES;
				GCC_WARN_ABOUT_RETURN_TYPE = YES_ERROR;
				GCC_WARN_UNDECLARED_SELECTOR = YES;
				GCC_WARN_UNINITIALIZED_AUTOS = YES_AGGRESSIVE;
				GCC_WARN_UNUSED_FUNCTION = YES;
				GCC_WARN_UNUSED_VARIABLE = YES;
				IPHONEOS_DEPLOYMENT_TARGET = 15.0;
				MTL_ENABLE_DEBUG_INFO = INCLUDE_SOURCE;
				MTL_FAST_MATH = YES;
				ONLY_ACTIVE_ARCH = YES;
				SDKROOT = iphoneos;
				SWIFT_ACTIVE_COMPILATION_CONDITIONS = DEBUG;
				SWIFT_OPTIMIZATION_LEVEL = "-Onone";
			};
			name = Debug;
		};
		4284E52128D254F800031A25 /* Release */ = {
			isa = XCBuildConfiguration;
			buildSettings = {
				ALWAYS_SEARCH_USER_PATHS = NO;
				CLANG_ANALYZER_NONNULL = YES;
				CLANG_ANALYZER_NUMBER_OBJECT_CONVERSION = YES_AGGRESSIVE;
				CLANG_CXX_LANGUAGE_STANDARD = "gnu++17";
				CLANG_CXX_LIBRARY = "libc++";
				CLANG_ENABLE_MODULES = YES;
				CLANG_ENABLE_OBJC_ARC = YES;
				CLANG_ENABLE_OBJC_WEAK = YES;
				CLANG_WARN_BLOCK_CAPTURE_AUTORELEASING = YES;
				CLANG_WARN_BOOL_CONVERSION = YES;
				CLANG_WARN_COMMA = YES;
				CLANG_WARN_CONSTANT_CONVERSION = YES;
				CLANG_WARN_DEPRECATED_OBJC_IMPLEMENTATIONS = YES;
				CLANG_WARN_DIRECT_OBJC_ISA_USAGE = YES_ERROR;
				CLANG_WARN_DOCUMENTATION_COMMENTS = YES;
				CLANG_WARN_EMPTY_BODY = YES;
				CLANG_WARN_ENUM_CONVERSION = YES;
				CLANG_WARN_INFINITE_RECURSION = YES;
				CLANG_WARN_INT_CONVERSION = YES;
				CLANG_WARN_NON_LITERAL_NULL_CONVERSION = YES;
				CLANG_WARN_OBJC_IMPLICIT_RETAIN_SELF = YES;
				CLANG_WARN_OBJC_LITERAL_CONVERSION = YES;
				CLANG_WARN_OBJC_ROOT_CLASS = YES_ERROR;
				CLANG_WARN_QUOTED_INCLUDE_IN_FRAMEWORK_HEADER = YES;
				CLANG_WARN_RANGE_LOOP_ANALYSIS = YES;
				CLANG_WARN_STRICT_PROTOTYPES = YES;
				CLANG_WARN_SUSPICIOUS_MOVE = YES;
				CLANG_WARN_UNGUARDED_AVAILABILITY = YES_AGGRESSIVE;
				CLANG_WARN_UNREACHABLE_CODE = YES;
				CLANG_WARN__DUPLICATE_METHOD_MATCH = YES;
				COPY_PHASE_STRIP = NO;
				DEBUG_INFORMATION_FORMAT = "dwarf-with-dsym";
				ENABLE_NS_ASSERTIONS = NO;
				ENABLE_STRICT_OBJC_MSGSEND = YES;
				GCC_C_LANGUAGE_STANDARD = gnu11;
				GCC_NO_COMMON_BLOCKS = YES;
				GCC_WARN_64_TO_32_BIT_CONVERSION = YES;
				GCC_WARN_ABOUT_RETURN_TYPE = YES_ERROR;
				GCC_WARN_UNDECLARED_SELECTOR = YES;
				GCC_WARN_UNINITIALIZED_AUTOS = YES_AGGRESSIVE;
				GCC_WARN_UNUSED_FUNCTION = YES;
				GCC_WARN_UNUSED_VARIABLE = YES;
				IPHONEOS_DEPLOYMENT_TARGET = 15.0;
				MTL_ENABLE_DEBUG_INFO = NO;
				MTL_FAST_MATH = YES;
				SDKROOT = iphoneos;
				SWIFT_COMPILATION_MODE = wholemodule;
				SWIFT_OPTIMIZATION_LEVEL = "-O";
				VALIDATE_PRODUCT = YES;
			};
			name = Release;
		};
		4284E52328D254F800031A25 /* Debug */ = {
			isa = XCBuildConfiguration;
			buildSettings = {
				ASSETCATALOG_COMPILER_APPICON_NAME = AppIcon;
				ASSETCATALOG_COMPILER_GLOBAL_ACCENT_COLOR_NAME = AccentColor;
				CODE_SIGN_STYLE = Automatic;
				CURRENT_PROJECT_VERSION = 1;
				DEVELOPMENT_TEAM = "";
				GENERATE_INFOPLIST_FILE = YES;
				INFOPLIST_FILE = MiSnapVoiceCaptureSampleApp/Info.plist;
				INFOPLIST_KEY_UIApplicationSupportsIndirectInputEvents = YES;
				INFOPLIST_KEY_UILaunchStoryboardName = LaunchScreen;
				INFOPLIST_KEY_UIMainStoryboardFile = Main;
				INFOPLIST_KEY_UISupportedInterfaceOrientations_iPad = "UIInterfaceOrientationPortrait UIInterfaceOrientationPortraitUpsideDown UIInterfaceOrientationLandscapeLeft UIInterfaceOrientationLandscapeRight";
				INFOPLIST_KEY_UISupportedInterfaceOrientations_iPhone = "UIInterfaceOrientationPortrait UIInterfaceOrientationLandscapeLeft UIInterfaceOrientationLandscapeRight";
				IPHONEOS_DEPLOYMENT_TARGET = 11.0;
				LD_RUNPATH_SEARCH_PATHS = (
					"$(inherited)",
					"@executable_path/Frameworks",
				);
				MARKETING_VERSION = 1.0;
				PRODUCT_BUNDLE_IDENTIFIER = com.miteksystems.MiSnapVoiceCaptureSampleApp;
				PRODUCT_NAME = "$(TARGET_NAME)";
				SWIFT_EMIT_LOC_STRINGS = YES;
				SWIFT_VERSION = 5.0;
				TARGETED_DEVICE_FAMILY = "1,2";
			};
			name = Debug;
		};
		4284E52428D254F800031A25 /* Release */ = {
			isa = XCBuildConfiguration;
			buildSettings = {
				ASSETCATALOG_COMPILER_APPICON_NAME = AppIcon;
				ASSETCATALOG_COMPILER_GLOBAL_ACCENT_COLOR_NAME = AccentColor;
				CODE_SIGN_STYLE = Automatic;
				CURRENT_PROJECT_VERSION = 1;
				DEVELOPMENT_TEAM = "";
				GENERATE_INFOPLIST_FILE = YES;
				INFOPLIST_FILE = MiSnapVoiceCaptureSampleApp/Info.plist;
				INFOPLIST_KEY_UIApplicationSupportsIndirectInputEvents = YES;
				INFOPLIST_KEY_UILaunchStoryboardName = LaunchScreen;
				INFOPLIST_KEY_UIMainStoryboardFile = Main;
				INFOPLIST_KEY_UISupportedInterfaceOrientations_iPad = "UIInterfaceOrientationPortrait UIInterfaceOrientationPortraitUpsideDown UIInterfaceOrientationLandscapeLeft UIInterfaceOrientationLandscapeRight";
				INFOPLIST_KEY_UISupportedInterfaceOrientations_iPhone = "UIInterfaceOrientationPortrait UIInterfaceOrientationLandscapeLeft UIInterfaceOrientationLandscapeRight";
				IPHONEOS_DEPLOYMENT_TARGET = 11.0;
				LD_RUNPATH_SEARCH_PATHS = (
					"$(inherited)",
					"@executable_path/Frameworks",
				);
				MARKETING_VERSION = 1.0;
				PRODUCT_BUNDLE_IDENTIFIER = com.miteksystems.MiSnapVoiceCaptureSampleApp;
				PRODUCT_NAME = "$(TARGET_NAME)";
				SWIFT_EMIT_LOC_STRINGS = YES;
				SWIFT_VERSION = 5.0;
				TARGETED_DEVICE_FAMILY = "1,2";
			};
			name = Release;
		};
/* End XCBuildConfiguration section */

/* Begin XCConfigurationList section */
		4284E50928D254F600031A25 /* Build configuration list for PBXProject "MiSnapVoiceCaptureSampleApp" */ = {
			isa = XCConfigurationList;
			buildConfigurations = (
				4284E52028D254F800031A25 /* Debug */,
				4284E52128D254F800031A25 /* Release */,
			);
			defaultConfigurationIsVisible = 0;
			defaultConfigurationName = Release;
		};
		4284E52228D254F800031A25 /* Build configuration list for PBXNativeTarget "MiSnapVoiceCaptureSampleApp" */ = {
			isa = XCConfigurationList;
			buildConfigurations = (
				4284E52328D254F800031A25 /* Debug */,
				4284E52428D254F800031A25 /* Release */,
			);
			defaultConfigurationIsVisible = 0;
			defaultConfigurationName = Release;
		};
/* End XCConfigurationList section */

/* Begin XCRemoteSwiftPackageReference section */
		4284E52A28D2558F00031A25 /* XCRemoteSwiftPackageReference "MiSnap-iOS" */ = {
			isa = XCRemoteSwiftPackageReference;
			repositoryURL = "https://github.com/Mitek-Systems/MiSnap-iOS.git";
			requirement = {
				branch = feature/5.2.0;
				kind = branch;
			};
		};
/* End XCRemoteSwiftPackageReference section */

/* Begin XCSwiftPackageProductDependency section */
		4284E52B28D2558F00031A25 /* MiSnapVoiceCapture */ = {
			isa = XCSwiftPackageProductDependency;
			package = 4284E52A28D2558F00031A25 /* XCRemoteSwiftPackageReference "MiSnap-iOS" */;
			productName = MiSnapVoiceCapture;
		};
		4284E52D28D2558F00031A25 /* MiSnapVoiceCaptureUX */ = {
			isa = XCSwiftPackageProductDependency;
			package = 4284E52A28D2558F00031A25 /* XCRemoteSwiftPackageReference "MiSnap-iOS" */;
			productName = MiSnapVoiceCaptureUX;
		};
/* End XCSwiftPackageProductDependency section */
	};
	rootObject = 4284E50628D254F600031A25 /* Project object */;
}
