{
  "pins" : [
    {
      "identity" : "misnap-ios",
      "kind" : "remoteSourceControl",
      "location" : "https://github.com/Mitek-Systems/MiSnap-iOS.git",
      "state" : {
        "branch" : "feature/5.3.4",
        "revision" : "2321b84b3d5a99609ce4720b099efa631905c867"
      }
    }
  ],
  "version" : 2
}
