{
  "pins" : [
    {
      "identity" : "misnap-ios",
      "kind" : "remoteSourceControl",
      "location" : "https://github.com/Mitek-Systems/MiSnap-iOS.git",
      "state" : {
        "branch" : "feature/5.3.1",
        "revision" : "4746f36a90374329fa471d1c6fa32db7e4a2cd8c"
      }
    }
  ],
  "version" : 2
}
