{
  "pins" : [
    {
      "identity" : "misnap-ios",
      "kind" : "remoteSourceControl",
      "location" : "https://github.com/Mitek-Systems/MiSnap-iOS.git",
      "state" : {
        "branch" : "feature/5.3.0",
        "revision" : "e863a687dcaa55a7df27a708368d848aeb475129"
      }
    }
  ],
  "version" : 2
}
