{
  "pins" : [
    {
      "identity" : "misnap-ios",
      "kind" : "remoteSourceControl",
      "location" : "https://github.com/Mitek-Systems/MiSnap-iOS.git",
      "state" : {
        "branch" : "feature/5.1.0.b1",
        "revision" : "118e4213f07a1bd153fec572a1d190308ad78f1e"
      }
    }
  ],
  "version" : 2
}
