{
  "pins" : [
    {
      "identity" : "misnap-ios",
      "kind" : "remoteSourceControl",
      "location" : "https://github.com/Mitek-Systems/MiSnap-iOS.git",
      "state" : {
        "branch" : "feature/5.8.0",
        "revision" : "0d5d61e69d5aaf1425b3737b413953fbfd42242c"
      }
    }
  ],
  "version" : 2
}
