{
  "object": {
    "pins": [
      {
        "package": "MiSnap",
        "repositoryURL": "https://github.com/Mitek-Systems/MiSnap-iOS.git",
        "state": {
          "branch": "feature/5.2.0",
          "revision": "cf021bc4ce169813a12d01b9293f30ca0eb45d21",
          "version": null
        }
      }
    ]
  },
  "version": 1
}
