{
  "object": {
    "pins": [
      {
        "package": "MiSnap",
        "repositoryURL": "https://github.com/Mitek-Systems/MiSnap-iOS.git",
        "state": {
          "branch": "feature/5.1.0",
          "revision": "c2b12f6ec12c7a26c1a8fdbe91224ff3eed8b362",
          "version": null
        }
      }
    ]
  },
  "version": 1
}
