{
  "pins" : [
    {
      "identity" : "misnap-ios",
      "kind" : "remoteSourceControl",
      "location" : "https://github.com/Mitek-Systems/MiSnap-iOS.git",
      "state" : {
        "branch" : "feature/5.1.0",
        "revision" : "dfc79ac432c665185d39ed9e680149f77d0391a3"
      }
    }
  ],
  "version" : 2
}
