{
  "pins" : [
    {
      "identity" : "misnap-ios",
      "kind" : "remoteSourceControl",
      "location" : "https://github.com/Mitek-Systems/MiSnap-iOS.git",
      "state" : {
        "branch" : "feature/5.6.0",
        "revision" : "1109991a4322425925c1755520224dadae65260b"
      }
    }
  ],
  "version" : 2
}
