{
  "pins" : [
    {
      "identity" : "misnap-ios",
      "kind" : "remoteSourceControl",
      "location" : "https://github.com/Mitek-Systems/MiSnap-iOS.git",
      "state" : {
        "branch" : "feature/5.6.2",
        "revision" : "a6d068cf60ddb1393b952326f2d5fde1f94b1766"
      }
    }
  ],
  "version" : 2
}
