{
  "object": {
    "pins": [
      {
        "package": "MiSnap",
        "repositoryURL": "https://github.com/Mitek-Systems/MiSnap-iOS.git",
        "state": {
          "branch": null,
          "revision": "36aa6c5b81d4dfae715473995232e4cd5ec3a032",
          "version": null
        }
      }
    ]
  },
  "version": 1
}
