// !$*UTF8*$!
{
	archiveVersion = 1;
	classes = {
	};
	objectVersion = 55;
	objects = {

/* Begin PBXBuildFile section */
		EB01A1CC278F6469005397ED /* MiSnapBarcodeScanner.xcframework in Frameworks */ = {isa = PBXBuildFile; fileRef = EB01A1C4278F6468005397ED /* MiSnapBarcodeScanner.xcframework */; };
		EB01A1CD278F6469005397ED /* MiSnapBarcodeScanner.xcframework in Embed Frameworks */ = {isa = PBXBuildFile; fileRef = EB01A1C4278F6468005397ED /* MiSnapBarcodeScanner.xcframework */; settings = {ATTRIBUTES = (CodeSignOnCopy, RemoveHeadersOnCopy, ); }; };
		EB01A1CE278F6469005397ED /* MiSnapCamera.xcframework in Frameworks */ = {isa = PBXBuildFile; fileRef = EB01A1C5278F6468005397ED /* MiSnapCamera.xcframework */; };
		EB01A1CF278F6469005397ED /* MiSnapCamera.xcframework in Embed Frameworks */ = {isa = PBXBuildFile; fileRef = EB01A1C5278F6468005397ED /* MiSnapCamera.xcframework */; settings = {ATTRIBUTES = (CodeSignOnCopy, RemoveHeadersOnCopy, ); }; };
		EB01A1D0278F6469005397ED /* MiSnapBarcodeScannerLight.xcframework in Frameworks */ = {isa = PBXBuildFile; fileRef = EB01A1C6278F6468005397ED /* MiSnapBarcodeScannerLight.xcframework */; };
		EB01A1D1278F6469005397ED /* MiSnapBarcodeScannerLight.xcframework in Embed Frameworks */ = {isa = PBXBuildFile; fileRef = EB01A1C6278F6468005397ED /* MiSnapBarcodeScannerLight.xcframework */; settings = {ATTRIBUTES = (CodeSignOnCopy, RemoveHeadersOnCopy, ); }; };
		EB01A1D2278F6469005397ED /* MobileFlow.xcframework in Frameworks */ = {isa = PBXBuildFile; fileRef = EB01A1C7278F6468005397ED /* MobileFlow.xcframework */; };
		EB01A1D3278F6469005397ED /* MobileFlow.xcframework in Embed Frameworks */ = {isa = PBXBuildFile; fileRef = EB01A1C7278F6468005397ED /* MobileFlow.xcframework */; settings = {ATTRIBUTES = (CodeSignOnCopy, RemoveHeadersOnCopy, ); }; };
		EB01A1D4278F6469005397ED /* MiSnapMibiData.xcframework in Frameworks */ = {isa = PBXBuildFile; fileRef = EB01A1C8278F6469005397ED /* MiSnapMibiData.xcframework */; };
		EB01A1D5278F6469005397ED /* MiSnapMibiData.xcframework in Embed Frameworks */ = {isa = PBXBuildFile; fileRef = EB01A1C8278F6469005397ED /* MiSnapMibiData.xcframework */; settings = {ATTRIBUTES = (CodeSignOnCopy, RemoveHeadersOnCopy, ); }; };
		EB01A1D6278F6469005397ED /* MiSnapScience.xcframework in Frameworks */ = {isa = PBXBuildFile; fileRef = EB01A1C9278F6469005397ED /* MiSnapScience.xcframework */; };
		EB01A1D7278F6469005397ED /* MiSnapScience.xcframework in Embed Frameworks */ = {isa = PBXBuildFile; fileRef = EB01A1C9278F6469005397ED /* MiSnapScience.xcframework */; settings = {ATTRIBUTES = (CodeSignOnCopy, RemoveHeadersOnCopy, ); }; };
		EB01A1D8278F6469005397ED /* MiSnap.xcframework in Frameworks */ = {isa = PBXBuildFile; fileRef = EB01A1CA278F6469005397ED /* MiSnap.xcframework */; };
		EB01A1D9278F6469005397ED /* MiSnap.xcframework in Embed Frameworks */ = {isa = PBXBuildFile; fileRef = EB01A1CA278F6469005397ED /* MiSnap.xcframework */; settings = {ATTRIBUTES = (CodeSignOnCopy, RemoveHeadersOnCopy, ); }; };
		EB01A1DA278F6469005397ED /* MiSnapLicenseManager.xcframework in Frameworks */ = {isa = PBXBuildFile; fileRef = EB01A1CB278F6469005397ED /* MiSnapLicenseManager.xcframework */; };
		EB01A1DB278F6469005397ED /* MiSnapLicenseManager.xcframework in Embed Frameworks */ = {isa = PBXBuildFile; fileRef = EB01A1CB278F6469005397ED /* MiSnapLicenseManager.xcframework */; settings = {ATTRIBUTES = (CodeSignOnCopy, RemoveHeadersOnCopy, ); }; };
		EBDCF67727906934005B14A3 /* MiSnapTutorialViewController.swift in Sources */ = {isa = PBXBuildFile; fileRef = EBDCF64627906934005B14A3 /* MiSnapTutorialViewController.swift */; };
		EBDCF67827906934005B14A3 /* MiSnapGuideView.swift in Sources */ = {isa = PBXBuildFile; fileRef = EBDCF64727906934005B14A3 /* MiSnapGuideView.swift */; };
		EBDCF67927906934005B14A3 /* MiSnapLocalizer.swift in Sources */ = {isa = PBXBuildFile; fileRef = EBDCF64827906934005B14A3 /* MiSnapLocalizer.swift */; };
		EBDCF67A27906934005B14A3 /* MiSnapOverlayView.swift in Sources */ = {isa = PBXBuildFile; fileRef = EBDCF64927906934005B14A3 /* MiSnapOverlayView.swift */; };
		EBDCF67B27906934005B14A3 /* MiSnapLocalizable.strings in Resources */ = {isa = PBXBuildFile; fileRef = EBDCF64B27906934005B14A3 /* MiSnapLocalizable.strings */; };
		EBDCF67C27906934005B14A3 /* misnap_cancel_icon.png in Resources */ = {isa = PBXBuildFile; fileRef = EBDCF64D27906934005B14A3 /* misnap_cancel_icon.png */; };
		EBDCF67D27906934005B14A3 /* misnap_torch_off_icon.png in Resources */ = {isa = PBXBuildFile; fileRef = EBDCF64E27906934005B14A3 /* misnap_torch_off_icon.png */; };
		EBDCF67E27906934005B14A3 /* misnap_tutorial_passport_portrait.jpg in Resources */ = {isa = PBXBuildFile; fileRef = EBDCF65027906934005B14A3 /* misnap_tutorial_passport_portrait.jpg */; };
		EBDCF67F27906934005B14A3 /* misnap_tutorial_id_back_portrait.jpg in Resources */ = {isa = PBXBuildFile; fileRef = EBDCF65127906934005B14A3 /* misnap_tutorial_id_back_portrait.jpg */; };
		EBDCF68027906934005B14A3 /* misnap_tutorial_id_portrait.jpg in Resources */ = {isa = PBXBuildFile; fileRef = EBDCF65227906934005B14A3 /* misnap_tutorial_id_portrait.jpg */; };
		EBDCF68127906934005B14A3 /* wink_17.png in Resources */ = {isa = PBXBuildFile; fileRef = EBDCF65427906934005B14A3 /* wink_17.png */; };
		EBDCF68227906934005B14A3 /* wink_16.png in Resources */ = {isa = PBXBuildFile; fileRef = EBDCF65527906934005B14A3 /* wink_16.png */; };
		EBDCF68327906934005B14A3 /* wink_14.png in Resources */ = {isa = PBXBuildFile; fileRef = EBDCF65627906934005B14A3 /* wink_14.png */; };
		EBDCF68427906934005B14A3 /* wink_15.png in Resources */ = {isa = PBXBuildFile; fileRef = EBDCF65727906934005B14A3 /* wink_15.png */; };
		EBDCF68527906934005B14A3 /* wink_11.png in Resources */ = {isa = PBXBuildFile; fileRef = EBDCF65827906934005B14A3 /* wink_11.png */; };
		EBDCF68627906934005B14A3 /* wink_10.png in Resources */ = {isa = PBXBuildFile; fileRef = EBDCF65927906934005B14A3 /* wink_10.png */; };
		EBDCF68727906934005B14A3 /* wink_12.png in Resources */ = {isa = PBXBuildFile; fileRef = EBDCF65A27906934005B14A3 /* wink_12.png */; };
		EBDCF68827906934005B14A3 /* wink_13.png in Resources */ = {isa = PBXBuildFile; fileRef = EBDCF65B27906934005B14A3 /* wink_13.png */; };
		EBDCF68927906934005B14A3 /* wink_22.png in Resources */ = {isa = PBXBuildFile; fileRef = EBDCF65C27906934005B14A3 /* wink_22.png */; };
		EBDCF68A27906934005B14A3 /* wink_23.png in Resources */ = {isa = PBXBuildFile; fileRef = EBDCF65D27906934005B14A3 /* wink_23.png */; };
		EBDCF68B27906934005B14A3 /* wink_21.png in Resources */ = {isa = PBXBuildFile; fileRef = EBDCF65E27906934005B14A3 /* wink_21.png */; };
		EBDCF68C27906934005B14A3 /* wink_20.png in Resources */ = {isa = PBXBuildFile; fileRef = EBDCF65F27906934005B14A3 /* wink_20.png */; };
		EBDCF68D27906934005B14A3 /* wink_24.png in Resources */ = {isa = PBXBuildFile; fileRef = EBDCF66027906934005B14A3 /* wink_24.png */; };
		EBDCF68E27906934005B14A3 /* wink_18.png in Resources */ = {isa = PBXBuildFile; fileRef = EBDCF66127906934005B14A3 /* wink_18.png */; };
		EBDCF68F27906934005B14A3 /* wink_19.png in Resources */ = {isa = PBXBuildFile; fileRef = EBDCF66227906934005B14A3 /* wink_19.png */; };
		EBDCF69027906934005B14A3 /* wink_25.png in Resources */ = {isa = PBXBuildFile; fileRef = EBDCF66327906934005B14A3 /* wink_25.png */; };
		EBDCF69127906934005B14A3 /* wink_26.png in Resources */ = {isa = PBXBuildFile; fileRef = EBDCF66427906934005B14A3 /* wink_26.png */; };
		EBDCF69227906934005B14A3 /* misnap_checkbox_unchecked.png in Resources */ = {isa = PBXBuildFile; fileRef = EBDCF66527906934005B14A3 /* misnap_checkbox_unchecked.png */; };
		EBDCF69327906934005B14A3 /* misnap_tutorial_passport.jpg in Resources */ = {isa = PBXBuildFile; fileRef = EBDCF66627906934005B14A3 /* misnap_tutorial_passport.jpg */; };
		EBDCF69427906934005B14A3 /* misnap_tutorial_red_arrow.png in Resources */ = {isa = PBXBuildFile; fileRef = EBDCF66727906934005B14A3 /* misnap_tutorial_red_arrow.png */; };
		EBDCF69527906934005B14A3 /* misnap_tutorial_id_back_portrait_2.jpg in Resources */ = {isa = PBXBuildFile; fileRef = EBDCF66827906934005B14A3 /* misnap_tutorial_id_back_portrait_2.jpg */; };
		EBDCF69627906934005B14A3 /* misnap_help_icon.png in Resources */ = {isa = PBXBuildFile; fileRef = EBDCF66927906934005B14A3 /* misnap_help_icon.png */; };
		EBDCF69727906934005B14A3 /* misnap_torch_on_icon.png in Resources */ = {isa = PBXBuildFile; fileRef = EBDCF66A27906934005B14A3 /* misnap_torch_on_icon.png */; };
		EBDCF69827906934005B14A3 /* misnap_tutorial_id_back.jpg in Resources */ = {isa = PBXBuildFile; fileRef = EBDCF66B27906934005B14A3 /* misnap_tutorial_id_back.jpg */; };
		EBDCF69927906934005B14A3 /* misnap_tutorial_id.jpg in Resources */ = {isa = PBXBuildFile; fileRef = EBDCF66D27906934005B14A3 /* misnap_tutorial_id.jpg */; };
		EBDCF69A27906934005B14A3 /* misnap_checkbox_checked.png in Resources */ = {isa = PBXBuildFile; fileRef = EBDCF66E27906934005B14A3 /* misnap_checkbox_checked.png */; };
		EBDCF69B27906934005B14A3 /* misnap_tutorial_passport_portrait_2.jpg in Resources */ = {isa = PBXBuildFile; fileRef = EBDCF66F27906934005B14A3 /* misnap_tutorial_passport_portrait_2.jpg */; };
		EBDCF69C27906934005B14A3 /* misnap_camera_shutter_icon.png in Resources */ = {isa = PBXBuildFile; fileRef = EBDCF67027906934005B14A3 /* misnap_camera_shutter_icon.png */; };
		EBDCF69D27906934005B14A3 /* misnap_tutorial_id_portrait_2.jpg in Resources */ = {isa = PBXBuildFile; fileRef = EBDCF67127906934005B14A3 /* misnap_tutorial_id_portrait_2.jpg */; };
		EBDCF69E27906934005B14A3 /* MiSnapViewController.swift in Sources */ = {isa = PBXBuildFile; fileRef = EBDCF67227906934005B14A3 /* MiSnapViewController.swift */; };
		EBDCF69F27906934005B14A3 /* MiSnapGlareView.swift in Sources */ = {isa = PBXBuildFile; fileRef = EBDCF67327906934005B14A3 /* MiSnapGlareView.swift */; };
		EBDCF6A027906934005B14A3 /* MiSnapOrientation.swift in Sources */ = {isa = PBXBuildFile; fileRef = EBDCF67427906934005B14A3 /* MiSnapOrientation.swift */; };
		EBDCF6A127906934005B14A3 /* MiSnapHintView.swift in Sources */ = {isa = PBXBuildFile; fileRef = EBDCF67527906934005B14A3 /* MiSnapHintView.swift */; };
		EBDCF6A227906934005B14A3 /* MiSnapConfiguration.swift in Sources */ = {isa = PBXBuildFile; fileRef = EBDCF67627906934005B14A3 /* MiSnapConfiguration.swift */; };
		EBE27EEA278E1712005D27C2 /* AppDelegate.swift in Sources */ = {isa = PBXBuildFile; fileRef = EBE27EE9278E1712005D27C2 /* AppDelegate.swift */; };
		EBE27EEC278E1712005D27C2 /* SceneDelegate.swift in Sources */ = {isa = PBXBuildFile; fileRef = EBE27EEB278E1712005D27C2 /* SceneDelegate.swift */; };
		EBE27EEE278E1712005D27C2 /* ViewController.swift in Sources */ = {isa = PBXBuildFile; fileRef = EBE27EED278E1712005D27C2 /* ViewController.swift */; };
		EBE27EF1278E1712005D27C2 /* Main.storyboard in Resources */ = {isa = PBXBuildFile; fileRef = EBE27EEF278E1712005D27C2 /* Main.storyboard */; };
		EBE27EF3278E1714005D27C2 /* Assets.xcassets in Resources */ = {isa = PBXBuildFile; fileRef = EBE27EF2278E1714005D27C2 /* Assets.xcassets */; };
		EBE27EF6278E1714005D27C2 /* LaunchScreen.storyboard in Resources */ = {isa = PBXBuildFile; fileRef = EBE27EF4278E1714005D27C2 /* LaunchScreen.storyboard */; };
/* End PBXBuildFile section */

/* Begin PBXCopyFilesBuildPhase section */
		EB01A1BD278F2823005397ED /* Embed Frameworks */ = {
			isa = PBXCopyFilesBuildPhase;
			buildActionMask = 2147483647;
			dstPath = "";
			dstSubfolderSpec = 10;
			files = (
				EB01A1D3278F6469005397ED /* MobileFlow.xcframework in Embed Frameworks */,
				EB01A1D7278F6469005397ED /* MiSnapScience.xcframework in Embed Frameworks */,
				EB01A1CD278F6469005397ED /* MiSnapBarcodeScanner.xcframework in Embed Frameworks */,
				EB01A1D1278F6469005397ED /* MiSnapBarcodeScannerLight.xcframework in Embed Frameworks */,
				EB01A1D5278F6469005397ED /* MiSnapMibiData.xcframework in Embed Frameworks */,
				EB01A1DB278F6469005397ED /* MiSnapLicenseManager.xcframework in Embed Frameworks */,
				EB01A1D9278F6469005397ED /* MiSnap.xcframework in Embed Frameworks */,
				EB01A1CF278F6469005397ED /* MiSnapCamera.xcframework in Embed Frameworks */,
			);
			name = "Embed Frameworks";
			runOnlyForDeploymentPostprocessing = 0;
		};
/* End PBXCopyFilesBuildPhase section */

/* Begin PBXFileReference section */
		EB01A1C4278F6468005397ED /* MiSnapBarcodeScanner.xcframework */ = {isa = PBXFileReference; lastKnownFileType = wrapper.xcframework; name = MiSnapBarcodeScanner.xcframework; path = SDKs/MiSnapBarcodeScanner.xcframework; sourceTree = "<group>"; };
		EB01A1C5278F6468005397ED /* MiSnapCamera.xcframework */ = {isa = PBXFileReference; lastKnownFileType = wrapper.xcframework; name = MiSnapCamera.xcframework; path = SDKs/MiSnapCamera.xcframework; sourceTree = "<group>"; };
		EB01A1C6278F6468005397ED /* MiSnapBarcodeScannerLight.xcframework */ = {isa = PBXFileReference; lastKnownFileType = wrapper.xcframework; name = MiSnapBarcodeScannerLight.xcframework; path = SDKs/MiSnapBarcodeScannerLight.xcframework; sourceTree = "<group>"; };
		EB01A1C7278F6468005397ED /* MobileFlow.xcframework */ = {isa = PBXFileReference; lastKnownFileType = wrapper.xcframework; name = MobileFlow.xcframework; path = SDKs/MobileFlow.xcframework; sourceTree = "<group>"; };
		EB01A1C8278F6469005397ED /* MiSnapMibiData.xcframework */ = {isa = PBXFileReference; lastKnownFileType = wrapper.xcframework; name = MiSnapMibiData.xcframework; path = SDKs/MiSnapMibiData.xcframework; sourceTree = "<group>"; };
		EB01A1C9278F6469005397ED /* MiSnapScience.xcframework */ = {isa = PBXFileReference; lastKnownFileType = wrapper.xcframework; name = MiSnapScience.xcframework; path = SDKs/MiSnapScience.xcframework; sourceTree = "<group>"; };
		EB01A1CA278F6469005397ED /* MiSnap.xcframework */ = {isa = PBXFileReference; lastKnownFileType = wrapper.xcframework; name = MiSnap.xcframework; path = SDKs/MiSnap.xcframework; sourceTree = "<group>"; };
		EB01A1CB278F6469005397ED /* MiSnapLicenseManager.xcframework */ = {isa = PBXFileReference; lastKnownFileType = wrapper.xcframework; name = MiSnapLicenseManager.xcframework; path = SDKs/MiSnapLicenseManager.xcframework; sourceTree = "<group>"; };
		EBDCF64627906934005B14A3 /* MiSnapTutorialViewController.swift */ = {isa = PBXFileReference; fileEncoding = 4; lastKnownFileType = sourcecode.swift; path = MiSnapTutorialViewController.swift; sourceTree = "<group>"; };
		EBDCF64727906934005B14A3 /* MiSnapGuideView.swift */ = {isa = PBXFileReference; fileEncoding = 4; lastKnownFileType = sourcecode.swift; path = MiSnapGuideView.swift; sourceTree = "<group>"; };
		EBDCF64827906934005B14A3 /* MiSnapLocalizer.swift */ = {isa = PBXFileReference; fileEncoding = 4; lastKnownFileType = sourcecode.swift; path = MiSnapLocalizer.swift; sourceTree = "<group>"; };
		EBDCF64927906934005B14A3 /* MiSnapOverlayView.swift */ = {isa = PBXFileReference; fileEncoding = 4; lastKnownFileType = sourcecode.swift; path = MiSnapOverlayView.swift; sourceTree = "<group>"; };
		EBDCF64C27906934005B14A3 /* en */ = {isa = PBXFileReference; lastKnownFileType = text.plist.strings; name = en; path = en.lproj/MiSnapLocalizable.strings; sourceTree = "<group>"; };
		EBDCF64D27906934005B14A3 /* misnap_cancel_icon.png */ = {isa = PBXFileReference; lastKnownFileType = image.png; path = misnap_cancel_icon.png; sourceTree = "<group>"; };
		EBDCF64E27906934005B14A3 /* misnap_torch_off_icon.png */ = {isa = PBXFileReference; lastKnownFileType = image.png; path = misnap_torch_off_icon.png; sourceTree = "<group>"; };
		EBDCF64F27906934005B14A3 /* es */ = {isa = PBXFileReference; lastKnownFileType = text.plist.strings; name = es; path = es.lproj/MiSnapLocalizable.strings; sourceTree = "<group>"; };
		EBDCF65027906934005B14A3 /* misnap_tutorial_passport_portrait.jpg */ = {isa = PBXFileReference; lastKnownFileType = image.jpeg; path = misnap_tutorial_passport_portrait.jpg; sourceTree = "<group>"; };
		EBDCF65127906934005B14A3 /* misnap_tutorial_id_back_portrait.jpg */ = {isa = PBXFileReference; lastKnownFileType = image.jpeg; path = misnap_tutorial_id_back_portrait.jpg; sourceTree = "<group>"; };
		EBDCF65227906934005B14A3 /* misnap_tutorial_id_portrait.jpg */ = {isa = PBXFileReference; lastKnownFileType = image.jpeg; path = misnap_tutorial_id_portrait.jpg; sourceTree = "<group>"; };
		EBDCF65427906934005B14A3 /* wink_17.png */ = {isa = PBXFileReference; lastKnownFileType = image.png; path = wink_17.png; sourceTree = "<group>"; };
		EBDCF65527906934005B14A3 /* wink_16.png */ = {isa = PBXFileReference; lastKnownFileType = image.png; path = wink_16.png; sourceTree = "<group>"; };
		EBDCF65627906934005B14A3 /* wink_14.png */ = {isa = PBXFileReference; lastKnownFileType = image.png; path = wink_14.png; sourceTree = "<group>"; };
		EBDCF65727906934005B14A3 /* wink_15.png */ = {isa = PBXFileReference; lastKnownFileType = image.png; path = wink_15.png; sourceTree = "<group>"; };
		EBDCF65827906934005B14A3 /* wink_11.png */ = {isa = PBXFileReference; lastKnownFileType = image.png; path = wink_11.png; sourceTree = "<group>"; };
		EBDCF65927906934005B14A3 /* wink_10.png */ = {isa = PBXFileReference; lastKnownFileType = image.png; path = wink_10.png; sourceTree = "<group>"; };
		EBDCF65A27906934005B14A3 /* wink_12.png */ = {isa = PBXFileReference; lastKnownFileType = image.png; path = wink_12.png; sourceTree = "<group>"; };
		EBDCF65B27906934005B14A3 /* wink_13.png */ = {isa = PBXFileReference; lastKnownFileType = image.png; path = wink_13.png; sourceTree = "<group>"; };
		EBDCF65C27906934005B14A3 /* wink_22.png */ = {isa = PBXFileReference; lastKnownFileType = image.png; path = wink_22.png; sourceTree = "<group>"; };
		EBDCF65D27906934005B14A3 /* wink_23.png */ = {isa = PBXFileReference; lastKnownFileType = image.png; path = wink_23.png; sourceTree = "<group>"; };
		EBDCF65E27906934005B14A3 /* wink_21.png */ = {isa = PBXFileReference; lastKnownFileType = image.png; path = wink_21.png; sourceTree = "<group>"; };
		EBDCF65F27906934005B14A3 /* wink_20.png */ = {isa = PBXFileReference; lastKnownFileType = image.png; path = wink_20.png; sourceTree = "<group>"; };
		EBDCF66027906934005B14A3 /* wink_24.png */ = {isa = PBXFileReference; lastKnownFileType = image.png; path = wink_24.png; sourceTree = "<group>"; };
		EBDCF66127906934005B14A3 /* wink_18.png */ = {isa = PBXFileReference; lastKnownFileType = image.png; path = wink_18.png; sourceTree = "<group>"; };
		EBDCF66227906934005B14A3 /* wink_19.png */ = {isa = PBXFileReference; lastKnownFileType = image.png; path = wink_19.png; sourceTree = "<group>"; };
		EBDCF66327906934005B14A3 /* wink_25.png */ = {isa = PBXFileReference; lastKnownFileType = image.png; path = wink_25.png; sourceTree = "<group>"; };
		EBDCF66427906934005B14A3 /* wink_26.png */ = {isa = PBXFileReference; lastKnownFileType = image.png; path = wink_26.png; sourceTree = "<group>"; };
		EBDCF66527906934005B14A3 /* misnap_checkbox_unchecked.png */ = {isa = PBXFileReference; lastKnownFileType = image.png; path = misnap_checkbox_unchecked.png; sourceTree = "<group>"; };
		EBDCF66627906934005B14A3 /* misnap_tutorial_passport.jpg */ = {isa = PBXFileReference; lastKnownFileType = image.jpeg; path = misnap_tutorial_passport.jpg; sourceTree = "<group>"; };
		EBDCF66727906934005B14A3 /* misnap_tutorial_red_arrow.png */ = {isa = PBXFileReference; lastKnownFileType = image.png; path = misnap_tutorial_red_arrow.png; sourceTree = "<group>"; };
		EBDCF66827906934005B14A3 /* misnap_tutorial_id_back_portrait_2.jpg */ = {isa = PBXFileReference; lastKnownFileType = image.jpeg; path = misnap_tutorial_id_back_portrait_2.jpg; sourceTree = "<group>"; };
		EBDCF66927906934005B14A3 /* misnap_help_icon.png */ = {isa = PBXFileReference; lastKnownFileType = image.png; path = misnap_help_icon.png; sourceTree = "<group>"; };
		EBDCF66A27906934005B14A3 /* misnap_torch_on_icon.png */ = {isa = PBXFileReference; lastKnownFileType = image.png; path = misnap_torch_on_icon.png; sourceTree = "<group>"; };
		EBDCF66B27906934005B14A3 /* misnap_tutorial_id_back.jpg */ = {isa = PBXFileReference; lastKnownFileType = image.jpeg; path = misnap_tutorial_id_back.jpg; sourceTree = "<group>"; };
		EBDCF66C27906934005B14A3 /* fr */ = {isa = PBXFileReference; lastKnownFileType = text.plist.strings; name = fr; path = fr.lproj/MiSnapLocalizable.strings; sourceTree = "<group>"; };
		EBDCF66D27906934005B14A3 /* misnap_tutorial_id.jpg */ = {isa = PBXFileReference; lastKnownFileType = image.jpeg; path = misnap_tutorial_id.jpg; sourceTree = "<group>"; };
		EBDCF66E27906934005B14A3 /* misnap_checkbox_checked.png */ = {isa = PBXFileReference; lastKnownFileType = image.png; path = misnap_checkbox_checked.png; sourceTree = "<group>"; };
		EBDCF66F27906934005B14A3 /* misnap_tutorial_passport_portrait_2.jpg */ = {isa = PBXFileReference; lastKnownFileType = image.jpeg; path = misnap_tutorial_passport_portrait_2.jpg; sourceTree = "<group>"; };
		EBDCF67027906934005B14A3 /* misnap_camera_shutter_icon.png */ = {isa = PBXFileReference; lastKnownFileType = image.png; path = misnap_camera_shutter_icon.png; sourceTree = "<group>"; };
		EBDCF67127906934005B14A3 /* misnap_tutorial_id_portrait_2.jpg */ = {isa = PBXFileReference; lastKnownFileType = image.jpeg; path = misnap_tutorial_id_portrait_2.jpg; sourceTree = "<group>"; };
		EBDCF67227906934005B14A3 /* MiSnapViewController.swift */ = {isa = PBXFileReference; fileEncoding = 4; lastKnownFileType = sourcecode.swift; path = MiSnapViewController.swift; sourceTree = "<group>"; };
		EBDCF67327906934005B14A3 /* MiSnapGlareView.swift */ = {isa = PBXFileReference; fileEncoding = 4; lastKnownFileType = sourcecode.swift; path = MiSnapGlareView.swift; sourceTree = "<group>"; };
		EBDCF67427906934005B14A3 /* MiSnapOrientation.swift */ = {isa = PBXFileReference; fileEncoding = 4; lastKnownFileType = sourcecode.swift; path = MiSnapOrientation.swift; sourceTree = "<group>"; };
		EBDCF67527906934005B14A3 /* MiSnapHintView.swift */ = {isa = PBXFileReference; fileEncoding = 4; lastKnownFileType = sourcecode.swift; path = MiSnapHintView.swift; sourceTree = "<group>"; };
		EBDCF67627906934005B14A3 /* MiSnapConfiguration.swift */ = {isa = PBXFileReference; fileEncoding = 4; lastKnownFileType = sourcecode.swift; path = MiSnapConfiguration.swift; sourceTree = "<group>"; };
		EBE27EE6278E1712005D27C2 /* MiSnapSampleApp.app */ = {isa = PBXFileReference; explicitFileType = wrapper.application; includeInIndex = 0; path = MiSnapSampleApp.app; sourceTree = BUILT_PRODUCTS_DIR; };
		EBE27EE9278E1712005D27C2 /* AppDelegate.swift */ = {isa = PBXFileReference; lastKnownFileType = sourcecode.swift; path = AppDelegate.swift; sourceTree = "<group>"; };
		EBE27EEB278E1712005D27C2 /* SceneDelegate.swift */ = {isa = PBXFileReference; lastKnownFileType = sourcecode.swift; path = SceneDelegate.swift; sourceTree = "<group>"; };
		EBE27EED278E1712005D27C2 /* ViewController.swift */ = {isa = PBXFileReference; lastKnownFileType = sourcecode.swift; path = ViewController.swift; sourceTree = "<group>"; };
		EBE27EF0278E1712005D27C2 /* Base */ = {isa = PBXFileReference; lastKnownFileType = file.storyboard; name = Base; path = Base.lproj/Main.storyboard; sourceTree = "<group>"; };
		EBE27EF2278E1714005D27C2 /* Assets.xcassets */ = {isa = PBXFileReference; lastKnownFileType = folder.assetcatalog; path = Assets.xcassets; sourceTree = "<group>"; };
		EBE27EF5278E1714005D27C2 /* Base */ = {isa = PBXFileReference; lastKnownFileType = file.storyboard; name = Base; path = Base.lproj/LaunchScreen.storyboard; sourceTree = "<group>"; };
		EBE27EF7278E1714005D27C2 /* Info.plist */ = {isa = PBXFileReference; lastKnownFileType = text.plist.xml; path = Info.plist; sourceTree = "<group>"; };
/* End PBXFileReference section */

/* Begin PBXFrameworksBuildPhase section */
		EBE27EE3278E1712005D27C2 /* Frameworks */ = {
			isa = PBXFrameworksBuildPhase;
			buildActionMask = 2147483647;
			files = (
				EB01A1D2278F6469005397ED /* MobileFlow.xcframework in Frameworks */,
				EB01A1D6278F6469005397ED /* MiSnapScience.xcframework in Frameworks */,
				EB01A1CC278F6469005397ED /* MiSnapBarcodeScanner.xcframework in Frameworks */,
				EB01A1D0278F6469005397ED /* MiSnapBarcodeScannerLight.xcframework in Frameworks */,
				EB01A1D4278F6469005397ED /* MiSnapMibiData.xcframework in Frameworks */,
				EB01A1DA278F6469005397ED /* MiSnapLicenseManager.xcframework in Frameworks */,
				EB01A1D8278F6469005397ED /* MiSnap.xcframework in Frameworks */,
				EB01A1CE278F6469005397ED /* MiSnapCamera.xcframework in Frameworks */,
			);
			runOnlyForDeploymentPostprocessing = 0;
		};
/* End PBXFrameworksBuildPhase section */

/* Begin PBXGroup section */
		EB01A149278F1EC7005397ED /* Supporting_Files */ = {
			isa = PBXGroup;
			children = (
				EBE27EF7278E1714005D27C2 /* Info.plist */,
			);
			path = Supporting_Files;
			sourceTree = "<group>";
		};
		EB01A14A278F1ED9005397ED /* Resources */ = {
			isa = PBXGroup;
			children = (
				EBE27EEF278E1712005D27C2 /* Main.storyboard */,
				EBE27EF2278E1714005D27C2 /* Assets.xcassets */,
				EBE27EF4278E1714005D27C2 /* LaunchScreen.storyboard */,
			);
			path = Resources;
			sourceTree = "<group>";
		};
		EB01A14B278F1EE7005397ED /* Controller */ = {
			isa = PBXGroup;
			children = (
				EBE27EE9278E1712005D27C2 /* AppDelegate.swift */,
				EBE27EEB278E1712005D27C2 /* SceneDelegate.swift */,
				EBE27EED278E1712005D27C2 /* ViewController.swift */,
			);
			path = Controller;
			sourceTree = "<group>";
		};
		EB01A1AA278F2822005397ED /* Frameworks */ = {
			isa = PBXGroup;
			children = (
				EB01A1CA278F6469005397ED /* MiSnap.xcframework */,
				EB01A1C5278F6468005397ED /* MiSnapCamera.xcframework */,
				EB01A1C9278F6469005397ED /* MiSnapScience.xcframework */,
				EB01A1C7278F6468005397ED /* MobileFlow.xcframework */,
				EB01A1C8278F6469005397ED /* MiSnapMibiData.xcframework */,
				EB01A1C4278F6468005397ED /* MiSnapBarcodeScanner.xcframework */,
				EB01A1C6278F6468005397ED /* MiSnapBarcodeScannerLight.xcframework */,
				EB01A1CB278F6469005397ED /* MiSnapLicenseManager.xcframework */,
			);
			name = Frameworks;
			sourceTree = "<group>";
		};
		EBDCF64527906934005B14A3 /* MiSnapUX */ = {
			isa = PBXGroup;
			children = (
				EBDCF64627906934005B14A3 /* MiSnapTutorialViewController.swift */,
				EBDCF64727906934005B14A3 /* MiSnapGuideView.swift */,
				EBDCF64827906934005B14A3 /* MiSnapLocalizer.swift */,
				EBDCF64927906934005B14A3 /* MiSnapOverlayView.swift */,
				EBDCF64A27906934005B14A3 /* Resources */,
				EBDCF67227906934005B14A3 /* MiSnapViewController.swift */,
				EBDCF67327906934005B14A3 /* MiSnapGlareView.swift */,
				EBDCF67427906934005B14A3 /* MiSnapOrientation.swift */,
				EBDCF67527906934005B14A3 /* MiSnapHintView.swift */,
				EBDCF67627906934005B14A3 /* MiSnapConfiguration.swift */,
			);
			name = MiSnapUX;
			path = Sources/MiSnapUX;
			sourceTree = "<group>";
		};
		EBDCF64A27906934005B14A3 /* Resources */ = {
			isa = PBXGroup;
			children = (
				EBDCF64B27906934005B14A3 /* MiSnapLocalizable.strings */,
				EBDCF64D27906934005B14A3 /* misnap_cancel_icon.png */,
				EBDCF64E27906934005B14A3 /* misnap_torch_off_icon.png */,
				EBDCF65027906934005B14A3 /* misnap_tutorial_passport_portrait.jpg */,
				EBDCF65127906934005B14A3 /* misnap_tutorial_id_back_portrait.jpg */,
				EBDCF65227906934005B14A3 /* misnap_tutorial_id_portrait.jpg */,
				EBDCF65327906934005B14A3 /* wink */,
				EBDCF66527906934005B14A3 /* misnap_checkbox_unchecked.png */,
				EBDCF66627906934005B14A3 /* misnap_tutorial_passport.jpg */,
				EBDCF66727906934005B14A3 /* misnap_tutorial_red_arrow.png */,
				EBDCF66827906934005B14A3 /* misnap_tutorial_id_back_portrait_2.jpg */,
				EBDCF66927906934005B14A3 /* misnap_help_icon.png */,
				EBDCF66A27906934005B14A3 /* misnap_torch_on_icon.png */,
				EBDCF66B27906934005B14A3 /* misnap_tutorial_id_back.jpg */,
				EBDCF66D27906934005B14A3 /* misnap_tutorial_id.jpg */,
				EBDCF66E27906934005B14A3 /* misnap_checkbox_checked.png */,
				EBDCF66F27906934005B14A3 /* misnap_tutorial_passport_portrait_2.jpg */,
				EBDCF67027906934005B14A3 /* misnap_camera_shutter_icon.png */,
				EBDCF67127906934005B14A3 /* misnap_tutorial_id_portrait_2.jpg */,
			);
			path = Resources;
			sourceTree = "<group>";
		};
		EBDCF65327906934005B14A3 /* wink */ = {
			isa = PBXGroup;
			children = (
				EBDCF65427906934005B14A3 /* wink_17.png */,
				EBDCF65527906934005B14A3 /* wink_16.png */,
				EBDCF65627906934005B14A3 /* wink_14.png */,
				EBDCF65727906934005B14A3 /* wink_15.png */,
				EBDCF65827906934005B14A3 /* wink_11.png */,
				EBDCF65927906934005B14A3 /* wink_10.png */,
				EBDCF65A27906934005B14A3 /* wink_12.png */,
				EBDCF65B27906934005B14A3 /* wink_13.png */,
				EBDCF65C27906934005B14A3 /* wink_22.png */,
				EBDCF65D27906934005B14A3 /* wink_23.png */,
				EBDCF65E27906934005B14A3 /* wink_21.png */,
				EBDCF65F27906934005B14A3 /* wink_20.png */,
				EBDCF66027906934005B14A3 /* wink_24.png */,
				EBDCF66127906934005B14A3 /* wink_18.png */,
				EBDCF66227906934005B14A3 /* wink_19.png */,
				EBDCF66327906934005B14A3 /* wink_25.png */,
				EBDCF66427906934005B14A3 /* wink_26.png */,
			);
			path = wink;
			sourceTree = "<group>";
		};
		EBE27EDD278E1712005D27C2 = {
			isa = PBXGroup;
			children = (
				EBDCF64527906934005B14A3 /* MiSnapUX */,
				EBE27EE8278E1712005D27C2 /* MiSnapSampleApp */,
				EBE27EE7278E1712005D27C2 /* Products */,
				EB01A1AA278F2822005397ED /* Frameworks */,
			);
			sourceTree = "<group>";
		};
		EBE27EE7278E1712005D27C2 /* Products */ = {
			isa = PBXGroup;
			children = (
				EBE27EE6278E1712005D27C2 /* MiSnapSampleApp.app */,
			);
			name = Products;
			sourceTree = "<group>";
		};
		EBE27EE8278E1712005D27C2 /* MiSnapSampleApp */ = {
			isa = PBXGroup;
			children = (
				EB01A14B278F1EE7005397ED /* Controller */,
				EB01A14A278F1ED9005397ED /* Resources */,
				EB01A149278F1EC7005397ED /* Supporting_Files */,
			);
			path = MiSnapSampleApp;
			sourceTree = "<group>";
		};
/* End PBXGroup section */

/* Begin PBXNativeTarget section */
		EBE27EE5278E1712005D27C2 /* MiSnapSampleApp */ = {
			isa = PBXNativeTarget;
			buildConfigurationList = EBE27EFA278E1714005D27C2 /* Build configuration list for PBXNativeTarget "MiSnapSampleApp" */;
			buildPhases = (
				EBE27EE2278E1712005D27C2 /* Sources */,
				EBE27EE3278E1712005D27C2 /* Frameworks */,
				EBE27EE4278E1712005D27C2 /* Resources */,
				EB01A1BD278F2823005397ED /* Embed Frameworks */,
			);
			buildRules = (
			);
			dependencies = (
			);
			name = MiSnapSampleApp;
			productName = MiSnapSampleApp;
			productReference = EBE27EE6278E1712005D27C2 /* MiSnapSampleApp.app */;
			productType = "com.apple.product-type.application";
		};
/* End PBXNativeTarget section */

/* Begin PBXProject section */
		EBE27EDE278E1712005D27C2 /* Project object */ = {
			isa = PBXProject;
			attributes = {
				BuildIndependentTargetsInParallel = 1;
				LastSwiftUpdateCheck = 1320;
				LastUpgradeCheck = 1320;
				TargetAttributes = {
					EBE27EE5278E1712005D27C2 = {
						CreatedOnToolsVersion = 13.2.1;
					};
				};
			};
			buildConfigurationList = EBE27EE1278E1712005D27C2 /* Build configuration list for PBXProject "MiSnapSampleApp" */;
			compatibilityVersion = "Xcode 13.0";
			developmentRegion = en;
			hasScannedForEncodings = 0;
			knownRegions = (
				en,
				Base,
				es,
				fr,
			);
			mainGroup = EBE27EDD278E1712005D27C2;
			productRefGroup = EBE27EE7278E1712005D27C2 /* Products */;
			projectDirPath = "";
			projectRoot = "";
			targets = (
				EBE27EE5278E1712005D27C2 /* MiSnapSampleApp */,
			);
		};
/* End PBXProject section */

/* Begin PBXResourcesBuildPhase section */
		EBE27EE4278E1712005D27C2 /* Resources */ = {
			isa = PBXResourcesBuildPhase;
			buildActionMask = 2147483647;
			files = (
				EBDCF69C27906934005B14A3 /* misnap_camera_shutter_icon.png in Resources */,
				EBDCF69827906934005B14A3 /* misnap_tutorial_id_back.jpg in Resources */,
				EBDCF68D27906934005B14A3 /* wink_24.png in Resources */,
				EBDCF68127906934005B14A3 /* wink_17.png in Resources */,
				EBE27EF6278E1714005D27C2 /* LaunchScreen.storyboard in Resources */,
				EBDCF68927906934005B14A3 /* wink_22.png in Resources */,
				EBDCF68627906934005B14A3 /* wink_10.png in Resources */,
				EBDCF69327906934005B14A3 /* misnap_tutorial_passport.jpg in Resources */,
				EBDCF68827906934005B14A3 /* wink_13.png in Resources */,
				EBDCF69A27906934005B14A3 /* misnap_checkbox_checked.png in Resources */,
				EBDCF68027906934005B14A3 /* misnap_tutorial_id_portrait.jpg in Resources */,
				EBDCF67E27906934005B14A3 /* misnap_tutorial_passport_portrait.jpg in Resources */,
				EBDCF68F27906934005B14A3 /* wink_19.png in Resources */,
				EBDCF68227906934005B14A3 /* wink_16.png in Resources */,
				EBDCF69027906934005B14A3 /* wink_25.png in Resources */,
				EBDCF68C27906934005B14A3 /* wink_20.png in Resources */,
				EBDCF67D27906934005B14A3 /* misnap_torch_off_icon.png in Resources */,
				EBDCF68E27906934005B14A3 /* wink_18.png in Resources */,
				EBDCF68B27906934005B14A3 /* wink_21.png in Resources */,
				EBDCF69227906934005B14A3 /* misnap_checkbox_unchecked.png in Resources */,
				EBDCF69427906934005B14A3 /* misnap_tutorial_red_arrow.png in Resources */,
				EBE27EF3278E1714005D27C2 /* Assets.xcassets in Resources */,
				EBDCF69127906934005B14A3 /* wink_26.png in Resources */,
				EBE27EF1278E1712005D27C2 /* Main.storyboard in Resources */,
				EBDCF68727906934005B14A3 /* wink_12.png in Resources */,
				EBDCF69727906934005B14A3 /* misnap_torch_on_icon.png in Resources */,
				EBDCF69927906934005B14A3 /* misnap_tutorial_id.jpg in Resources */,
				EBDCF67B27906934005B14A3 /* MiSnapLocalizable.strings in Resources */,
				EBDCF67F27906934005B14A3 /* misnap_tutorial_id_back_portrait.jpg in Resources */,
				EBDCF68A27906934005B14A3 /* wink_23.png in Resources */,
				EBDCF69B27906934005B14A3 /* misnap_tutorial_passport_portrait_2.jpg in Resources */,
				EBDCF68527906934005B14A3 /* wink_11.png in Resources */,
				EBDCF67C27906934005B14A3 /* misnap_cancel_icon.png in Resources */,
				EBDCF68327906934005B14A3 /* wink_14.png in Resources */,
				EBDCF69627906934005B14A3 /* misnap_help_icon.png in Resources */,
				EBDCF68427906934005B14A3 /* wink_15.png in Resources */,
				EBDCF69D27906934005B14A3 /* misnap_tutorial_id_portrait_2.jpg in Resources */,
				EBDCF69527906934005B14A3 /* misnap_tutorial_id_back_portrait_2.jpg in Resources */,
			);
			runOnlyForDeploymentPostprocessing = 0;
		};
/* End PBXResourcesBuildPhase section */

/* Begin PBXSourcesBuildPhase section */
		EBE27EE2278E1712005D27C2 /* Sources */ = {
			isa = PBXSourcesBuildPhase;
			buildActionMask = 2147483647;
			files = (
				EBDCF6A027906934005B14A3 /* MiSnapOrientation.swift in Sources */,
				EBDCF6A127906934005B14A3 /* MiSnapHintView.swift in Sources */,
				EBDCF67727906934005B14A3 /* MiSnapTutorialViewController.swift in Sources */,
				EBE27EEE278E1712005D27C2 /* ViewController.swift in Sources */,
				EBDCF67A27906934005B14A3 /* MiSnapOverlayView.swift in Sources */,
				EBDCF67827906934005B14A3 /* MiSnapGuideView.swift in Sources */,
				EBDCF69E27906934005B14A3 /* MiSnapViewController.swift in Sources */,
				EBDCF67927906934005B14A3 /* MiSnapLocalizer.swift in Sources */,
				EBDCF6A227906934005B14A3 /* MiSnapConfiguration.swift in Sources */,
				EBE27EEA278E1712005D27C2 /* AppDelegate.swift in Sources */,
				EBDCF69F27906934005B14A3 /* MiSnapGlareView.swift in Sources */,
				EBE27EEC278E1712005D27C2 /* SceneDelegate.swift in Sources */,
			);
			runOnlyForDeploymentPostprocessing = 0;
		};
/* End PBXSourcesBuildPhase section */

/* Begin PBXVariantGroup section */
		EBDCF64B27906934005B14A3 /* MiSnapLocalizable.strings */ = {
			isa = PBXVariantGroup;
			children = (
				EBDCF64C27906934005B14A3 /* en */,
				EBDCF64F27906934005B14A3 /* es */,
				EBDCF66C27906934005B14A3 /* fr */,
			);
			name = MiSnapLocalizable.strings;
			sourceTree = "<group>";
		};
		EBE27EEF278E1712005D27C2 /* Main.storyboard */ = {
			isa = PBXVariantGroup;
			children = (
				EBE27EF0278E1712005D27C2 /* Base */,
			);
			name = Main.storyboard;
			sourceTree = "<group>";
		};
		EBE27EF4278E1714005D27C2 /* LaunchScreen.storyboard */ = {
			isa = PBXVariantGroup;
			children = (
				EBE27EF5278E1714005D27C2 /* Base */,
			);
			name = LaunchScreen.storyboard;
			sourceTree = "<group>";
		};
/* End PBXVariantGroup section */

/* Begin XCBuildConfiguration section */
		EBE27EF8278E1714005D27C2 /* Debug */ = {
			isa = XCBuildConfiguration;
			buildSettings = {
				ALWAYS_SEARCH_USER_PATHS = NO;
				CLANG_ANALYZER_NONNULL = YES;
				CLANG_ANALYZER_NUMBER_OBJECT_CONVERSION = YES_AGGRESSIVE;
				CLANG_CXX_LANGUAGE_STANDARD = "gnu++17";
				CLANG_CXX_LIBRARY = "libc++";
				CLANG_ENABLE_MODULES = YES;
				CLANG_ENABLE_OBJC_ARC = YES;
				CLANG_ENABLE_OBJC_WEAK = YES;
				CLANG_WARN_BLOCK_CAPTURE_AUTORELEASING = YES;
				CLANG_WARN_BOOL_CONVERSION = YES;
				CLANG_WARN_COMMA = YES;
				CLANG_WARN_CONSTANT_CONVERSION = YES;
				CLANG_WARN_DEPRECATED_OBJC_IMPLEMENTATIONS = YES;
				CLANG_WARN_DIRECT_OBJC_ISA_USAGE = YES_ERROR;
				CLANG_WARN_DOCUMENTATION_COMMENTS = YES;
				CLANG_WARN_EMPTY_BODY = YES;
				CLANG_WARN_ENUM_CONVERSION = YES;
				CLANG_WARN_INFINITE_RECURSION = YES;
				CLANG_WARN_INT_CONVERSION = YES;
				CLANG_WARN_NON_LITERAL_NULL_CONVERSION = YES;
				CLANG_WARN_OBJC_IMPLICIT_RETAIN_SELF = YES;
				CLANG_WARN_OBJC_LITERAL_CONVERSION = YES;
				CLANG_WARN_OBJC_ROOT_CLASS = YES_ERROR;
				CLANG_WARN_QUOTED_INCLUDE_IN_FRAMEWORK_HEADER = YES;
				CLANG_WARN_RANGE_LOOP_ANALYSIS = YES;
				CLANG_WARN_STRICT_PROTOTYPES = YES;
				CLANG_WARN_SUSPICIOUS_MOVE = YES;
				CLANG_WARN_UNGUARDED_AVAILABILITY = YES_AGGRESSIVE;
				CLANG_WARN_UNREACHABLE_CODE = YES;
				CLANG_WARN__DUPLICATE_METHOD_MATCH = YES;
				COPY_PHASE_STRIP = NO;
				DEBUG_INFORMATION_FORMAT = dwarf;
				ENABLE_STRICT_OBJC_MSGSEND = YES;
				ENABLE_TESTABILITY = YES;
				GCC_C_LANGUAGE_STANDARD = gnu11;
				GCC_DYNAMIC_NO_PIC = NO;
				GCC_NO_COMMON_BLOCKS = YES;
				GCC_OPTIMIZATION_LEVEL = 0;
				GCC_PREPROCESSOR_DEFINITIONS = (
					"DEBUG=1",
					"$(inherited)",
				);
				GCC_WARN_64_TO_32_BIT_CONVERSION = YES;
				GCC_WARN_ABOUT_RETURN_TYPE = YES_ERROR;
				GCC_WARN_UNDECLARED_SELECTOR = YES;
				GCC_WARN_UNINITIALIZED_AUTOS = YES_AGGRESSIVE;
				GCC_WARN_UNUSED_FUNCTION = YES;
				GCC_WARN_UNUSED_VARIABLE = YES;
				IPHONEOS_DEPLOYMENT_TARGET = 11.0;
				MTL_ENABLE_DEBUG_INFO = INCLUDE_SOURCE;
				MTL_FAST_MATH = YES;
				ONLY_ACTIVE_ARCH = YES;
				SDKROOT = iphoneos;
				SWIFT_ACTIVE_COMPILATION_CONDITIONS = DEBUG;
				SWIFT_OPTIMIZATION_LEVEL = "-Onone";
			};
			name = Debug;
		};
		EBE27EF9278E1714005D27C2 /* Release */ = {
			isa = XCBuildConfiguration;
			buildSettings = {
				ALWAYS_SEARCH_USER_PATHS = NO;
				CLANG_ANALYZER_NONNULL = YES;
				CLANG_ANALYZER_NUMBER_OBJECT_CONVERSION = YES_AGGRESSIVE;
				CLANG_CXX_LANGUAGE_STANDARD = "gnu++17";
				CLANG_CXX_LIBRARY = "libc++";
				CLANG_ENABLE_MODULES = YES;
				CLANG_ENABLE_OBJC_ARC = YES;
				CLANG_ENABLE_OBJC_WEAK = YES;
				CLANG_WARN_BLOCK_CAPTURE_AUTORELEASING = YES;
				CLANG_WARN_BOOL_CONVERSION = YES;
				CLANG_WARN_COMMA = YES;
				CLANG_WARN_CONSTANT_CONVERSION = YES;
				CLANG_WARN_DEPRECATED_OBJC_IMPLEMENTATIONS = YES;
				CLANG_WARN_DIRECT_OBJC_ISA_USAGE = YES_ERROR;
				CLANG_WARN_DOCUMENTATION_COMMENTS = YES;
				CLANG_WARN_EMPTY_BODY = YES;
				CLANG_WARN_ENUM_CONVERSION = YES;
				CLANG_WARN_INFINITE_RECURSION = YES;
				CLANG_WARN_INT_CONVERSION = YES;
				CLANG_WARN_NON_LITERAL_NULL_CONVERSION = YES;
				CLANG_WARN_OBJC_IMPLICIT_RETAIN_SELF = YES;
				CLANG_WARN_OBJC_LITERAL_CONVERSION = YES;
				CLANG_WARN_OBJC_ROOT_CLASS = YES_ERROR;
				CLANG_WARN_QUOTED_INCLUDE_IN_FRAMEWORK_HEADER = YES;
				CLANG_WARN_RANGE_LOOP_ANALYSIS = YES;
				CLANG_WARN_STRICT_PROTOTYPES = YES;
				CLANG_WARN_SUSPICIOUS_MOVE = YES;
				CLANG_WARN_UNGUARDED_AVAILABILITY = YES_AGGRESSIVE;
				CLANG_WARN_UNREACHABLE_CODE = YES;
				CLANG_WARN__DUPLICATE_METHOD_MATCH = YES;
				COPY_PHASE_STRIP = NO;
				DEBUG_INFORMATION_FORMAT = "dwarf-with-dsym";
				ENABLE_NS_ASSERTIONS = NO;
				ENABLE_STRICT_OBJC_MSGSEND = YES;
				GCC_C_LANGUAGE_STANDARD = gnu11;
				GCC_NO_COMMON_BLOCKS = YES;
				GCC_WARN_64_TO_32_BIT_CONVERSION = YES;
				GCC_WARN_ABOUT_RETURN_TYPE = YES_ERROR;
				GCC_WARN_UNDECLARED_SELECTOR = YES;
				GCC_WARN_UNINITIALIZED_AUTOS = YES_AGGRESSIVE;
				GCC_WARN_UNUSED_FUNCTION = YES;
				GCC_WARN_UNUSED_VARIABLE = YES;
				IPHONEOS_DEPLOYMENT_TARGET = 11.0;
				MTL_ENABLE_DEBUG_INFO = NO;
				MTL_FAST_MATH = YES;
				SDKROOT = iphoneos;
				SWIFT_COMPILATION_MODE = wholemodule;
				SWIFT_OPTIMIZATION_LEVEL = "-O";
				VALIDATE_PRODUCT = YES;
			};
			name = Release;
		};
		EBE27EFB278E1714005D27C2 /* Debug */ = {
			isa = XCBuildConfiguration;
			buildSettings = {
				ASSETCATALOG_COMPILER_APPICON_NAME = AppIcon;
				ASSETCATALOG_COMPILER_GLOBAL_ACCENT_COLOR_NAME = AccentColor;
				CODE_SIGN_STYLE = Automatic;
				CURRENT_PROJECT_VERSION = 1;
				DEVELOPMENT_TEAM = 43FZQWCCUM;
				FRAMEWORK_SEARCH_PATHS = (
					"$(inherited)",
					"$(PROJECT_DIR)",
					"$(PROJECT_DIR)/SDKs/MiSnapSDK",
					"$(PROJECT_DIR)/SDKs/MiSnapMibiData",
					"$(PROJECT_DIR)/SDKs/MiSnapCamera",
					"$(PROJECT_DIR)/SDKs/MiSnapLicenseManager",
					"$(PROJECT_DIR)/SDKs/MobileFlow",
					"$(PROJECT_DIR)/SDKs/MiSnapScience",
					"$(PROJECT_DIR)/SDKs/MiSnapBarcodeScannerLight",
					"$(PROJECT_DIR)/SDKs/MiSnapBarcodeScanner",
				);
				GENERATE_INFOPLIST_FILE = YES;
				INFOPLIST_FILE = MiSnapSampleApp/Info.plist;
				INFOPLIST_KEY_NSCameraUsageDescription = "MiSnap needs access to Camera to take pictures of your document";
				INFOPLIST_KEY_NSMicrophoneUsageDescription = "MiSnap needs access to Microphone to record audio";
				INFOPLIST_KEY_NSPhotoLibraryAddUsageDescription = "MiSnap needs access to PhotoLibrary to save recorded videos";
				INFOPLIST_KEY_NSPhotoLibraryUsageDescription = "MiSnap needs access to PhotoLibrary to save images and videos";
				INFOPLIST_KEY_UIApplicationSupportsIndirectInputEvents = YES;
				INFOPLIST_KEY_UILaunchStoryboardName = LaunchScreen;
				INFOPLIST_KEY_UIMainStoryboardFile = Main;
				INFOPLIST_KEY_UISupportedInterfaceOrientations_iPad = "UIInterfaceOrientationPortrait UIInterfaceOrientationPortraitUpsideDown UIInterfaceOrientationLandscapeLeft UIInterfaceOrientationLandscapeRight";
				INFOPLIST_KEY_UISupportedInterfaceOrientations_iPhone = "UIInterfaceOrientationPortrait UIInterfaceOrientationLandscapeLeft UIInterfaceOrientationLandscapeRight";
				IPHONEOS_DEPLOYMENT_TARGET = 11.0;
				LD_RUNPATH_SEARCH_PATHS = (
					"$(inherited)",
					"@executable_path/Frameworks",
				);
				MARKETING_VERSION = 1.0;
				PRODUCT_BUNDLE_IDENTIFIER = com.miteksystems.MiSnapSampleApp;
				PRODUCT_NAME = "$(TARGET_NAME)";
				SWIFT_EMIT_LOC_STRINGS = YES;
				SWIFT_VERSION = 5.0;
				TARGETED_DEVICE_FAMILY = "1,2";
			};
			name = Debug;
		};
		EBE27EFC278E1714005D27C2 /* Release */ = {
			isa = XCBuildConfiguration;
			buildSettings = {
				ASSETCATALOG_COMPILER_APPICON_NAME = AppIcon;
				ASSETCATALOG_COMPILER_GLOBAL_ACCENT_COLOR_NAME = AccentColor;
				CODE_SIGN_STYLE = Automatic;
				CURRENT_PROJECT_VERSION = 1;
				DEVELOPMENT_TEAM = 43FZQWCCUM;
				FRAMEWORK_SEARCH_PATHS = (
					"$(inherited)",
					"$(PROJECT_DIR)",
					"$(PROJECT_DIR)/SDKs/MiSnapSDK",
					"$(PROJECT_DIR)/SDKs/MiSnapMibiData",
					"$(PROJECT_DIR)/SDKs/MiSnapCamera",
					"$(PROJECT_DIR)/SDKs/MiSnapLicenseManager",
					"$(PROJECT_DIR)/SDKs/MobileFlow",
					"$(PROJECT_DIR)/SDKs/MiSnapScience",
					"$(PROJECT_DIR)/SDKs/MiSnapBarcodeScannerLight",
					"$(PROJECT_DIR)/SDKs/MiSnapBarcodeScanner",
				);
				GENERATE_INFOPLIST_FILE = YES;
				INFOPLIST_FILE = MiSnapSampleApp/Info.plist;
				INFOPLIST_KEY_NSCameraUsageDescription = "MiSnap needs access to Camera to take pictures of your document";
				INFOPLIST_KEY_NSMicrophoneUsageDescription = "MiSnap needs access to Microphone to record audio";
				INFOPLIST_KEY_NSPhotoLibraryAddUsageDescription = "MiSnap needs access to PhotoLibrary to save recorded videos";
				INFOPLIST_KEY_NSPhotoLibraryUsageDescription = "MiSnap needs access to PhotoLibrary to save images and videos";
				INFOPLIST_KEY_UIApplicationSupportsIndirectInputEvents = YES;
				INFOPLIST_KEY_UILaunchStoryboardName = LaunchScreen;
				INFOPLIST_KEY_UIMainStoryboardFile = Main;
				INFOPLIST_KEY_UISupportedInterfaceOrientations_iPad = "UIInterfaceOrientationPortrait UIInterfaceOrientationPortraitUpsideDown UIInterfaceOrientationLandscapeLeft UIInterfaceOrientationLandscapeRight";
				INFOPLIST_KEY_UISupportedInterfaceOrientations_iPhone = "UIInterfaceOrientationPortrait UIInterfaceOrientationLandscapeLeft UIInterfaceOrientationLandscapeRight";
				IPHONEOS_DEPLOYMENT_TARGET = 11.0;
				LD_RUNPATH_SEARCH_PATHS = (
					"$(inherited)",
					"@executable_path/Frameworks",
				);
				MARKETING_VERSION = 1.0;
				PRODUCT_BUNDLE_IDENTIFIER = com.miteksystems.MiSnapSampleApp;
				PRODUCT_NAME = "$(TARGET_NAME)";
				SWIFT_EMIT_LOC_STRINGS = YES;
				SWIFT_VERSION = 5.0;
				TARGETED_DEVICE_FAMILY = "1,2";
			};
			name = Release;
		};
/* End XCBuildConfiguration section */

/* Begin XCConfigurationList section */
		EBE27EE1278E1712005D27C2 /* Build configuration list for PBXProject "MiSnapSampleApp" */ = {
			isa = XCConfigurationList;
			buildConfigurations = (
				EBE27EF8278E1714005D27C2 /* Debug */,
				EBE27EF9278E1714005D27C2 /* Release */,
			);
			defaultConfigurationIsVisible = 0;
			defaultConfigurationName = Release;
		};
		EBE27EFA278E1714005D27C2 /* Build configuration list for PBXNativeTarget "MiSnapSampleApp" */ = {
			isa = XCConfigurationList;
			buildConfigurations = (
				EBE27EFB278E1714005D27C2 /* Debug */,
				EBE27EFC278E1714005D27C2 /* Release */,
			);
			defaultConfigurationIsVisible = 0;
			defaultConfigurationName = Release;
		};
/* End XCConfigurationList section */
	};
	rootObject = EBE27EDE278E1712005D27C2 /* Project object */;
}
