{
  "pins" : [
    {
      "identity" : "misnap-ios",
      "kind" : "remoteSourceControl",
      "location" : "https://github.com/Mitek-Systems/MiSnap-iOS.git",
      "state" : {
        "branch" : "feature/5.4.2",
        "revision" : "bf95170b1b03aee5ebec262c3fadccd41c281410"
      }
    }
  ],
  "version" : 2
}
