{
  "object": {
    "pins": [
      {
        "package": "MiSnap",
        "repositoryURL": "https://github.com/Mitek-Systems/MiSnap-iOS.git",
        "state": {
          "branch": "feature/5.1.0.a1",
          "revision": "ca6a099ac8975f61c711487147789d845a845134",
          "version": null
        }
      }
    ]
  },
  "version": 1
}
