{
  "pins" : [
    {
      "identity" : "misnap-ios",
      "kind" : "remoteSourceControl",
      "location" : "https://github.com/Mitek-Systems/MiSnap-iOS.git",
      "state" : {
        "branch" : "feature/5.4.0",
        "revision" : "f03a36a49c09ab969f7cdc42186c0ef7fd580110"
      }
    }
  ],
  "version" : 2
}
