// !$*UTF8*$!
{
	archiveVersion = 1;
	classes = {
	};
	objectVersion = 55;
	objects = {

/* Begin PBXBuildFile section */
		423A92AC27EC9CA000D3F481 /* AppDelegate.swift in Sources */ = {isa = PBXBuildFile; fileRef = 423A92AB27EC9CA000D3F481 /* AppDelegate.swift */; };
		423A92AE27EC9CA000D3F481 /* SceneDelegate.swift in Sources */ = {isa = PBXBuildFile; fileRef = 423A92AD27EC9CA000D3F481 /* SceneDelegate.swift */; };
		423A92B027EC9CA000D3F481 /* ViewController.swift in Sources */ = {isa = PBXBuildFile; fileRef = 423A92AF27EC9CA000D3F481 /* ViewController.swift */; };
		423A92B327EC9CA000D3F481 /* Main.storyboard in Resources */ = {isa = PBXBuildFile; fileRef = 423A92B127EC9CA000D3F481 /* Main.storyboard */; };
		423A92B527EC9CA200D3F481 /* Assets.xcassets in Resources */ = {isa = PBXBuildFile; fileRef = 423A92B427EC9CA200D3F481 /* Assets.xcassets */; };
		423A92B827EC9CA200D3F481 /* LaunchScreen.storyboard in Resources */ = {isa = PBXBuildFile; fileRef = 423A92B627EC9CA200D3F481 /* LaunchScreen.storyboard */; };
		423A92C927EC9D7C00D3F481 /* MiSnapFacialCapture in Frameworks */ = {isa = PBXBuildFile; productRef = 423A92C827EC9D7C00D3F481 /* MiSnapFacialCapture */; };
		423A92CB27EC9D7C00D3F481 /* MiSnapFacialCaptureUX in Frameworks */ = {isa = PBXBuildFile; productRef = 423A92CA27EC9D7C00D3F481 /* MiSnapFacialCaptureUX */; };
		423A92CD27EC9DE900D3F481 /* ResultViewController.swift in Sources */ = {isa = PBXBuildFile; fileRef = 423A92CC27EC9DE900D3F481 /* ResultViewController.swift */; };
		423A92D527ECB28C00D3F481 /* CustomFacialCaptureTutorialViewController.swift in Sources */ = {isa = PBXBuildFile; fileRef = 423A92D427ECB28C00D3F481 /* CustomFacialCaptureTutorialViewController.swift */; };
		42A14129296E265E007E7252 /* MiSnapFacialCaptureLocalizable.strings in Resources */ = {isa = PBXBuildFile; fileRef = 42A14106296E265E007E7252 /* MiSnapFacialCaptureLocalizable.strings */; };
/* End PBXBuildFile section */

/* Begin PBXFileReference section */
		423A92A827EC9CA000D3F481 /* MiSnapFacialCaptureCustomizationSampleApp.app */ = {isa = PBXFileReference; explicitFileType = wrapper.application; includeInIndex = 0; path = MiSnapFacialCaptureCustomizationSampleApp.app; sourceTree = BUILT_PRODUCTS_DIR; };
		423A92AB27EC9CA000D3F481 /* AppDelegate.swift */ = {isa = PBXFileReference; lastKnownFileType = sourcecode.swift; path = AppDelegate.swift; sourceTree = "<group>"; };
		423A92AD27EC9CA000D3F481 /* SceneDelegate.swift */ = {isa = PBXFileReference; lastKnownFileType = sourcecode.swift; path = SceneDelegate.swift; sourceTree = "<group>"; };
		423A92AF27EC9CA000D3F481 /* ViewController.swift */ = {isa = PBXFileReference; lastKnownFileType = sourcecode.swift; path = ViewController.swift; sourceTree = "<group>"; };
		423A92B227EC9CA000D3F481 /* Base */ = {isa = PBXFileReference; lastKnownFileType = file.storyboard; name = Base; path = Base.lproj/Main.storyboard; sourceTree = "<group>"; };
		423A92B427EC9CA200D3F481 /* Assets.xcassets */ = {isa = PBXFileReference; lastKnownFileType = folder.assetcatalog; path = Assets.xcassets; sourceTree = "<group>"; };
		423A92B727EC9CA200D3F481 /* Base */ = {isa = PBXFileReference; lastKnownFileType = file.storyboard; name = Base; path = Base.lproj/LaunchScreen.storyboard; sourceTree = "<group>"; };
		423A92B927EC9CA200D3F481 /* Info.plist */ = {isa = PBXFileReference; lastKnownFileType = text.plist.xml; path = Info.plist; sourceTree = "<group>"; };
		423A92CC27EC9DE900D3F481 /* ResultViewController.swift */ = {isa = PBXFileReference; fileEncoding = 4; lastKnownFileType = sourcecode.swift; path = ResultViewController.swift; sourceTree = "<group>"; };
		423A92D427ECB28C00D3F481 /* CustomFacialCaptureTutorialViewController.swift */ = {isa = PBXFileReference; fileEncoding = 4; lastKnownFileType = sourcecode.swift; path = CustomFacialCaptureTutorialViewController.swift; sourceTree = "<group>"; };
		42A14107296E265E007E7252 /* en */ = {isa = PBXFileReference; lastKnownFileType = text.plist.strings; name = en; path = en.lproj/MiSnapFacialCaptureLocalizable.strings; sourceTree = "<group>"; };
		42A14108296E265E007E7252 /* es */ = {isa = PBXFileReference; lastKnownFileType = text.plist.strings; name = es; path = es.lproj/MiSnapFacialCaptureLocalizable.strings; sourceTree = "<group>"; };
/* End PBXFileReference section */

/* Begin PBXFrameworksBuildPhase section */
		423A92A527EC9C9F00D3F481 /* Frameworks */ = {
			isa = PBXFrameworksBuildPhase;
			buildActionMask = 2147483647;
			files = (
				423A92CB27EC9D7C00D3F481 /* MiSnapFacialCaptureUX in Frameworks */,
				423A92C927EC9D7C00D3F481 /* MiSnapFacialCapture in Frameworks */,
			);
			runOnlyForDeploymentPostprocessing = 0;
		};
/* End PBXFrameworksBuildPhase section */

/* Begin PBXGroup section */
		423A929F27EC9C9F00D3F481 = {
			isa = PBXGroup;
			children = (
				423A92AA27EC9CA000D3F481 /* MiSnapFacialCaptureCustomizationSampleApp */,
				423A92A927EC9CA000D3F481 /* Products */,
			);
			sourceTree = "<group>";
		};
		423A92A927EC9CA000D3F481 /* Products */ = {
			isa = PBXGroup;
			children = (
				423A92A827EC9CA000D3F481 /* MiSnapFacialCaptureCustomizationSampleApp.app */,
			);
			name = Products;
			sourceTree = "<group>";
		};
		423A92AA27EC9CA000D3F481 /* MiSnapFacialCaptureCustomizationSampleApp */ = {
			isa = PBXGroup;
			children = (
				42A140F3296E265D007E7252 /* Assets */,
				423A92C627EC9D1100D3F481 /* Models */,
				423A92C527EC9D0D00D3F481 /* Views */,
				423A92C427EC9D0600D3F481 /* Controllers */,
				423A92C327EC9CFE00D3F481 /* Resources */,
				423A92C227EC9CF500D3F481 /* Supporting_Files */,
			);
			path = MiSnapFacialCaptureCustomizationSampleApp;
			sourceTree = "<group>";
		};
		423A92C227EC9CF500D3F481 /* Supporting_Files */ = {
			isa = PBXGroup;
			children = (
				423A92B927EC9CA200D3F481 /* Info.plist */,
			);
			name = Supporting_Files;
			sourceTree = "<group>";
		};
		423A92C327EC9CFE00D3F481 /* Resources */ = {
			isa = PBXGroup;
			children = (
				423A92B427EC9CA200D3F481 /* Assets.xcassets */,
				423A92B127EC9CA000D3F481 /* Main.storyboard */,
				423A92B627EC9CA200D3F481 /* LaunchScreen.storyboard */,
			);
			name = Resources;
			sourceTree = "<group>";
		};
		423A92C427EC9D0600D3F481 /* Controllers */ = {
			isa = PBXGroup;
			children = (
				423A92AB27EC9CA000D3F481 /* AppDelegate.swift */,
				423A92AD27EC9CA000D3F481 /* SceneDelegate.swift */,
				423A92AF27EC9CA000D3F481 /* ViewController.swift */,
				423A92CC27EC9DE900D3F481 /* ResultViewController.swift */,
				423A92D427ECB28C00D3F481 /* CustomFacialCaptureTutorialViewController.swift */,
			);
			name = Controllers;
			sourceTree = "<group>";
		};
		423A92C527EC9D0D00D3F481 /* Views */ = {
			isa = PBXGroup;
			children = (
			);
			name = Views;
			sourceTree = "<group>";
		};
		423A92C627EC9D1100D3F481 /* Models */ = {
			isa = PBXGroup;
			children = (
			);
			name = Models;
			sourceTree = "<group>";
		};
		42A140F3296E265D007E7252 /* Assets */ = {
			isa = PBXGroup;
			children = (
				42A14105296E265E007E7252 /* MiSnapFacialCapture */,
			);
			name = Assets;
			path = ../../../../../Assets;
			sourceTree = "<group>";
		};
		42A14105296E265E007E7252 /* MiSnapFacialCapture */ = {
			isa = PBXGroup;
			children = (
				42A14106296E265E007E7252 /* MiSnapFacialCaptureLocalizable.strings */,
			);
			path = MiSnapFacialCapture;
			sourceTree = "<group>";
		};
/* End PBXGroup section */

/* Begin PBXNativeTarget section */
		423A92A727EC9C9F00D3F481 /* MiSnapFacialCaptureCustomizationSampleApp */ = {
			isa = PBXNativeTarget;
			buildConfigurationList = 423A92BC27EC9CA200D3F481 /* Build configuration list for PBXNativeTarget "MiSnapFacialCaptureCustomizationSampleApp" */;
			buildPhases = (
				423A92A427EC9C9F00D3F481 /* Sources */,
				423A92A527EC9C9F00D3F481 /* Frameworks */,
				423A92A627EC9C9F00D3F481 /* Resources */,
			);
			buildRules = (
			);
			dependencies = (
			);
			name = MiSnapFacialCaptureCustomizationSampleApp;
			packageProductDependencies = (
				423A92C827EC9D7C00D3F481 /* MiSnapFacialCapture */,
				423A92CA27EC9D7C00D3F481 /* MiSnapFacialCaptureUX */,
			);
			productName = MiSnapFacialCaptureCustomizationSampleApp;
			productReference = 423A92A827EC9CA000D3F481 /* MiSnapFacialCaptureCustomizationSampleApp.app */;
			productType = "com.apple.product-type.application";
		};
/* End PBXNativeTarget section */

/* Begin PBXProject section */
		423A92A027EC9C9F00D3F481 /* Project object */ = {
			isa = PBXProject;
			attributes = {
				BuildIndependentTargetsInParallel = 1;
				LastSwiftUpdateCheck = 1300;
				LastUpgradeCheck = 1300;
				TargetAttributes = {
					423A92A727EC9C9F00D3F481 = {
						CreatedOnToolsVersion = 13.0;
					};
				};
			};
			buildConfigurationList = 423A92A327EC9C9F00D3F481 /* Build configuration list for PBXProject "MiSnapFacialCaptureCustomizationSampleApp" */;
			compatibilityVersion = "Xcode 13.0";
			developmentRegion = en;
			hasScannedForEncodings = 0;
			knownRegions = (
				en,
				Base,
				es,
				fr,
			);
			mainGroup = 423A929F27EC9C9F00D3F481;
			packageReferences = (
				423A92C727EC9D7C00D3F481 /* XCRemoteSwiftPackageReference "MiSnap-iOS" */,
			);
			productRefGroup = 423A92A927EC9CA000D3F481 /* Products */;
			projectDirPath = "";
			projectRoot = "";
			targets = (
				423A92A727EC9C9F00D3F481 /* MiSnapFacialCaptureCustomizationSampleApp */,
			);
		};
/* End PBXProject section */

/* Begin PBXResourcesBuildPhase section */
		423A92A627EC9C9F00D3F481 /* Resources */ = {
			isa = PBXResourcesBuildPhase;
			buildActionMask = 2147483647;
			files = (
				423A92B827EC9CA200D3F481 /* LaunchScreen.storyboard in Resources */,
				423A92B527EC9CA200D3F481 /* Assets.xcassets in Resources */,
				423A92B327EC9CA000D3F481 /* Main.storyboard in Resources */,
				42A14129296E265E007E7252 /* MiSnapFacialCaptureLocalizable.strings in Resources */,
			);
			runOnlyForDeploymentPostprocessing = 0;
		};
/* End PBXResourcesBuildPhase section */

/* Begin PBXSourcesBuildPhase section */
		423A92A427EC9C9F00D3F481 /* Sources */ = {
			isa = PBXSourcesBuildPhase;
			buildActionMask = 2147483647;
			files = (
				423A92B027EC9CA000D3F481 /* ViewController.swift in Sources */,
				423A92D527ECB28C00D3F481 /* CustomFacialCaptureTutorialViewController.swift in Sources */,
				423A92AC27EC9CA000D3F481 /* AppDelegate.swift in Sources */,
				423A92AE27EC9CA000D3F481 /* SceneDelegate.swift in Sources */,
				423A92CD27EC9DE900D3F481 /* ResultViewController.swift in Sources */,
			);
			runOnlyForDeploymentPostprocessing = 0;
		};
/* End PBXSourcesBuildPhase section */

/* Begin PBXVariantGroup section */
		423A92B127EC9CA000D3F481 /* Main.storyboard */ = {
			isa = PBXVariantGroup;
			children = (
				423A92B227EC9CA000D3F481 /* Base */,
			);
			name = Main.storyboard;
			sourceTree = "<group>";
		};
		423A92B627EC9CA200D3F481 /* LaunchScreen.storyboard */ = {
			isa = PBXVariantGroup;
			children = (
				423A92B727EC9CA200D3F481 /* Base */,
			);
			name = LaunchScreen.storyboard;
			sourceTree = "<group>";
		};
		42A14106296E265E007E7252 /* MiSnapFacialCaptureLocalizable.strings */ = {
			isa = PBXVariantGroup;
			children = (
				42A14107296E265E007E7252 /* en */,
				42A14108296E265E007E7252 /* es */,
			);
			name = MiSnapFacialCaptureLocalizable.strings;
			sourceTree = "<group>";
		};
/* End PBXVariantGroup section */

/* Begin XCBuildConfiguration section */
		423A92BA27EC9CA200D3F481 /* Debug */ = {
			isa = XCBuildConfiguration;
			buildSettings = {
				ALWAYS_SEARCH_USER_PATHS = NO;
				CLANG_ANALYZER_LOCALIZABILITY_NONLOCALIZED = YES;
				CLANG_ANALYZER_NONNULL = YES;
				CLANG_ANALYZER_NUMBER_OBJECT_CONVERSION = YES_AGGRESSIVE;
				CLANG_CXX_LANGUAGE_STANDARD = "gnu++17";
				CLANG_CXX_LIBRARY = "libc++";
				CLANG_ENABLE_MODULES = YES;
				CLANG_ENABLE_OBJC_ARC = YES;
				CLANG_ENABLE_OBJC_WEAK = YES;
				CLANG_WARN_BLOCK_CAPTURE_AUTORELEASING = YES;
				CLANG_WARN_BOOL_CONVERSION = YES;
				CLANG_WARN_COMMA = YES;
				CLANG_WARN_CONSTANT_CONVERSION = YES;
				CLANG_WARN_DEPRECATED_OBJC_IMPLEMENTATIONS = YES;
				CLANG_WARN_DIRECT_OBJC_ISA_USAGE = YES_ERROR;
				CLANG_WARN_DOCUMENTATION_COMMENTS = YES;
				CLANG_WARN_EMPTY_BODY = YES;
				CLANG_WARN_ENUM_CONVERSION = YES;
				CLANG_WARN_INFINITE_RECURSION = YES;
				CLANG_WARN_INT_CONVERSION = YES;
				CLANG_WARN_NON_LITERAL_NULL_CONVERSION = YES;
				CLANG_WARN_OBJC_IMPLICIT_RETAIN_SELF = YES;
				CLANG_WARN_OBJC_LITERAL_CONVERSION = YES;
				CLANG_WARN_OBJC_ROOT_CLASS = YES_ERROR;
				CLANG_WARN_QUOTED_INCLUDE_IN_FRAMEWORK_HEADER = YES;
				CLANG_WARN_RANGE_LOOP_ANALYSIS = YES;
				CLANG_WARN_STRICT_PROTOTYPES = YES;
				CLANG_WARN_SUSPICIOUS_MOVE = YES;
				CLANG_WARN_UNGUARDED_AVAILABILITY = YES_AGGRESSIVE;
				CLANG_WARN_UNREACHABLE_CODE = YES;
				CLANG_WARN__DUPLICATE_METHOD_MATCH = YES;
				COPY_PHASE_STRIP = NO;
				DEBUG_INFORMATION_FORMAT = dwarf;
				ENABLE_STRICT_OBJC_MSGSEND = YES;
				ENABLE_TESTABILITY = YES;
				GCC_C_LANGUAGE_STANDARD = gnu11;
				GCC_DYNAMIC_NO_PIC = NO;
				GCC_NO_COMMON_BLOCKS = YES;
				GCC_OPTIMIZATION_LEVEL = 0;
				GCC_PREPROCESSOR_DEFINITIONS = (
					"DEBUG=1",
					"$(inherited)",
				);
				GCC_WARN_64_TO_32_BIT_CONVERSION = YES;
				GCC_WARN_ABOUT_RETURN_TYPE = YES_ERROR;
				GCC_WARN_UNDECLARED_SELECTOR = YES;
				GCC_WARN_UNINITIALIZED_AUTOS = YES_AGGRESSIVE;
				GCC_WARN_UNUSED_FUNCTION = YES;
				GCC_WARN_UNUSED_VARIABLE = YES;
				IPHONEOS_DEPLOYMENT_TARGET = 12.0;
				MTL_ENABLE_DEBUG_INFO = INCLUDE_SOURCE;
				MTL_FAST_MATH = YES;
				ONLY_ACTIVE_ARCH = YES;
				SDKROOT = iphoneos;
				SWIFT_ACTIVE_COMPILATION_CONDITIONS = DEBUG;
				SWIFT_OPTIMIZATION_LEVEL = "-Onone";
			};
			name = Debug;
		};
		423A92BB27EC9CA200D3F481 /* Release */ = {
			isa = XCBuildConfiguration;
			buildSettings = {
				ALWAYS_SEARCH_USER_PATHS = NO;
				CLANG_ANALYZER_LOCALIZABILITY_NONLOCALIZED = YES;
				CLANG_ANALYZER_NONNULL = YES;
				CLANG_ANALYZER_NUMBER_OBJECT_CONVERSION = YES_AGGRESSIVE;
				CLANG_CXX_LANGUAGE_STANDARD = "gnu++17";
				CLANG_CXX_LIBRARY = "libc++";
				CLANG_ENABLE_MODULES = YES;
				CLANG_ENABLE_OBJC_ARC = YES;
				CLANG_ENABLE_OBJC_WEAK = YES;
				CLANG_WARN_BLOCK_CAPTURE_AUTORELEASING = YES;
				CLANG_WARN_BOOL_CONVERSION = YES;
				CLANG_WARN_COMMA = YES;
				CLANG_WARN_CONSTANT_CONVERSION = YES;
				CLANG_WARN_DEPRECATED_OBJC_IMPLEMENTATIONS = YES;
				CLANG_WARN_DIRECT_OBJC_ISA_USAGE = YES_ERROR;
				CLANG_WARN_DOCUMENTATION_COMMENTS = YES;
				CLANG_WARN_EMPTY_BODY = YES;
				CLANG_WARN_ENUM_CONVERSION = YES;
				CLANG_WARN_INFINITE_RECURSION = YES;
				CLANG_WARN_INT_CONVERSION = YES;
				CLANG_WARN_NON_LITERAL_NULL_CONVERSION = YES;
				CLANG_WARN_OBJC_IMPLICIT_RETAIN_SELF = YES;
				CLANG_WARN_OBJC_LITERAL_CONVERSION = YES;
				CLANG_WARN_OBJC_ROOT_CLASS = YES_ERROR;
				CLANG_WARN_QUOTED_INCLUDE_IN_FRAMEWORK_HEADER = YES;
				CLANG_WARN_RANGE_LOOP_ANALYSIS = YES;
				CLANG_WARN_STRICT_PROTOTYPES = YES;
				CLANG_WARN_SUSPICIOUS_MOVE = YES;
				CLANG_WARN_UNGUARDED_AVAILABILITY = YES_AGGRESSIVE;
				CLANG_WARN_UNREACHABLE_CODE = YES;
				CLANG_WARN__DUPLICATE_METHOD_MATCH = YES;
				COPY_PHASE_STRIP = NO;
				DEBUG_INFORMATION_FORMAT = "dwarf-with-dsym";
				ENABLE_NS_ASSERTIONS = NO;
				ENABLE_STRICT_OBJC_MSGSEND = YES;
				GCC_C_LANGUAGE_STANDARD = gnu11;
				GCC_NO_COMMON_BLOCKS = YES;
				GCC_WARN_64_TO_32_BIT_CONVERSION = YES;
				GCC_WARN_ABOUT_RETURN_TYPE = YES_ERROR;
				GCC_WARN_UNDECLARED_SELECTOR = YES;
				GCC_WARN_UNINITIALIZED_AUTOS = YES_AGGRESSIVE;
				GCC_WARN_UNUSED_FUNCTION = YES;
				GCC_WARN_UNUSED_VARIABLE = YES;
				IPHONEOS_DEPLOYMENT_TARGET = 12.0;
				MTL_ENABLE_DEBUG_INFO = NO;
				MTL_FAST_MATH = YES;
				SDKROOT = iphoneos;
				SWIFT_COMPILATION_MODE = wholemodule;
				SWIFT_OPTIMIZATION_LEVEL = "-O";
				VALIDATE_PRODUCT = YES;
			};
			name = Release;
		};
		423A92BD27EC9CA200D3F481 /* Debug */ = {
			isa = XCBuildConfiguration;
			buildSettings = {
				ASSETCATALOG_COMPILER_APPICON_NAME = AppIcon;
				ASSETCATALOG_COMPILER_GLOBAL_ACCENT_COLOR_NAME = AccentColor;
				CODE_SIGN_STYLE = Automatic;
				CURRENT_PROJECT_VERSION = 1;
				DEVELOPMENT_TEAM = "";
				GENERATE_INFOPLIST_FILE = YES;
				INFOPLIST_FILE = MiSnapFacialCaptureCustomizationSampleApp/Info.plist;
				INFOPLIST_KEY_NSCameraUsageDescription = "This app needs access to Camera to take pictures of your document";
				INFOPLIST_KEY_NSMicrophoneUsageDescription = "This app needs access to Microphone to record audio during document capture session per regulation";
				INFOPLIST_KEY_UIApplicationSupportsIndirectInputEvents = YES;
				INFOPLIST_KEY_UILaunchStoryboardName = LaunchScreen;
				INFOPLIST_KEY_UIMainStoryboardFile = Main;
				INFOPLIST_KEY_UISupportedInterfaceOrientations_iPad = "UIInterfaceOrientationPortrait UIInterfaceOrientationPortraitUpsideDown UIInterfaceOrientationLandscapeLeft UIInterfaceOrientationLandscapeRight";
				INFOPLIST_KEY_UISupportedInterfaceOrientations_iPhone = "UIInterfaceOrientationPortrait UIInterfaceOrientationLandscapeLeft UIInterfaceOrientationLandscapeRight";
				IPHONEOS_DEPLOYMENT_TARGET = 12.0;
				LD_RUNPATH_SEARCH_PATHS = (
					"$(inherited)",
					"@executable_path/Frameworks",
				);
				MARKETING_VERSION = 5.4.1;
				PRODUCT_BUNDLE_IDENTIFIER = com.miteksystems.MiSnapFacialCaptureCustomizationSampleApp;
				PRODUCT_NAME = "$(TARGET_NAME)";
				SWIFT_EMIT_LOC_STRINGS = YES;
				SWIFT_VERSION = 5.0;
				TARGETED_DEVICE_FAMILY = "1,2";
			};
			name = Debug;
		};
		423A92BE27EC9CA200D3F481 /* Release */ = {
			isa = XCBuildConfiguration;
			buildSettings = {
				ASSETCATALOG_COMPILER_APPICON_NAME = AppIcon;
				ASSETCATALOG_COMPILER_GLOBAL_ACCENT_COLOR_NAME = AccentColor;
				CODE_SIGN_STYLE = Automatic;
				CURRENT_PROJECT_VERSION = 1;
				DEVELOPMENT_TEAM = "";
				GENERATE_INFOPLIST_FILE = YES;
				INFOPLIST_FILE = MiSnapFacialCaptureCustomizationSampleApp/Info.plist;
				INFOPLIST_KEY_NSCameraUsageDescription = "This app needs access to Camera to take pictures of your document";
				INFOPLIST_KEY_NSMicrophoneUsageDescription = "This app needs access to Microphone to record audio during document capture session per regulation";
				INFOPLIST_KEY_UIApplicationSupportsIndirectInputEvents = YES;
				INFOPLIST_KEY_UILaunchStoryboardName = LaunchScreen;
				INFOPLIST_KEY_UIMainStoryboardFile = Main;
				INFOPLIST_KEY_UISupportedInterfaceOrientations_iPad = "UIInterfaceOrientationPortrait UIInterfaceOrientationPortraitUpsideDown UIInterfaceOrientationLandscapeLeft UIInterfaceOrientationLandscapeRight";
				INFOPLIST_KEY_UISupportedInterfaceOrientations_iPhone = "UIInterfaceOrientationPortrait UIInterfaceOrientationLandscapeLeft UIInterfaceOrientationLandscapeRight";
				IPHONEOS_DEPLOYMENT_TARGET = 12.0;
				LD_RUNPATH_SEARCH_PATHS = (
					"$(inherited)",
					"@executable_path/Frameworks",
				);
				MARKETING_VERSION = 5.4.1;
				PRODUCT_BUNDLE_IDENTIFIER = com.miteksystems.MiSnapFacialCaptureCustomizationSampleApp;
				PRODUCT_NAME = "$(TARGET_NAME)";
				SWIFT_EMIT_LOC_STRINGS = YES;
				SWIFT_VERSION = 5.0;
				TARGETED_DEVICE_FAMILY = "1,2";
			};
			name = Release;
		};
/* End XCBuildConfiguration section */

/* Begin XCConfigurationList section */
		423A92A327EC9C9F00D3F481 /* Build configuration list for PBXProject "MiSnapFacialCaptureCustomizationSampleApp" */ = {
			isa = XCConfigurationList;
			buildConfigurations = (
				423A92BA27EC9CA200D3F481 /* Debug */,
				423A92BB27EC9CA200D3F481 /* Release */,
			);
			defaultConfigurationIsVisible = 0;
			defaultConfigurationName = Release;
		};
		423A92BC27EC9CA200D3F481 /* Build configuration list for PBXNativeTarget "MiSnapFacialCaptureCustomizationSampleApp" */ = {
			isa = XCConfigurationList;
			buildConfigurations = (
				423A92BD27EC9CA200D3F481 /* Debug */,
				423A92BE27EC9CA200D3F481 /* Release */,
			);
			defaultConfigurationIsVisible = 0;
			defaultConfigurationName = Release;
		};
/* End XCConfigurationList section */

/* Begin XCRemoteSwiftPackageReference section */
		423A92C727EC9D7C00D3F481 /* XCRemoteSwiftPackageReference "MiSnap-iOS" */ = {
			isa = XCRemoteSwiftPackageReference;
			repositoryURL = "https://github.com/Mitek-Systems/MiSnap-iOS.git";
			requirement = {
				branch = feature/5.8.0;
				kind = branch;
			};
		};
/* End XCRemoteSwiftPackageReference section */

/* Begin XCSwiftPackageProductDependency section */
		423A92C827EC9D7C00D3F481 /* MiSnapFacialCapture */ = {
			isa = XCSwiftPackageProductDependency;
			package = 423A92C727EC9D7C00D3F481 /* XCRemoteSwiftPackageReference "MiSnap-iOS" */;
			productName = MiSnapFacialCapture;
		};
		423A92CA27EC9D7C00D3F481 /* MiSnapFacialCaptureUX */ = {
			isa = XCSwiftPackageProductDependency;
			package = 423A92C727EC9D7C00D3F481 /* XCRemoteSwiftPackageReference "MiSnap-iOS" */;
			productName = MiSnapFacialCaptureUX;
		};
/* End XCSwiftPackageProductDependency section */
	};
	rootObject = 423A92A027EC9C9F00D3F481 /* Project object */;
}
