{
  "pins" : [
    {
      "identity" : "misnap-ios",
      "kind" : "remoteSourceControl",
      "location" : "https://github.com/Mitek-Systems/MiSnap-iOS.git",
      "state" : {
        "branch" : "release/5.11.0",
        "revision" : "cdbec49272cfae58e588dfef20907f80393227aa"
      }
    }
  ],
  "version" : 2
}
