{
  "object": {
    "pins": [
      {
        "package": "MiSnap",
        "repositoryURL": "https://github.com/Mitek-Systems/MiSnap-iOS.git",
        "state": {
          "branch": "feature/5.1.0.b1",
          "revision": "9423b0566a9d7a0d252fef68e206467d47841ac8",
          "version": null
        }
      }
    ]
  },
  "version": 1
}
