{
  "pins" : [
    {
      "identity" : "misnap-ios",
      "kind" : "remoteSourceControl",
      "location" : "https://github.com/Mitek-Systems/MiSnap-iOS.git",
      "state" : {
        "branch" : "feature/5.3.2",
        "revision" : "b4da030d8b3278ef84f6608337378812be067893"
      }
    }
  ],
  "version" : 2
}
