{
  "pins" : [
    {
      "identity" : "misnap-ios",
      "kind" : "remoteSourceControl",
      "location" : "https://github.com/Mitek-Systems/MiSnap-iOS.git",
      "state" : {
        "branch" : "feature/5.7.0",
        "revision" : "90679130abd1b692684655e145a4470ada15c2b0"
      }
    }
  ],
  "version" : 2
}
