// !$*UTF8*$!
{
	archiveVersion = 1;
	classes = {
	};
	objectVersion = 55;
	objects = {

/* Begin PBXBuildFile section */
		4271F1332900943000120D0B /* AppDelegate.swift in Sources */ = {isa = PBXBuildFile; fileRef = 4271F1322900943000120D0B /* AppDelegate.swift */; };
		4271F1352900943000120D0B /* SceneDelegate.swift in Sources */ = {isa = PBXBuildFile; fileRef = 4271F1342900943000120D0B /* SceneDelegate.swift */; };
		4271F1372900943000120D0B /* ViewController.swift in Sources */ = {isa = PBXBuildFile; fileRef = 4271F1362900943000120D0B /* ViewController.swift */; };
		4271F13A2900943000120D0B /* Main.storyboard in Resources */ = {isa = PBXBuildFile; fileRef = 4271F1382900943000120D0B /* Main.storyboard */; };
		4271F13C2900943200120D0B /* Assets.xcassets in Resources */ = {isa = PBXBuildFile; fileRef = 4271F13B2900943200120D0B /* Assets.xcassets */; };
		4271F13F2900943200120D0B /* LaunchScreen.storyboard in Resources */ = {isa = PBXBuildFile; fileRef = 4271F13D2900943200120D0B /* LaunchScreen.storyboard */; };
		4271F14C2900948900120D0B /* ResultViewController.swift in Sources */ = {isa = PBXBuildFile; fileRef = 4271F14B2900948900120D0B /* ResultViewController.swift */; };
		4271F14E2900948F00120D0B /* RecordingPlaybackView.swift in Sources */ = {isa = PBXBuildFile; fileRef = 4271F14D2900948F00120D0B /* RecordingPlaybackView.swift */; };
		4271F151290094FD00120D0B /* MiSnapVoiceCapture in Frameworks */ = {isa = PBXBuildFile; productRef = 4271F150290094FD00120D0B /* MiSnapVoiceCapture */; };
		4271F153290094FD00120D0B /* MiSnapVoiceCaptureUX in Frameworks */ = {isa = PBXBuildFile; productRef = 4271F152290094FD00120D0B /* MiSnapVoiceCaptureUX */; };
		42A141C9296E2864007E7252 /* MiSnapVoiceCaptureLocalizable.strings in Resources */ = {isa = PBXBuildFile; fileRef = 42A141AC296E2864007E7252 /* MiSnapVoiceCaptureLocalizable.strings */; };
		42A141CA296E2864007E7252 /* misnap_voice_capture_instruction_distance.png in Resources */ = {isa = PBXBuildFile; fileRef = 42A141AF296E2864007E7252 /* misnap_voice_capture_instruction_distance.png */; };
/* End PBXBuildFile section */

/* Begin PBXFileReference section */
		4271F12F2900943000120D0B /* MiSnapVoiceCaptureCustomizationSampleApp.app */ = {isa = PBXFileReference; explicitFileType = wrapper.application; includeInIndex = 0; path = MiSnapVoiceCaptureCustomizationSampleApp.app; sourceTree = BUILT_PRODUCTS_DIR; };
		4271F1322900943000120D0B /* AppDelegate.swift */ = {isa = PBXFileReference; lastKnownFileType = sourcecode.swift; path = AppDelegate.swift; sourceTree = "<group>"; };
		4271F1342900943000120D0B /* SceneDelegate.swift */ = {isa = PBXFileReference; lastKnownFileType = sourcecode.swift; path = SceneDelegate.swift; sourceTree = "<group>"; };
		4271F1362900943000120D0B /* ViewController.swift */ = {isa = PBXFileReference; lastKnownFileType = sourcecode.swift; path = ViewController.swift; sourceTree = "<group>"; };
		4271F1392900943000120D0B /* Base */ = {isa = PBXFileReference; lastKnownFileType = file.storyboard; name = Base; path = Base.lproj/Main.storyboard; sourceTree = "<group>"; };
		4271F13B2900943200120D0B /* Assets.xcassets */ = {isa = PBXFileReference; lastKnownFileType = folder.assetcatalog; path = Assets.xcassets; sourceTree = "<group>"; };
		4271F13E2900943200120D0B /* Base */ = {isa = PBXFileReference; lastKnownFileType = file.storyboard; name = Base; path = Base.lproj/LaunchScreen.storyboard; sourceTree = "<group>"; };
		4271F1402900943200120D0B /* Info.plist */ = {isa = PBXFileReference; lastKnownFileType = text.plist.xml; path = Info.plist; sourceTree = "<group>"; };
		4271F14B2900948900120D0B /* ResultViewController.swift */ = {isa = PBXFileReference; fileEncoding = 4; lastKnownFileType = sourcecode.swift; path = ResultViewController.swift; sourceTree = "<group>"; };
		4271F14D2900948F00120D0B /* RecordingPlaybackView.swift */ = {isa = PBXFileReference; fileEncoding = 4; lastKnownFileType = sourcecode.swift; path = RecordingPlaybackView.swift; sourceTree = "<group>"; };
		42A141AD296E2864007E7252 /* en */ = {isa = PBXFileReference; lastKnownFileType = text.plist.strings; name = en; path = en.lproj/MiSnapVoiceCaptureLocalizable.strings; sourceTree = "<group>"; };
		42A141AE296E2864007E7252 /* es */ = {isa = PBXFileReference; lastKnownFileType = text.plist.strings; name = es; path = es.lproj/MiSnapVoiceCaptureLocalizable.strings; sourceTree = "<group>"; };
		42A141AF296E2864007E7252 /* misnap_voice_capture_instruction_distance.png */ = {isa = PBXFileReference; lastKnownFileType = image.png; path = misnap_voice_capture_instruction_distance.png; sourceTree = "<group>"; };
/* End PBXFileReference section */

/* Begin PBXFrameworksBuildPhase section */
		4271F12C2900943000120D0B /* Frameworks */ = {
			isa = PBXFrameworksBuildPhase;
			buildActionMask = 2147483647;
			files = (
				4271F151290094FD00120D0B /* MiSnapVoiceCapture in Frameworks */,
				4271F153290094FD00120D0B /* MiSnapVoiceCaptureUX in Frameworks */,
			);
			runOnlyForDeploymentPostprocessing = 0;
		};
/* End PBXFrameworksBuildPhase section */

/* Begin PBXGroup section */
		4271F1262900943000120D0B = {
			isa = PBXGroup;
			children = (
				4271F1312900943000120D0B /* MiSnapVoiceCaptureCustomizationSampleApp */,
				4271F1302900943000120D0B /* Products */,
			);
			sourceTree = "<group>";
		};
		4271F1302900943000120D0B /* Products */ = {
			isa = PBXGroup;
			children = (
				4271F12F2900943000120D0B /* MiSnapVoiceCaptureCustomizationSampleApp.app */,
			);
			name = Products;
			sourceTree = "<group>";
		};
		4271F1312900943000120D0B /* MiSnapVoiceCaptureCustomizationSampleApp */ = {
			isa = PBXGroup;
			children = (
				42A14187296E2863007E7252 /* Assets */,
				4271F14A2900945500120D0B /* Models */,
				4271F1492900945000120D0B /* Views */,
				4271F1482900944A00120D0B /* Controllers */,
				4271F1472900944500120D0B /* Resources */,
				4271F1462900943D00120D0B /* Supporting_Files */,
			);
			path = MiSnapVoiceCaptureCustomizationSampleApp;
			sourceTree = "<group>";
		};
		4271F1462900943D00120D0B /* Supporting_Files */ = {
			isa = PBXGroup;
			children = (
				4271F1402900943200120D0B /* Info.plist */,
			);
			name = Supporting_Files;
			sourceTree = "<group>";
		};
		4271F1472900944500120D0B /* Resources */ = {
			isa = PBXGroup;
			children = (
				4271F13B2900943200120D0B /* Assets.xcassets */,
				4271F1382900943000120D0B /* Main.storyboard */,
				4271F13D2900943200120D0B /* LaunchScreen.storyboard */,
			);
			name = Resources;
			sourceTree = "<group>";
		};
		4271F1482900944A00120D0B /* Controllers */ = {
			isa = PBXGroup;
			children = (
				4271F1322900943000120D0B /* AppDelegate.swift */,
				4271F1342900943000120D0B /* SceneDelegate.swift */,
				4271F1362900943000120D0B /* ViewController.swift */,
				4271F14B2900948900120D0B /* ResultViewController.swift */,
			);
			name = Controllers;
			sourceTree = "<group>";
		};
		4271F1492900945000120D0B /* Views */ = {
			isa = PBXGroup;
			children = (
				4271F14D2900948F00120D0B /* RecordingPlaybackView.swift */,
			);
			name = Views;
			sourceTree = "<group>";
		};
		4271F14A2900945500120D0B /* Models */ = {
			isa = PBXGroup;
			children = (
			);
			name = Models;
			sourceTree = "<group>";
		};
		42A14187296E2863007E7252 /* Assets */ = {
			isa = PBXGroup;
			children = (
				42A141AB296E2864007E7252 /* MiSnapVoiceCapture */,
			);
			name = Assets;
			path = ../../../../../Assets;
			sourceTree = "<group>";
		};
		42A141AB296E2864007E7252 /* MiSnapVoiceCapture */ = {
			isa = PBXGroup;
			children = (
				42A141AC296E2864007E7252 /* MiSnapVoiceCaptureLocalizable.strings */,
				42A141AF296E2864007E7252 /* misnap_voice_capture_instruction_distance.png */,
			);
			path = MiSnapVoiceCapture;
			sourceTree = "<group>";
		};
/* End PBXGroup section */

/* Begin PBXNativeTarget section */
		4271F12E2900943000120D0B /* MiSnapVoiceCaptureCustomizationSampleApp */ = {
			isa = PBXNativeTarget;
			buildConfigurationList = 4271F1432900943200120D0B /* Build configuration list for PBXNativeTarget "MiSnapVoiceCaptureCustomizationSampleApp" */;
			buildPhases = (
				4271F12B2900943000120D0B /* Sources */,
				4271F12C2900943000120D0B /* Frameworks */,
				4271F12D2900943000120D0B /* Resources */,
			);
			buildRules = (
			);
			dependencies = (
			);
			name = MiSnapVoiceCaptureCustomizationSampleApp;
			packageProductDependencies = (
				4271F150290094FD00120D0B /* MiSnapVoiceCapture */,
				4271F152290094FD00120D0B /* MiSnapVoiceCaptureUX */,
			);
			productName = MiSnapVoiceCaptureCustomizationSampleApp;
			productReference = 4271F12F2900943000120D0B /* MiSnapVoiceCaptureCustomizationSampleApp.app */;
			productType = "com.apple.product-type.application";
		};
/* End PBXNativeTarget section */

/* Begin PBXProject section */
		4271F1272900943000120D0B /* Project object */ = {
			isa = PBXProject;
			attributes = {
				BuildIndependentTargetsInParallel = 1;
				LastSwiftUpdateCheck = 1300;
				LastUpgradeCheck = 1300;
				TargetAttributes = {
					4271F12E2900943000120D0B = {
						CreatedOnToolsVersion = 13.0;
					};
				};
			};
			buildConfigurationList = 4271F12A2900943000120D0B /* Build configuration list for PBXProject "MiSnapVoiceCaptureCustomizationSampleApp" */;
			compatibilityVersion = "Xcode 13.0";
			developmentRegion = en;
			hasScannedForEncodings = 0;
			knownRegions = (
				en,
				Base,
				es,
				fr,
			);
			mainGroup = 4271F1262900943000120D0B;
			packageReferences = (
				4271F14F290094FD00120D0B /* XCRemoteSwiftPackageReference "MiSnap-iOS" */,
			);
			productRefGroup = 4271F1302900943000120D0B /* Products */;
			projectDirPath = "";
			projectRoot = "";
			targets = (
				4271F12E2900943000120D0B /* MiSnapVoiceCaptureCustomizationSampleApp */,
			);
		};
/* End PBXProject section */

/* Begin PBXResourcesBuildPhase section */
		4271F12D2900943000120D0B /* Resources */ = {
			isa = PBXResourcesBuildPhase;
			buildActionMask = 2147483647;
			files = (
				42A141C9296E2864007E7252 /* MiSnapVoiceCaptureLocalizable.strings in Resources */,
				42A141CA296E2864007E7252 /* misnap_voice_capture_instruction_distance.png in Resources */,
				4271F13F2900943200120D0B /* LaunchScreen.storyboard in Resources */,
				4271F13C2900943200120D0B /* Assets.xcassets in Resources */,
				4271F13A2900943000120D0B /* Main.storyboard in Resources */,
			);
			runOnlyForDeploymentPostprocessing = 0;
		};
/* End PBXResourcesBuildPhase section */

/* Begin PBXSourcesBuildPhase section */
		4271F12B2900943000120D0B /* Sources */ = {
			isa = PBXSourcesBuildPhase;
			buildActionMask = 2147483647;
			files = (
				4271F1372900943000120D0B /* ViewController.swift in Sources */,
				4271F1332900943000120D0B /* AppDelegate.swift in Sources */,
				4271F1352900943000120D0B /* SceneDelegate.swift in Sources */,
				4271F14E2900948F00120D0B /* RecordingPlaybackView.swift in Sources */,
				4271F14C2900948900120D0B /* ResultViewController.swift in Sources */,
			);
			runOnlyForDeploymentPostprocessing = 0;
		};
/* End PBXSourcesBuildPhase section */

/* Begin PBXVariantGroup section */
		4271F1382900943000120D0B /* Main.storyboard */ = {
			isa = PBXVariantGroup;
			children = (
				4271F1392900943000120D0B /* Base */,
			);
			name = Main.storyboard;
			sourceTree = "<group>";
		};
		4271F13D2900943200120D0B /* LaunchScreen.storyboard */ = {
			isa = PBXVariantGroup;
			children = (
				4271F13E2900943200120D0B /* Base */,
			);
			name = LaunchScreen.storyboard;
			sourceTree = "<group>";
		};
		42A141AC296E2864007E7252 /* MiSnapVoiceCaptureLocalizable.strings */ = {
			isa = PBXVariantGroup;
			children = (
				42A141AD296E2864007E7252 /* en */,
				42A141AE296E2864007E7252 /* es */,
			);
			name = MiSnapVoiceCaptureLocalizable.strings;
			sourceTree = "<group>";
		};
/* End PBXVariantGroup section */

/* Begin XCBuildConfiguration section */
		4271F1412900943200120D0B /* Debug */ = {
			isa = XCBuildConfiguration;
			buildSettings = {
				ALWAYS_SEARCH_USER_PATHS = NO;
				CLANG_ANALYZER_NONNULL = YES;
				CLANG_ANALYZER_NUMBER_OBJECT_CONVERSION = YES_AGGRESSIVE;
				CLANG_CXX_LANGUAGE_STANDARD = "gnu++17";
				CLANG_CXX_LIBRARY = "libc++";
				CLANG_ENABLE_MODULES = YES;
				CLANG_ENABLE_OBJC_ARC = YES;
				CLANG_ENABLE_OBJC_WEAK = YES;
				CLANG_WARN_BLOCK_CAPTURE_AUTORELEASING = YES;
				CLANG_WARN_BOOL_CONVERSION = YES;
				CLANG_WARN_COMMA = YES;
				CLANG_WARN_CONSTANT_CONVERSION = YES;
				CLANG_WARN_DEPRECATED_OBJC_IMPLEMENTATIONS = YES;
				CLANG_WARN_DIRECT_OBJC_ISA_USAGE = YES_ERROR;
				CLANG_WARN_DOCUMENTATION_COMMENTS = YES;
				CLANG_WARN_EMPTY_BODY = YES;
				CLANG_WARN_ENUM_CONVERSION = YES;
				CLANG_WARN_INFINITE_RECURSION = YES;
				CLANG_WARN_INT_CONVERSION = YES;
				CLANG_WARN_NON_LITERAL_NULL_CONVERSION = YES;
				CLANG_WARN_OBJC_IMPLICIT_RETAIN_SELF = YES;
				CLANG_WARN_OBJC_LITERAL_CONVERSION = YES;
				CLANG_WARN_OBJC_ROOT_CLASS = YES_ERROR;
				CLANG_WARN_QUOTED_INCLUDE_IN_FRAMEWORK_HEADER = YES;
				CLANG_WARN_RANGE_LOOP_ANALYSIS = YES;
				CLANG_WARN_STRICT_PROTOTYPES = YES;
				CLANG_WARN_SUSPICIOUS_MOVE = YES;
				CLANG_WARN_UNGUARDED_AVAILABILITY = YES_AGGRESSIVE;
				CLANG_WARN_UNREACHABLE_CODE = YES;
				CLANG_WARN__DUPLICATE_METHOD_MATCH = YES;
				COPY_PHASE_STRIP = NO;
				DEBUG_INFORMATION_FORMAT = dwarf;
				ENABLE_STRICT_OBJC_MSGSEND = YES;
				ENABLE_TESTABILITY = YES;
				GCC_C_LANGUAGE_STANDARD = gnu11;
				GCC_DYNAMIC_NO_PIC = NO;
				GCC_NO_COMMON_BLOCKS = YES;
				GCC_OPTIMIZATION_LEVEL = 0;
				GCC_PREPROCESSOR_DEFINITIONS = (
					"DEBUG=1",
					"$(inherited)",
				);
				GCC_WARN_64_TO_32_BIT_CONVERSION = YES;
				GCC_WARN_ABOUT_RETURN_TYPE = YES_ERROR;
				GCC_WARN_UNDECLARED_SELECTOR = YES;
				GCC_WARN_UNINITIALIZED_AUTOS = YES_AGGRESSIVE;
				GCC_WARN_UNUSED_FUNCTION = YES;
				GCC_WARN_UNUSED_VARIABLE = YES;
				IPHONEOS_DEPLOYMENT_TARGET = 12.0;
				MTL_ENABLE_DEBUG_INFO = INCLUDE_SOURCE;
				MTL_FAST_MATH = YES;
				ONLY_ACTIVE_ARCH = YES;
				SDKROOT = iphoneos;
				SWIFT_ACTIVE_COMPILATION_CONDITIONS = DEBUG;
				SWIFT_OPTIMIZATION_LEVEL = "-Onone";
			};
			name = Debug;
		};
		4271F1422900943200120D0B /* Release */ = {
			isa = XCBuildConfiguration;
			buildSettings = {
				ALWAYS_SEARCH_USER_PATHS = NO;
				CLANG_ANALYZER_NONNULL = YES;
				CLANG_ANALYZER_NUMBER_OBJECT_CONVERSION = YES_AGGRESSIVE;
				CLANG_CXX_LANGUAGE_STANDARD = "gnu++17";
				CLANG_CXX_LIBRARY = "libc++";
				CLANG_ENABLE_MODULES = YES;
				CLANG_ENABLE_OBJC_ARC = YES;
				CLANG_ENABLE_OBJC_WEAK = YES;
				CLANG_WARN_BLOCK_CAPTURE_AUTORELEASING = YES;
				CLANG_WARN_BOOL_CONVERSION = YES;
				CLANG_WARN_COMMA = YES;
				CLANG_WARN_CONSTANT_CONVERSION = YES;
				CLANG_WARN_DEPRECATED_OBJC_IMPLEMENTATIONS = YES;
				CLANG_WARN_DIRECT_OBJC_ISA_USAGE = YES_ERROR;
				CLANG_WARN_DOCUMENTATION_COMMENTS = YES;
				CLANG_WARN_EMPTY_BODY = YES;
				CLANG_WARN_ENUM_CONVERSION = YES;
				CLANG_WARN_INFINITE_RECURSION = YES;
				CLANG_WARN_INT_CONVERSION = YES;
				CLANG_WARN_NON_LITERAL_NULL_CONVERSION = YES;
				CLANG_WARN_OBJC_IMPLICIT_RETAIN_SELF = YES;
				CLANG_WARN_OBJC_LITERAL_CONVERSION = YES;
				CLANG_WARN_OBJC_ROOT_CLASS = YES_ERROR;
				CLANG_WARN_QUOTED_INCLUDE_IN_FRAMEWORK_HEADER = YES;
				CLANG_WARN_RANGE_LOOP_ANALYSIS = YES;
				CLANG_WARN_STRICT_PROTOTYPES = YES;
				CLANG_WARN_SUSPICIOUS_MOVE = YES;
				CLANG_WARN_UNGUARDED_AVAILABILITY = YES_AGGRESSIVE;
				CLANG_WARN_UNREACHABLE_CODE = YES;
				CLANG_WARN__DUPLICATE_METHOD_MATCH = YES;
				COPY_PHASE_STRIP = NO;
				DEBUG_INFORMATION_FORMAT = "dwarf-with-dsym";
				ENABLE_NS_ASSERTIONS = NO;
				ENABLE_STRICT_OBJC_MSGSEND = YES;
				GCC_C_LANGUAGE_STANDARD = gnu11;
				GCC_NO_COMMON_BLOCKS = YES;
				GCC_WARN_64_TO_32_BIT_CONVERSION = YES;
				GCC_WARN_ABOUT_RETURN_TYPE = YES_ERROR;
				GCC_WARN_UNDECLARED_SELECTOR = YES;
				GCC_WARN_UNINITIALIZED_AUTOS = YES_AGGRESSIVE;
				GCC_WARN_UNUSED_FUNCTION = YES;
				GCC_WARN_UNUSED_VARIABLE = YES;
				IPHONEOS_DEPLOYMENT_TARGET = 12.0;
				MTL_ENABLE_DEBUG_INFO = NO;
				MTL_FAST_MATH = YES;
				SDKROOT = iphoneos;
				SWIFT_COMPILATION_MODE = wholemodule;
				SWIFT_OPTIMIZATION_LEVEL = "-O";
				VALIDATE_PRODUCT = YES;
			};
			name = Release;
		};
		4271F1442900943200120D0B /* Debug */ = {
			isa = XCBuildConfiguration;
			buildSettings = {
				ASSETCATALOG_COMPILER_APPICON_NAME = AppIcon;
				ASSETCATALOG_COMPILER_GLOBAL_ACCENT_COLOR_NAME = AccentColor;
				CODE_SIGN_STYLE = Automatic;
				CURRENT_PROJECT_VERSION = 1;
				DEVELOPMENT_TEAM = "";
				GENERATE_INFOPLIST_FILE = YES;
				INFOPLIST_FILE = MiSnapVoiceCaptureCustomizationSampleApp/Info.plist;
				INFOPLIST_KEY_UIApplicationSupportsIndirectInputEvents = YES;
				INFOPLIST_KEY_UILaunchStoryboardName = LaunchScreen;
				INFOPLIST_KEY_UIMainStoryboardFile = Main;
				INFOPLIST_KEY_UISupportedInterfaceOrientations_iPad = "UIInterfaceOrientationPortrait UIInterfaceOrientationPortraitUpsideDown UIInterfaceOrientationLandscapeLeft UIInterfaceOrientationLandscapeRight";
				INFOPLIST_KEY_UISupportedInterfaceOrientations_iPhone = "UIInterfaceOrientationPortrait UIInterfaceOrientationLandscapeLeft UIInterfaceOrientationLandscapeRight";
				LD_RUNPATH_SEARCH_PATHS = (
					"$(inherited)",
					"@executable_path/Frameworks",
				);
				MARKETING_VERSION = 5.4.1;
				PRODUCT_BUNDLE_IDENTIFIER = com.miteksystems.MiSnapVoiceCaptureCustomizationSampleApp;
				PRODUCT_NAME = "$(TARGET_NAME)";
				SWIFT_EMIT_LOC_STRINGS = YES;
				SWIFT_VERSION = 5.0;
				TARGETED_DEVICE_FAMILY = "1,2";
			};
			name = Debug;
		};
		4271F1452900943200120D0B /* Release */ = {
			isa = XCBuildConfiguration;
			buildSettings = {
				ASSETCATALOG_COMPILER_APPICON_NAME = AppIcon;
				ASSETCATALOG_COMPILER_GLOBAL_ACCENT_COLOR_NAME = AccentColor;
				CODE_SIGN_STYLE = Automatic;
				CURRENT_PROJECT_VERSION = 1;
				DEVELOPMENT_TEAM = "";
				GENERATE_INFOPLIST_FILE = YES;
				INFOPLIST_FILE = MiSnapVoiceCaptureCustomizationSampleApp/Info.plist;
				INFOPLIST_KEY_UIApplicationSupportsIndirectInputEvents = YES;
				INFOPLIST_KEY_UILaunchStoryboardName = LaunchScreen;
				INFOPLIST_KEY_UIMainStoryboardFile = Main;
				INFOPLIST_KEY_UISupportedInterfaceOrientations_iPad = "UIInterfaceOrientationPortrait UIInterfaceOrientationPortraitUpsideDown UIInterfaceOrientationLandscapeLeft UIInterfaceOrientationLandscapeRight";
				INFOPLIST_KEY_UISupportedInterfaceOrientations_iPhone = "UIInterfaceOrientationPortrait UIInterfaceOrientationLandscapeLeft UIInterfaceOrientationLandscapeRight";
				LD_RUNPATH_SEARCH_PATHS = (
					"$(inherited)",
					"@executable_path/Frameworks",
				);
				MARKETING_VERSION = 5.4.1;
				PRODUCT_BUNDLE_IDENTIFIER = com.miteksystems.MiSnapVoiceCaptureCustomizationSampleApp;
				PRODUCT_NAME = "$(TARGET_NAME)";
				SWIFT_EMIT_LOC_STRINGS = YES;
				SWIFT_VERSION = 5.0;
				TARGETED_DEVICE_FAMILY = "1,2";
			};
			name = Release;
		};
/* End XCBuildConfiguration section */

/* Begin XCConfigurationList section */
		4271F12A2900943000120D0B /* Build configuration list for PBXProject "MiSnapVoiceCaptureCustomizationSampleApp" */ = {
			isa = XCConfigurationList;
			buildConfigurations = (
				4271F1412900943200120D0B /* Debug */,
				4271F1422900943200120D0B /* Release */,
			);
			defaultConfigurationIsVisible = 0;
			defaultConfigurationName = Release;
		};
		4271F1432900943200120D0B /* Build configuration list for PBXNativeTarget "MiSnapVoiceCaptureCustomizationSampleApp" */ = {
			isa = XCConfigurationList;
			buildConfigurations = (
				4271F1442900943200120D0B /* Debug */,
				4271F1452900943200120D0B /* Release */,
			);
			defaultConfigurationIsVisible = 0;
			defaultConfigurationName = Release;
		};
/* End XCConfigurationList section */

/* Begin XCRemoteSwiftPackageReference section */
		4271F14F290094FD00120D0B /* XCRemoteSwiftPackageReference "MiSnap-iOS" */ = {
			isa = XCRemoteSwiftPackageReference;
			repositoryURL = "https://github.com/Mitek-Systems/MiSnap-iOS.git";
			requirement = {
				branch = feature/5.6.1;
				kind = branch;
			};
		};
/* End XCRemoteSwiftPackageReference section */

/* Begin XCSwiftPackageProductDependency section */
		4271F150290094FD00120D0B /* MiSnapVoiceCapture */ = {
			isa = XCSwiftPackageProductDependency;
			package = 4271F14F290094FD00120D0B /* XCRemoteSwiftPackageReference "MiSnap-iOS" */;
			productName = MiSnapVoiceCapture;
		};
		4271F152290094FD00120D0B /* MiSnapVoiceCaptureUX */ = {
			isa = XCSwiftPackageProductDependency;
			package = 4271F14F290094FD00120D0B /* XCRemoteSwiftPackageReference "MiSnap-iOS" */;
			productName = MiSnapVoiceCaptureUX;
		};
/* End XCSwiftPackageProductDependency section */
	};
	rootObject = 4271F1272900943000120D0B /* Project object */;
}
