// !$*UTF8*$!
{
	archiveVersion = 1;
	classes = {
	};
	objectVersion = 56;
	objects = {

/* Begin PBXBuildFile section */
		4217A77528F8888D0031B527 /* AppDelegate.swift in Sources */ = {isa = PBXBuildFile; fileRef = 4217A77428F8888D0031B527 /* AppDelegate.swift */; };
		4217A77728F8888D0031B527 /* SceneDelegate.swift in Sources */ = {isa = PBXBuildFile; fileRef = 4217A77628F8888D0031B527 /* SceneDelegate.swift */; };
		4217A77928F8888D0031B527 /* ViewController.swift in Sources */ = {isa = PBXBuildFile; fileRef = 4217A77828F8888D0031B527 /* ViewController.swift */; };
		4217A77C28F8888D0031B527 /* Main.storyboard in Resources */ = {isa = PBXBuildFile; fileRef = 4217A77A28F8888D0031B527 /* Main.storyboard */; };
		4217A77E28F888900031B527 /* Assets.xcassets in Resources */ = {isa = PBXBuildFile; fileRef = 4217A77D28F888900031B527 /* Assets.xcassets */; };
		4217A78128F888900031B527 /* LaunchScreen.storyboard in Resources */ = {isa = PBXBuildFile; fileRef = 4217A77F28F888900031B527 /* LaunchScreen.storyboard */; };
		4217A78A28F8892A0031B527 /* MiSnapVoiceCapture in Frameworks */ = {isa = PBXBuildFile; productRef = 4217A78928F8892A0031B527 /* MiSnapVoiceCapture */; };
		4217A78C28F8892A0031B527 /* MiSnapVoiceCaptureUX in Frameworks */ = {isa = PBXBuildFile; productRef = 4217A78B28F8892A0031B527 /* MiSnapVoiceCaptureUX */; };
		4217A79328F88BB20031B527 /* ResultViewController.swift in Sources */ = {isa = PBXBuildFile; fileRef = 4217A79228F88BB20031B527 /* ResultViewController.swift */; };
		4217A79528F88BC20031B527 /* RecordingPlaybackView.swift in Sources */ = {isa = PBXBuildFile; fileRef = 4217A79428F88BC20031B527 /* RecordingPlaybackView.swift */; };
/* End PBXBuildFile section */

/* Begin PBXFileReference section */
		4217A77128F8888D0031B527 /* MiSnapVoiceCaptureCustomizationSampleApp.app */ = {isa = PBXFileReference; explicitFileType = wrapper.application; includeInIndex = 0; path = MiSnapVoiceCaptureCustomizationSampleApp.app; sourceTree = BUILT_PRODUCTS_DIR; };
		4217A77428F8888D0031B527 /* AppDelegate.swift */ = {isa = PBXFileReference; lastKnownFileType = sourcecode.swift; path = AppDelegate.swift; sourceTree = "<group>"; };
		4217A77628F8888D0031B527 /* SceneDelegate.swift */ = {isa = PBXFileReference; lastKnownFileType = sourcecode.swift; path = SceneDelegate.swift; sourceTree = "<group>"; };
		4217A77828F8888D0031B527 /* ViewController.swift */ = {isa = PBXFileReference; lastKnownFileType = sourcecode.swift; path = ViewController.swift; sourceTree = "<group>"; };
		4217A77B28F8888D0031B527 /* Base */ = {isa = PBXFileReference; lastKnownFileType = file.storyboard; name = Base; path = Base.lproj/Main.storyboard; sourceTree = "<group>"; };
		4217A77D28F888900031B527 /* Assets.xcassets */ = {isa = PBXFileReference; lastKnownFileType = folder.assetcatalog; path = Assets.xcassets; sourceTree = "<group>"; };
		4217A78028F888900031B527 /* Base */ = {isa = PBXFileReference; lastKnownFileType = file.storyboard; name = Base; path = Base.lproj/LaunchScreen.storyboard; sourceTree = "<group>"; };
		4217A78228F888900031B527 /* Info.plist */ = {isa = PBXFileReference; lastKnownFileType = text.plist.xml; path = Info.plist; sourceTree = "<group>"; };
		4217A79228F88BB20031B527 /* ResultViewController.swift */ = {isa = PBXFileReference; fileEncoding = 4; lastKnownFileType = sourcecode.swift; path = ResultViewController.swift; sourceTree = "<group>"; };
		4217A79428F88BC20031B527 /* RecordingPlaybackView.swift */ = {isa = PBXFileReference; fileEncoding = 4; lastKnownFileType = sourcecode.swift; path = RecordingPlaybackView.swift; sourceTree = "<group>"; };
/* End PBXFileReference section */

/* Begin PBXFrameworksBuildPhase section */
		4217A76E28F8888D0031B527 /* Frameworks */ = {
			isa = PBXFrameworksBuildPhase;
			buildActionMask = 2147483647;
			files = (
				4217A78A28F8892A0031B527 /* MiSnapVoiceCapture in Frameworks */,
				4217A78C28F8892A0031B527 /* MiSnapVoiceCaptureUX in Frameworks */,
			);
			runOnlyForDeploymentPostprocessing = 0;
		};
/* End PBXFrameworksBuildPhase section */

/* Begin PBXGroup section */
		4217A76828F8888D0031B527 = {
			isa = PBXGroup;
			children = (
				4217A77328F8888D0031B527 /* MiSnapVoiceCaptureCustomizationSampleApp */,
				4217A77228F8888D0031B527 /* Products */,
			);
			sourceTree = "<group>";
		};
		4217A77228F8888D0031B527 /* Products */ = {
			isa = PBXGroup;
			children = (
				4217A77128F8888D0031B527 /* MiSnapVoiceCaptureCustomizationSampleApp.app */,
			);
			name = Products;
			sourceTree = "<group>";
		};
		4217A77328F8888D0031B527 /* MiSnapVoiceCaptureCustomizationSampleApp */ = {
			isa = PBXGroup;
			children = (
				4217A79128F88AEA0031B527 /* Models */,
				4217A79028F88AE40031B527 /* Views */,
				4217A78F28F88AD80031B527 /* Controllers */,
				4217A78E28F8893A0031B527 /* Resources */,
				4217A78D28F889310031B527 /* Supporting_Files */,
			);
			path = MiSnapVoiceCaptureCustomizationSampleApp;
			sourceTree = "<group>";
		};
		4217A78D28F889310031B527 /* Supporting_Files */ = {
			isa = PBXGroup;
			children = (
				4217A78228F888900031B527 /* Info.plist */,
			);
			name = Supporting_Files;
			sourceTree = "<group>";
		};
		4217A78E28F8893A0031B527 /* Resources */ = {
			isa = PBXGroup;
			children = (
				4217A77D28F888900031B527 /* Assets.xcassets */,
				4217A77A28F8888D0031B527 /* Main.storyboard */,
				4217A77F28F888900031B527 /* LaunchScreen.storyboard */,
			);
			name = Resources;
			sourceTree = "<group>";
		};
		4217A78F28F88AD80031B527 /* Controllers */ = {
			isa = PBXGroup;
			children = (
				4217A77428F8888D0031B527 /* AppDelegate.swift */,
				4217A77628F8888D0031B527 /* SceneDelegate.swift */,
				4217A77828F8888D0031B527 /* ViewController.swift */,
				4217A79228F88BB20031B527 /* ResultViewController.swift */,
			);
			name = Controllers;
			sourceTree = "<group>";
		};
		4217A79028F88AE40031B527 /* Views */ = {
			isa = PBXGroup;
			children = (
				4217A79428F88BC20031B527 /* RecordingPlaybackView.swift */,
			);
			name = Views;
			sourceTree = "<group>";
		};
		4217A79128F88AEA0031B527 /* Models */ = {
			isa = PBXGroup;
			children = (
			);
			name = Models;
			sourceTree = "<group>";
		};
/* End PBXGroup section */

/* Begin PBXNativeTarget section */
		4217A77028F8888D0031B527 /* MiSnapVoiceCaptureCustomizationSampleApp */ = {
			isa = PBXNativeTarget;
			buildConfigurationList = 4217A78528F888900031B527 /* Build configuration list for PBXNativeTarget "MiSnapVoiceCaptureCustomizationSampleApp" */;
			buildPhases = (
				4217A76D28F8888D0031B527 /* Sources */,
				4217A76E28F8888D0031B527 /* Frameworks */,
				4217A76F28F8888D0031B527 /* Resources */,
			);
			buildRules = (
			);
			dependencies = (
			);
			name = MiSnapVoiceCaptureCustomizationSampleApp;
			packageProductDependencies = (
				4217A78928F8892A0031B527 /* MiSnapVoiceCapture */,
				4217A78B28F8892A0031B527 /* MiSnapVoiceCaptureUX */,
			);
			productName = MiSnapVoiceCaptureCustomizationSampleApp;
			productReference = 4217A77128F8888D0031B527 /* MiSnapVoiceCaptureCustomizationSampleApp.app */;
			productType = "com.apple.product-type.application";
		};
/* End PBXNativeTarget section */

/* Begin PBXProject section */
		4217A76928F8888D0031B527 /* Project object */ = {
			isa = PBXProject;
			attributes = {
				BuildIndependentTargetsInParallel = 1;
				LastSwiftUpdateCheck = 1400;
				LastUpgradeCheck = 1400;
				TargetAttributes = {
					4217A77028F8888D0031B527 = {
						CreatedOnToolsVersion = 14.0.1;
					};
				};
			};
			buildConfigurationList = 4217A76C28F8888D0031B527 /* Build configuration list for PBXProject "MiSnapVoiceCaptureCustomizationSampleApp" */;
			compatibilityVersion = "Xcode 14.0";
			developmentRegion = en;
			hasScannedForEncodings = 0;
			knownRegions = (
				en,
				Base,
			);
			mainGroup = 4217A76828F8888D0031B527;
			packageReferences = (
				4217A78828F8892A0031B527 /* XCRemoteSwiftPackageReference "MiSnap-iOS" */,
			);
			productRefGroup = 4217A77228F8888D0031B527 /* Products */;
			projectDirPath = "";
			projectRoot = "";
			targets = (
				4217A77028F8888D0031B527 /* MiSnapVoiceCaptureCustomizationSampleApp */,
			);
		};
/* End PBXProject section */

/* Begin PBXResourcesBuildPhase section */
		4217A76F28F8888D0031B527 /* Resources */ = {
			isa = PBXResourcesBuildPhase;
			buildActionMask = 2147483647;
			files = (
				4217A78128F888900031B527 /* LaunchScreen.storyboard in Resources */,
				4217A77E28F888900031B527 /* Assets.xcassets in Resources */,
				4217A77C28F8888D0031B527 /* Main.storyboard in Resources */,
			);
			runOnlyForDeploymentPostprocessing = 0;
		};
/* End PBXResourcesBuildPhase section */

/* Begin PBXSourcesBuildPhase section */
		4217A76D28F8888D0031B527 /* Sources */ = {
			isa = PBXSourcesBuildPhase;
			buildActionMask = 2147483647;
			files = (
				4217A77928F8888D0031B527 /* ViewController.swift in Sources */,
				4217A77528F8888D0031B527 /* AppDelegate.swift in Sources */,
				4217A77728F8888D0031B527 /* SceneDelegate.swift in Sources */,
				4217A79528F88BC20031B527 /* RecordingPlaybackView.swift in Sources */,
				4217A79328F88BB20031B527 /* ResultViewController.swift in Sources */,
			);
			runOnlyForDeploymentPostprocessing = 0;
		};
/* End PBXSourcesBuildPhase section */

/* Begin PBXVariantGroup section */
		4217A77A28F8888D0031B527 /* Main.storyboard */ = {
			isa = PBXVariantGroup;
			children = (
				4217A77B28F8888D0031B527 /* Base */,
			);
			name = Main.storyboard;
			sourceTree = "<group>";
		};
		4217A77F28F888900031B527 /* LaunchScreen.storyboard */ = {
			isa = PBXVariantGroup;
			children = (
				4217A78028F888900031B527 /* Base */,
			);
			name = LaunchScreen.storyboard;
			sourceTree = "<group>";
		};
/* End PBXVariantGroup section */

/* Begin XCBuildConfiguration section */
		4217A78328F888900031B527 /* Debug */ = {
			isa = XCBuildConfiguration;
			buildSettings = {
				ALWAYS_SEARCH_USER_PATHS = NO;
				CLANG_ANALYZER_NONNULL = YES;
				CLANG_ANALYZER_NUMBER_OBJECT_CONVERSION = YES_AGGRESSIVE;
				CLANG_CXX_LANGUAGE_STANDARD = "gnu++20";
				CLANG_ENABLE_MODULES = YES;
				CLANG_ENABLE_OBJC_ARC = YES;
				CLANG_ENABLE_OBJC_WEAK = YES;
				CLANG_WARN_BLOCK_CAPTURE_AUTORELEASING = YES;
				CLANG_WARN_BOOL_CONVERSION = YES;
				CLANG_WARN_COMMA = YES;
				CLANG_WARN_CONSTANT_CONVERSION = YES;
				CLANG_WARN_DEPRECATED_OBJC_IMPLEMENTATIONS = YES;
				CLANG_WARN_DIRECT_OBJC_ISA_USAGE = YES_ERROR;
				CLANG_WARN_DOCUMENTATION_COMMENTS = YES;
				CLANG_WARN_EMPTY_BODY = YES;
				CLANG_WARN_ENUM_CONVERSION = YES;
				CLANG_WARN_INFINITE_RECURSION = YES;
				CLANG_WARN_INT_CONVERSION = YES;
				CLANG_WARN_NON_LITERAL_NULL_CONVERSION = YES;
				CLANG_WARN_OBJC_IMPLICIT_RETAIN_SELF = YES;
				CLANG_WARN_OBJC_LITERAL_CONVERSION = YES;
				CLANG_WARN_OBJC_ROOT_CLASS = YES_ERROR;
				CLANG_WARN_QUOTED_INCLUDE_IN_FRAMEWORK_HEADER = YES;
				CLANG_WARN_RANGE_LOOP_ANALYSIS = YES;
				CLANG_WARN_STRICT_PROTOTYPES = YES;
				CLANG_WARN_SUSPICIOUS_MOVE = YES;
				CLANG_WARN_UNGUARDED_AVAILABILITY = YES_AGGRESSIVE;
				CLANG_WARN_UNREACHABLE_CODE = YES;
				CLANG_WARN__DUPLICATE_METHOD_MATCH = YES;
				COPY_PHASE_STRIP = NO;
				DEBUG_INFORMATION_FORMAT = dwarf;
				ENABLE_STRICT_OBJC_MSGSEND = YES;
				ENABLE_TESTABILITY = YES;
				GCC_C_LANGUAGE_STANDARD = gnu11;
				GCC_DYNAMIC_NO_PIC = NO;
				GCC_NO_COMMON_BLOCKS = YES;
				GCC_OPTIMIZATION_LEVEL = 0;
				GCC_PREPROCESSOR_DEFINITIONS = (
					"DEBUG=1",
					"$(inherited)",
				);
				GCC_WARN_64_TO_32_BIT_CONVERSION = YES;
				GCC_WARN_ABOUT_RETURN_TYPE = YES_ERROR;
				GCC_WARN_UNDECLARED_SELECTOR = YES;
				GCC_WARN_UNINITIALIZED_AUTOS = YES_AGGRESSIVE;
				GCC_WARN_UNUSED_FUNCTION = YES;
				GCC_WARN_UNUSED_VARIABLE = YES;
				IPHONEOS_DEPLOYMENT_TARGET = 16.0;
				MTL_ENABLE_DEBUG_INFO = INCLUDE_SOURCE;
				MTL_FAST_MATH = YES;
				ONLY_ACTIVE_ARCH = YES;
				SDKROOT = iphoneos;
				SWIFT_ACTIVE_COMPILATION_CONDITIONS = DEBUG;
				SWIFT_OPTIMIZATION_LEVEL = "-Onone";
			};
			name = Debug;
		};
		4217A78428F888900031B527 /* Release */ = {
			isa = XCBuildConfiguration;
			buildSettings = {
				ALWAYS_SEARCH_USER_PATHS = NO;
				CLANG_ANALYZER_NONNULL = YES;
				CLANG_ANALYZER_NUMBER_OBJECT_CONVERSION = YES_AGGRESSIVE;
				CLANG_CXX_LANGUAGE_STANDARD = "gnu++20";
				CLANG_ENABLE_MODULES = YES;
				CLANG_ENABLE_OBJC_ARC = YES;
				CLANG_ENABLE_OBJC_WEAK = YES;
				CLANG_WARN_BLOCK_CAPTURE_AUTORELEASING = YES;
				CLANG_WARN_BOOL_CONVERSION = YES;
				CLANG_WARN_COMMA = YES;
				CLANG_WARN_CONSTANT_CONVERSION = YES;
				CLANG_WARN_DEPRECATED_OBJC_IMPLEMENTATIONS = YES;
				CLANG_WARN_DIRECT_OBJC_ISA_USAGE = YES_ERROR;
				CLANG_WARN_DOCUMENTATION_COMMENTS = YES;
				CLANG_WARN_EMPTY_BODY = YES;
				CLANG_WARN_ENUM_CONVERSION = YES;
				CLANG_WARN_INFINITE_RECURSION = YES;
				CLANG_WARN_INT_CONVERSION = YES;
				CLANG_WARN_NON_LITERAL_NULL_CONVERSION = YES;
				CLANG_WARN_OBJC_IMPLICIT_RETAIN_SELF = YES;
				CLANG_WARN_OBJC_LITERAL_CONVERSION = YES;
				CLANG_WARN_OBJC_ROOT_CLASS = YES_ERROR;
				CLANG_WARN_QUOTED_INCLUDE_IN_FRAMEWORK_HEADER = YES;
				CLANG_WARN_RANGE_LOOP_ANALYSIS = YES;
				CLANG_WARN_STRICT_PROTOTYPES = YES;
				CLANG_WARN_SUSPICIOUS_MOVE = YES;
				CLANG_WARN_UNGUARDED_AVAILABILITY = YES_AGGRESSIVE;
				CLANG_WARN_UNREACHABLE_CODE = YES;
				CLANG_WARN__DUPLICATE_METHOD_MATCH = YES;
				COPY_PHASE_STRIP = NO;
				DEBUG_INFORMATION_FORMAT = "dwarf-with-dsym";
				ENABLE_NS_ASSERTIONS = NO;
				ENABLE_STRICT_OBJC_MSGSEND = YES;
				GCC_C_LANGUAGE_STANDARD = gnu11;
				GCC_NO_COMMON_BLOCKS = YES;
				GCC_WARN_64_TO_32_BIT_CONVERSION = YES;
				GCC_WARN_ABOUT_RETURN_TYPE = YES_ERROR;
				GCC_WARN_UNDECLARED_SELECTOR = YES;
				GCC_WARN_UNINITIALIZED_AUTOS = YES_AGGRESSIVE;
				GCC_WARN_UNUSED_FUNCTION = YES;
				GCC_WARN_UNUSED_VARIABLE = YES;
				IPHONEOS_DEPLOYMENT_TARGET = 16.0;
				MTL_ENABLE_DEBUG_INFO = NO;
				MTL_FAST_MATH = YES;
				SDKROOT = iphoneos;
				SWIFT_COMPILATION_MODE = wholemodule;
				SWIFT_OPTIMIZATION_LEVEL = "-O";
				VALIDATE_PRODUCT = YES;
			};
			name = Release;
		};
		4217A78628F888900031B527 /* Debug */ = {
			isa = XCBuildConfiguration;
			buildSettings = {
				ASSETCATALOG_COMPILER_APPICON_NAME = AppIcon;
				ASSETCATALOG_COMPILER_GLOBAL_ACCENT_COLOR_NAME = AccentColor;
				CODE_SIGN_STYLE = Automatic;
				CURRENT_PROJECT_VERSION = 1;
				DEVELOPMENT_TEAM = "";
				GENERATE_INFOPLIST_FILE = YES;
				INFOPLIST_FILE = MiSnapVoiceCaptureCustomizationSampleApp/Info.plist;
				INFOPLIST_KEY_UIApplicationSupportsIndirectInputEvents = YES;
				INFOPLIST_KEY_UILaunchStoryboardName = LaunchScreen;
				INFOPLIST_KEY_UIMainStoryboardFile = Main;
				INFOPLIST_KEY_UISupportedInterfaceOrientations_iPad = "UIInterfaceOrientationPortrait UIInterfaceOrientationPortraitUpsideDown UIInterfaceOrientationLandscapeLeft UIInterfaceOrientationLandscapeRight";
				INFOPLIST_KEY_UISupportedInterfaceOrientations_iPhone = "UIInterfaceOrientationPortrait UIInterfaceOrientationLandscapeLeft UIInterfaceOrientationLandscapeRight";
				LD_RUNPATH_SEARCH_PATHS = (
					"$(inherited)",
					"@executable_path/Frameworks",
				);
				MARKETING_VERSION = 1.0;
				PRODUCT_BUNDLE_IDENTIFIER = com.miteksystems.MiSnapVoiceCaptureCustomizationSampleApp;
				PRODUCT_NAME = "$(TARGET_NAME)";
				SWIFT_EMIT_LOC_STRINGS = YES;
				SWIFT_VERSION = 5.0;
				TARGETED_DEVICE_FAMILY = "1,2";
			};
			name = Debug;
		};
		4217A78728F888900031B527 /* Release */ = {
			isa = XCBuildConfiguration;
			buildSettings = {
				ASSETCATALOG_COMPILER_APPICON_NAME = AppIcon;
				ASSETCATALOG_COMPILER_GLOBAL_ACCENT_COLOR_NAME = AccentColor;
				CODE_SIGN_STYLE = Automatic;
				CURRENT_PROJECT_VERSION = 1;
				DEVELOPMENT_TEAM = "";
				GENERATE_INFOPLIST_FILE = YES;
				INFOPLIST_FILE = MiSnapVoiceCaptureCustomizationSampleApp/Info.plist;
				INFOPLIST_KEY_UIApplicationSupportsIndirectInputEvents = YES;
				INFOPLIST_KEY_UILaunchStoryboardName = LaunchScreen;
				INFOPLIST_KEY_UIMainStoryboardFile = Main;
				INFOPLIST_KEY_UISupportedInterfaceOrientations_iPad = "UIInterfaceOrientationPortrait UIInterfaceOrientationPortraitUpsideDown UIInterfaceOrientationLandscapeLeft UIInterfaceOrientationLandscapeRight";
				INFOPLIST_KEY_UISupportedInterfaceOrientations_iPhone = "UIInterfaceOrientationPortrait UIInterfaceOrientationLandscapeLeft UIInterfaceOrientationLandscapeRight";
				LD_RUNPATH_SEARCH_PATHS = (
					"$(inherited)",
					"@executable_path/Frameworks",
				);
				MARKETING_VERSION = 1.0;
				PRODUCT_BUNDLE_IDENTIFIER = com.miteksystems.MiSnapVoiceCaptureCustomizationSampleApp;
				PRODUCT_NAME = "$(TARGET_NAME)";
				SWIFT_EMIT_LOC_STRINGS = YES;
				SWIFT_VERSION = 5.0;
				TARGETED_DEVICE_FAMILY = "1,2";
			};
			name = Release;
		};
/* End XCBuildConfiguration section */

/* Begin XCConfigurationList section */
		4217A76C28F8888D0031B527 /* Build configuration list for PBXProject "MiSnapVoiceCaptureCustomizationSampleApp" */ = {
			isa = XCConfigurationList;
			buildConfigurations = (
				4217A78328F888900031B527 /* Debug */,
				4217A78428F888900031B527 /* Release */,
			);
			defaultConfigurationIsVisible = 0;
			defaultConfigurationName = Release;
		};
		4217A78528F888900031B527 /* Build configuration list for PBXNativeTarget "MiSnapVoiceCaptureCustomizationSampleApp" */ = {
			isa = XCConfigurationList;
			buildConfigurations = (
				4217A78628F888900031B527 /* Debug */,
				4217A78728F888900031B527 /* Release */,
			);
			defaultConfigurationIsVisible = 0;
			defaultConfigurationName = Release;
		};
/* End XCConfigurationList section */

/* Begin XCRemoteSwiftPackageReference section */
		4217A78828F8892A0031B527 /* XCRemoteSwiftPackageReference "MiSnap-iOS" */ = {
			isa = XCRemoteSwiftPackageReference;
			repositoryURL = "https://github.com/Mitek-Systems/MiSnap-iOS.git";
			requirement = {
				branch = feature/5.1.0.a1;
				kind = branch;
			};
		};
/* End XCRemoteSwiftPackageReference section */

/* Begin XCSwiftPackageProductDependency section */
		4217A78928F8892A0031B527 /* MiSnapVoiceCapture */ = {
			isa = XCSwiftPackageProductDependency;
			package = 4217A78828F8892A0031B527 /* XCRemoteSwiftPackageReference "MiSnap-iOS" */;
			productName = MiSnapVoiceCapture;
		};
		4217A78B28F8892A0031B527 /* MiSnapVoiceCaptureUX */ = {
			isa = XCSwiftPackageProductDependency;
			package = 4217A78828F8892A0031B527 /* XCRemoteSwiftPackageReference "MiSnap-iOS" */;
			productName = MiSnapVoiceCaptureUX;
		};
/* End XCSwiftPackageProductDependency section */
	};
	rootObject = 4217A76928F8888D0031B527 /* Project object */;
}
