// !$*UTF8*$!
{
	archiveVersion = 1;
	classes = {
	};
	objectVersion = 55;
	objects = {

/* Begin PBXBuildFile section */
		421FB5CC27E9FB3C00F451FF /* ResultViewController.swift in Sources */ = {isa = PBXBuildFile; fileRef = 421FB5CB27E9FB3C00F451FF /* ResultViewController.swift */; };
		4256BB1F27DA2FF30065E29E /* AppDelegate.swift in Sources */ = {isa = PBXBuildFile; fileRef = 4256BB1E27DA2FF30065E29E /* AppDelegate.swift */; };
		4256BB2127DA2FF30065E29E /* SceneDelegate.swift in Sources */ = {isa = PBXBuildFile; fileRef = 4256BB2027DA2FF30065E29E /* SceneDelegate.swift */; };
		4256BB2327DA2FF30065E29E /* ViewController.swift in Sources */ = {isa = PBXBuildFile; fileRef = 4256BB2227DA2FF30065E29E /* ViewController.swift */; };
		4256BB2627DA2FF40065E29E /* Main.storyboard in Resources */ = {isa = PBXBuildFile; fileRef = 4256BB2427DA2FF40065E29E /* Main.storyboard */; };
		4256BB2827DA2FF70065E29E /* Assets.xcassets in Resources */ = {isa = PBXBuildFile; fileRef = 4256BB2727DA2FF70065E29E /* Assets.xcassets */; };
		4256BB2B27DA2FF70065E29E /* LaunchScreen.storyboard in Resources */ = {isa = PBXBuildFile; fileRef = 4256BB2927DA2FF70065E29E /* LaunchScreen.storyboard */; };
		42A004BC27EBBA25002A598D /* MiSnap in Frameworks */ = {isa = PBXBuildFile; productRef = 42A004BB27EBBA25002A598D /* MiSnap */; };
		42A004BE27EBBA25002A598D /* MiSnapUX in Frameworks */ = {isa = PBXBuildFile; productRef = 42A004BD27EBBA25002A598D /* MiSnapUX */; };
		42A13FB8296E13BE007E7252 /* MiSnapLocalizable.strings in Resources */ = {isa = PBXBuildFile; fileRef = 42A13F91296E13BE007E7252 /* MiSnapLocalizable.strings */; };
		42A13FDF296E13D1007E7252 /* misnap_tutorial_id_back_portrait_2.jpg in Resources */ = {isa = PBXBuildFile; fileRef = 42A13FD3296E13D1007E7252 /* misnap_tutorial_id_back_portrait_2.jpg */; };
		42A13FE0296E13D1007E7252 /* misnap_tutorial_passport_qr.jpg in Resources */ = {isa = PBXBuildFile; fileRef = 42A13FD4296E13D1007E7252 /* misnap_tutorial_passport_qr.jpg */; };
		42A13FE1296E13D1007E7252 /* misnap_tutorial_id_portrait_2.jpg in Resources */ = {isa = PBXBuildFile; fileRef = 42A13FD5296E13D1007E7252 /* misnap_tutorial_id_portrait_2.jpg */; };
		42A13FE2296E13D1007E7252 /* misnap_tutorial_passport_qr_portrait_2.jpg in Resources */ = {isa = PBXBuildFile; fileRef = 42A13FD6296E13D1007E7252 /* misnap_tutorial_passport_qr_portrait_2.jpg */; };
		42A13FE3296E13D1007E7252 /* misnap_tutorial_passport.jpg in Resources */ = {isa = PBXBuildFile; fileRef = 42A13FD7296E13D1007E7252 /* misnap_tutorial_passport.jpg */; };
		42A13FE4296E13D1007E7252 /* misnap_tutorial_id_back_portrait.jpg in Resources */ = {isa = PBXBuildFile; fileRef = 42A13FD8296E13D1007E7252 /* misnap_tutorial_id_back_portrait.jpg */; };
		42A13FE5296E13D1007E7252 /* misnap_tutorial_id.jpg in Resources */ = {isa = PBXBuildFile; fileRef = 42A13FD9296E13D1007E7252 /* misnap_tutorial_id.jpg */; };
		42A13FE6296E13D1007E7252 /* misnap_tutorial_id_portrait.jpg in Resources */ = {isa = PBXBuildFile; fileRef = 42A13FDA296E13D1007E7252 /* misnap_tutorial_id_portrait.jpg */; };
		42A13FE7296E13D1007E7252 /* misnap_tutorial_passport_portrait_2.jpg in Resources */ = {isa = PBXBuildFile; fileRef = 42A13FDB296E13D1007E7252 /* misnap_tutorial_passport_portrait_2.jpg */; };
		42A13FE8296E13D1007E7252 /* misnap_tutorial_passport_portrait.jpg in Resources */ = {isa = PBXBuildFile; fileRef = 42A13FDC296E13D1007E7252 /* misnap_tutorial_passport_portrait.jpg */; };
		42A13FE9296E13D1007E7252 /* misnap_tutorial_id_back.jpg in Resources */ = {isa = PBXBuildFile; fileRef = 42A13FDD296E13D1007E7252 /* misnap_tutorial_id_back.jpg */; };
		42A13FEA296E13D1007E7252 /* misnap_tutorial_passport_qr_portrait.jpg in Resources */ = {isa = PBXBuildFile; fileRef = 42A13FDE296E13D1007E7252 /* misnap_tutorial_passport_qr_portrait.jpg */; };
/* End PBXBuildFile section */

/* Begin PBXFileReference section */
		421FB5CB27E9FB3C00F451FF /* ResultViewController.swift */ = {isa = PBXFileReference; fileEncoding = 4; lastKnownFileType = sourcecode.swift; path = ResultViewController.swift; sourceTree = "<group>"; };
		4256BB1B27DA2FF30065E29E /* MiSnapSampleApp.app */ = {isa = PBXFileReference; explicitFileType = wrapper.application; includeInIndex = 0; path = MiSnapSampleApp.app; sourceTree = BUILT_PRODUCTS_DIR; };
		4256BB1E27DA2FF30065E29E /* AppDelegate.swift */ = {isa = PBXFileReference; lastKnownFileType = sourcecode.swift; path = AppDelegate.swift; sourceTree = "<group>"; };
		4256BB2027DA2FF30065E29E /* SceneDelegate.swift */ = {isa = PBXFileReference; lastKnownFileType = sourcecode.swift; path = SceneDelegate.swift; sourceTree = "<group>"; };
		4256BB2227DA2FF30065E29E /* ViewController.swift */ = {isa = PBXFileReference; lastKnownFileType = sourcecode.swift; path = ViewController.swift; sourceTree = "<group>"; };
		4256BB2527DA2FF40065E29E /* Base */ = {isa = PBXFileReference; lastKnownFileType = file.storyboard; name = Base; path = Base.lproj/Main.storyboard; sourceTree = "<group>"; };
		4256BB2727DA2FF70065E29E /* Assets.xcassets */ = {isa = PBXFileReference; lastKnownFileType = folder.assetcatalog; path = Assets.xcassets; sourceTree = "<group>"; };
		4256BB2A27DA2FF70065E29E /* Base */ = {isa = PBXFileReference; lastKnownFileType = file.storyboard; name = Base; path = Base.lproj/LaunchScreen.storyboard; sourceTree = "<group>"; };
		4256BB2C27DA2FF70065E29E /* Info.plist */ = {isa = PBXFileReference; lastKnownFileType = text.plist.xml; path = Info.plist; sourceTree = "<group>"; };
		42A13F92296E13BE007E7252 /* en */ = {isa = PBXFileReference; lastKnownFileType = text.plist.strings; name = en; path = en.lproj/MiSnapLocalizable.strings; sourceTree = "<group>"; };
		42A13F93296E13BE007E7252 /* es */ = {isa = PBXFileReference; lastKnownFileType = text.plist.strings; name = es; path = es.lproj/MiSnapLocalizable.strings; sourceTree = "<group>"; };
		42A13F9B296E13BE007E7252 /* fr */ = {isa = PBXFileReference; lastKnownFileType = text.plist.strings; name = fr; path = fr.lproj/MiSnapLocalizable.strings; sourceTree = "<group>"; };
		42A13FD3296E13D1007E7252 /* misnap_tutorial_id_back_portrait_2.jpg */ = {isa = PBXFileReference; lastKnownFileType = image.jpeg; path = misnap_tutorial_id_back_portrait_2.jpg; sourceTree = "<group>"; };
		42A13FD4296E13D1007E7252 /* misnap_tutorial_passport_qr.jpg */ = {isa = PBXFileReference; lastKnownFileType = image.jpeg; path = misnap_tutorial_passport_qr.jpg; sourceTree = "<group>"; };
		42A13FD5296E13D1007E7252 /* misnap_tutorial_id_portrait_2.jpg */ = {isa = PBXFileReference; lastKnownFileType = image.jpeg; path = misnap_tutorial_id_portrait_2.jpg; sourceTree = "<group>"; };
		42A13FD6296E13D1007E7252 /* misnap_tutorial_passport_qr_portrait_2.jpg */ = {isa = PBXFileReference; lastKnownFileType = image.jpeg; path = misnap_tutorial_passport_qr_portrait_2.jpg; sourceTree = "<group>"; };
		42A13FD7296E13D1007E7252 /* misnap_tutorial_passport.jpg */ = {isa = PBXFileReference; lastKnownFileType = image.jpeg; path = misnap_tutorial_passport.jpg; sourceTree = "<group>"; };
		42A13FD8296E13D1007E7252 /* misnap_tutorial_id_back_portrait.jpg */ = {isa = PBXFileReference; lastKnownFileType = image.jpeg; path = misnap_tutorial_id_back_portrait.jpg; sourceTree = "<group>"; };
		42A13FD9296E13D1007E7252 /* misnap_tutorial_id.jpg */ = {isa = PBXFileReference; lastKnownFileType = image.jpeg; path = misnap_tutorial_id.jpg; sourceTree = "<group>"; };
		42A13FDA296E13D1007E7252 /* misnap_tutorial_id_portrait.jpg */ = {isa = PBXFileReference; lastKnownFileType = image.jpeg; path = misnap_tutorial_id_portrait.jpg; sourceTree = "<group>"; };
		42A13FDB296E13D1007E7252 /* misnap_tutorial_passport_portrait_2.jpg */ = {isa = PBXFileReference; lastKnownFileType = image.jpeg; path = misnap_tutorial_passport_portrait_2.jpg; sourceTree = "<group>"; };
		42A13FDC296E13D1007E7252 /* misnap_tutorial_passport_portrait.jpg */ = {isa = PBXFileReference; lastKnownFileType = image.jpeg; path = misnap_tutorial_passport_portrait.jpg; sourceTree = "<group>"; };
		42A13FDD296E13D1007E7252 /* misnap_tutorial_id_back.jpg */ = {isa = PBXFileReference; lastKnownFileType = image.jpeg; path = misnap_tutorial_id_back.jpg; sourceTree = "<group>"; };
		42A13FDE296E13D1007E7252 /* misnap_tutorial_passport_qr_portrait.jpg */ = {isa = PBXFileReference; lastKnownFileType = image.jpeg; path = misnap_tutorial_passport_qr_portrait.jpg; sourceTree = "<group>"; };
/* End PBXFileReference section */

/* Begin PBXFrameworksBuildPhase section */
		4256BB1827DA2FF30065E29E /* Frameworks */ = {
			isa = PBXFrameworksBuildPhase;
			buildActionMask = 2147483647;
			files = (
				42A004BC27EBBA25002A598D /* MiSnap in Frameworks */,
				42A004BE27EBBA25002A598D /* MiSnapUX in Frameworks */,
			);
			runOnlyForDeploymentPostprocessing = 0;
		};
/* End PBXFrameworksBuildPhase section */

/* Begin PBXGroup section */
		421FB5A427E8B70500F451FF /* Frameworks */ = {
			isa = PBXGroup;
			children = (
			);
			name = Frameworks;
			sourceTree = "<group>";
		};
		4256BB1227DA2FF30065E29E = {
			isa = PBXGroup;
			children = (
				4256BB1D27DA2FF30065E29E /* MiSnapSampleApp */,
				4256BB1C27DA2FF30065E29E /* Products */,
				421FB5A427E8B70500F451FF /* Frameworks */,
			);
			sourceTree = "<group>";
		};
		4256BB1C27DA2FF30065E29E /* Products */ = {
			isa = PBXGroup;
			children = (
				4256BB1B27DA2FF30065E29E /* MiSnapSampleApp.app */,
			);
			name = Products;
			sourceTree = "<group>";
		};
		4256BB1D27DA2FF30065E29E /* MiSnapSampleApp */ = {
			isa = PBXGroup;
			children = (
				42A13F8F296E13BE007E7252 /* Assets */,
				4256BB3627DA30340065E29E /* Models */,
				4256BB3527DA302D0065E29E /* Views */,
				4256BB3427DA301C0065E29E /* Controllers */,
				4256BB3327DA30140065E29E /* Resources */,
				4256BB3227DA300B0065E29E /* Supporting_Files */,
			);
			path = MiSnapSampleApp;
			sourceTree = "<group>";
		};
		4256BB3227DA300B0065E29E /* Supporting_Files */ = {
			isa = PBXGroup;
			children = (
				4256BB2C27DA2FF70065E29E /* Info.plist */,
			);
			name = Supporting_Files;
			sourceTree = "<group>";
		};
		4256BB3327DA30140065E29E /* Resources */ = {
			isa = PBXGroup;
			children = (
				4256BB2727DA2FF70065E29E /* Assets.xcassets */,
				4256BB2427DA2FF40065E29E /* Main.storyboard */,
				4256BB2927DA2FF70065E29E /* LaunchScreen.storyboard */,
			);
			name = Resources;
			sourceTree = "<group>";
		};
		4256BB3427DA301C0065E29E /* Controllers */ = {
			isa = PBXGroup;
			children = (
				4256BB1E27DA2FF30065E29E /* AppDelegate.swift */,
				4256BB2027DA2FF30065E29E /* SceneDelegate.swift */,
				4256BB2227DA2FF30065E29E /* ViewController.swift */,
				421FB5CB27E9FB3C00F451FF /* ResultViewController.swift */,
			);
			name = Controllers;
			sourceTree = "<group>";
		};
		4256BB3527DA302D0065E29E /* Views */ = {
			isa = PBXGroup;
			children = (
			);
			name = Views;
			sourceTree = "<group>";
		};
		4256BB3627DA30340065E29E /* Models */ = {
			isa = PBXGroup;
			children = (
			);
			name = Models;
			sourceTree = "<group>";
		};
		42A13F8F296E13BE007E7252 /* Assets */ = {
			isa = PBXGroup;
			children = (
				42A13F90296E13BE007E7252 /* MiSnap */,
			);
			name = Assets;
			path = ../../../../../Assets;
			sourceTree = "<group>";
		};
		42A13F90296E13BE007E7252 /* MiSnap */ = {
			isa = PBXGroup;
			children = (
				42A13F91296E13BE007E7252 /* MiSnapLocalizable.strings */,
				42A13FD3296E13D1007E7252 /* misnap_tutorial_id_back_portrait_2.jpg */,
				42A13FD8296E13D1007E7252 /* misnap_tutorial_id_back_portrait.jpg */,
				42A13FDD296E13D1007E7252 /* misnap_tutorial_id_back.jpg */,
				42A13FD5296E13D1007E7252 /* misnap_tutorial_id_portrait_2.jpg */,
				42A13FDA296E13D1007E7252 /* misnap_tutorial_id_portrait.jpg */,
				42A13FD9296E13D1007E7252 /* misnap_tutorial_id.jpg */,
				42A13FDB296E13D1007E7252 /* misnap_tutorial_passport_portrait_2.jpg */,
				42A13FDC296E13D1007E7252 /* misnap_tutorial_passport_portrait.jpg */,
				42A13FD6296E13D1007E7252 /* misnap_tutorial_passport_qr_portrait_2.jpg */,
				42A13FDE296E13D1007E7252 /* misnap_tutorial_passport_qr_portrait.jpg */,
				42A13FD4296E13D1007E7252 /* misnap_tutorial_passport_qr.jpg */,
				42A13FD7296E13D1007E7252 /* misnap_tutorial_passport.jpg */,
			);
			path = MiSnap;
			sourceTree = "<group>";
		};
/* End PBXGroup section */

/* Begin PBXNativeTarget section */
		4256BB1A27DA2FF30065E29E /* MiSnapSampleApp */ = {
			isa = PBXNativeTarget;
			buildConfigurationList = 4256BB2F27DA2FF70065E29E /* Build configuration list for PBXNativeTarget "MiSnapSampleApp" */;
			buildPhases = (
				4256BB1727DA2FF30065E29E /* Sources */,
				4256BB1827DA2FF30065E29E /* Frameworks */,
				4256BB1927DA2FF30065E29E /* Resources */,
			);
			buildRules = (
			);
			dependencies = (
			);
			name = MiSnapSampleApp;
			packageProductDependencies = (
				42A004BB27EBBA25002A598D /* MiSnap */,
				42A004BD27EBBA25002A598D /* MiSnapUX */,
			);
			productName = MiSnapSampleApp;
			productReference = 4256BB1B27DA2FF30065E29E /* MiSnapSampleApp.app */;
			productType = "com.apple.product-type.application";
		};
/* End PBXNativeTarget section */

/* Begin PBXProject section */
		4256BB1327DA2FF30065E29E /* Project object */ = {
			isa = PBXProject;
			attributes = {
				BuildIndependentTargetsInParallel = 1;
				LastSwiftUpdateCheck = 1300;
				LastUpgradeCheck = 1300;
				TargetAttributes = {
					4256BB1A27DA2FF30065E29E = {
						CreatedOnToolsVersion = 13.0;
					};
				};
			};
			buildConfigurationList = 4256BB1627DA2FF30065E29E /* Build configuration list for PBXProject "MiSnapSampleApp" */;
			compatibilityVersion = "Xcode 13.0";
			developmentRegion = en;
			hasScannedForEncodings = 0;
			knownRegions = (
				en,
				Base,
				es,
				fr,
			);
			mainGroup = 4256BB1227DA2FF30065E29E;
			packageReferences = (
				42A004BA27EBBA25002A598D /* XCRemoteSwiftPackageReference "MiSnap-iOS" */,
			);
			productRefGroup = 4256BB1C27DA2FF30065E29E /* Products */;
			projectDirPath = "";
			projectRoot = "";
			targets = (
				4256BB1A27DA2FF30065E29E /* MiSnapSampleApp */,
			);
		};
/* End PBXProject section */

/* Begin PBXResourcesBuildPhase section */
		4256BB1927DA2FF30065E29E /* Resources */ = {
			isa = PBXResourcesBuildPhase;
			buildActionMask = 2147483647;
			files = (
				42A13FE4296E13D1007E7252 /* misnap_tutorial_id_back_portrait.jpg in Resources */,
				42A13FE6296E13D1007E7252 /* misnap_tutorial_id_portrait.jpg in Resources */,
				42A13FE0296E13D1007E7252 /* misnap_tutorial_passport_qr.jpg in Resources */,
				42A13FEA296E13D1007E7252 /* misnap_tutorial_passport_qr_portrait.jpg in Resources */,
				42A13FE3296E13D1007E7252 /* misnap_tutorial_passport.jpg in Resources */,
				42A13FE1296E13D1007E7252 /* misnap_tutorial_id_portrait_2.jpg in Resources */,
				4256BB2B27DA2FF70065E29E /* LaunchScreen.storyboard in Resources */,
				42A13FE7296E13D1007E7252 /* misnap_tutorial_passport_portrait_2.jpg in Resources */,
				4256BB2827DA2FF70065E29E /* Assets.xcassets in Resources */,
				42A13FE8296E13D1007E7252 /* misnap_tutorial_passport_portrait.jpg in Resources */,
				42A13FE9296E13D1007E7252 /* misnap_tutorial_id_back.jpg in Resources */,
				4256BB2627DA2FF40065E29E /* Main.storyboard in Resources */,
				42A13FE5296E13D1007E7252 /* misnap_tutorial_id.jpg in Resources */,
				42A13FB8296E13BE007E7252 /* MiSnapLocalizable.strings in Resources */,
				42A13FE2296E13D1007E7252 /* misnap_tutorial_passport_qr_portrait_2.jpg in Resources */,
				42A13FDF296E13D1007E7252 /* misnap_tutorial_id_back_portrait_2.jpg in Resources */,
			);
			runOnlyForDeploymentPostprocessing = 0;
		};
/* End PBXResourcesBuildPhase section */

/* Begin PBXSourcesBuildPhase section */
		4256BB1727DA2FF30065E29E /* Sources */ = {
			isa = PBXSourcesBuildPhase;
			buildActionMask = 2147483647;
			files = (
				4256BB2327DA2FF30065E29E /* ViewController.swift in Sources */,
				4256BB1F27DA2FF30065E29E /* AppDelegate.swift in Sources */,
				4256BB2127DA2FF30065E29E /* SceneDelegate.swift in Sources */,
				421FB5CC27E9FB3C00F451FF /* ResultViewController.swift in Sources */,
			);
			runOnlyForDeploymentPostprocessing = 0;
		};
/* End PBXSourcesBuildPhase section */

/* Begin PBXVariantGroup section */
		4256BB2427DA2FF40065E29E /* Main.storyboard */ = {
			isa = PBXVariantGroup;
			children = (
				4256BB2527DA2FF40065E29E /* Base */,
			);
			name = Main.storyboard;
			sourceTree = "<group>";
		};
		4256BB2927DA2FF70065E29E /* LaunchScreen.storyboard */ = {
			isa = PBXVariantGroup;
			children = (
				4256BB2A27DA2FF70065E29E /* Base */,
			);
			name = LaunchScreen.storyboard;
			sourceTree = "<group>";
		};
		42A13F91296E13BE007E7252 /* MiSnapLocalizable.strings */ = {
			isa = PBXVariantGroup;
			children = (
				42A13F92296E13BE007E7252 /* en */,
				42A13F93296E13BE007E7252 /* es */,
				42A13F9B296E13BE007E7252 /* fr */,
			);
			name = MiSnapLocalizable.strings;
			sourceTree = "<group>";
		};
/* End PBXVariantGroup section */

/* Begin XCBuildConfiguration section */
		4256BB2D27DA2FF70065E29E /* Debug */ = {
			isa = XCBuildConfiguration;
			buildSettings = {
				ALWAYS_SEARCH_USER_PATHS = NO;
				CLANG_ANALYZER_NONNULL = YES;
				CLANG_ANALYZER_NUMBER_OBJECT_CONVERSION = YES_AGGRESSIVE;
				CLANG_CXX_LANGUAGE_STANDARD = "gnu++17";
				CLANG_CXX_LIBRARY = "libc++";
				CLANG_ENABLE_MODULES = YES;
				CLANG_ENABLE_OBJC_ARC = YES;
				CLANG_ENABLE_OBJC_WEAK = YES;
				CLANG_WARN_BLOCK_CAPTURE_AUTORELEASING = YES;
				CLANG_WARN_BOOL_CONVERSION = YES;
				CLANG_WARN_COMMA = YES;
				CLANG_WARN_CONSTANT_CONVERSION = YES;
				CLANG_WARN_DEPRECATED_OBJC_IMPLEMENTATIONS = YES;
				CLANG_WARN_DIRECT_OBJC_ISA_USAGE = YES_ERROR;
				CLANG_WARN_DOCUMENTATION_COMMENTS = YES;
				CLANG_WARN_EMPTY_BODY = YES;
				CLANG_WARN_ENUM_CONVERSION = YES;
				CLANG_WARN_INFINITE_RECURSION = YES;
				CLANG_WARN_INT_CONVERSION = YES;
				CLANG_WARN_NON_LITERAL_NULL_CONVERSION = YES;
				CLANG_WARN_OBJC_IMPLICIT_RETAIN_SELF = YES;
				CLANG_WARN_OBJC_LITERAL_CONVERSION = YES;
				CLANG_WARN_OBJC_ROOT_CLASS = YES_ERROR;
				CLANG_WARN_QUOTED_INCLUDE_IN_FRAMEWORK_HEADER = YES;
				CLANG_WARN_RANGE_LOOP_ANALYSIS = YES;
				CLANG_WARN_STRICT_PROTOTYPES = YES;
				CLANG_WARN_SUSPICIOUS_MOVE = YES;
				CLANG_WARN_UNGUARDED_AVAILABILITY = YES_AGGRESSIVE;
				CLANG_WARN_UNREACHABLE_CODE = YES;
				CLANG_WARN__DUPLICATE_METHOD_MATCH = YES;
				COPY_PHASE_STRIP = NO;
				DEBUG_INFORMATION_FORMAT = dwarf;
				ENABLE_STRICT_OBJC_MSGSEND = YES;
				ENABLE_TESTABILITY = YES;
				GCC_C_LANGUAGE_STANDARD = gnu11;
				GCC_DYNAMIC_NO_PIC = NO;
				GCC_NO_COMMON_BLOCKS = YES;
				GCC_OPTIMIZATION_LEVEL = 0;
				GCC_PREPROCESSOR_DEFINITIONS = (
					"DEBUG=1",
					"$(inherited)",
				);
				GCC_WARN_64_TO_32_BIT_CONVERSION = YES;
				GCC_WARN_ABOUT_RETURN_TYPE = YES_ERROR;
				GCC_WARN_UNDECLARED_SELECTOR = YES;
				GCC_WARN_UNINITIALIZED_AUTOS = YES_AGGRESSIVE;
				GCC_WARN_UNUSED_FUNCTION = YES;
				GCC_WARN_UNUSED_VARIABLE = YES;
				IPHONEOS_DEPLOYMENT_TARGET = 12.0;
				MTL_ENABLE_DEBUG_INFO = INCLUDE_SOURCE;
				MTL_FAST_MATH = YES;
				ONLY_ACTIVE_ARCH = YES;
				SDKROOT = iphoneos;
				SWIFT_ACTIVE_COMPILATION_CONDITIONS = DEBUG;
				SWIFT_OPTIMIZATION_LEVEL = "-Onone";
			};
			name = Debug;
		};
		4256BB2E27DA2FF70065E29E /* Release */ = {
			isa = XCBuildConfiguration;
			buildSettings = {
				ALWAYS_SEARCH_USER_PATHS = NO;
				CLANG_ANALYZER_NONNULL = YES;
				CLANG_ANALYZER_NUMBER_OBJECT_CONVERSION = YES_AGGRESSIVE;
				CLANG_CXX_LANGUAGE_STANDARD = "gnu++17";
				CLANG_CXX_LIBRARY = "libc++";
				CLANG_ENABLE_MODULES = YES;
				CLANG_ENABLE_OBJC_ARC = YES;
				CLANG_ENABLE_OBJC_WEAK = YES;
				CLANG_WARN_BLOCK_CAPTURE_AUTORELEASING = YES;
				CLANG_WARN_BOOL_CONVERSION = YES;
				CLANG_WARN_COMMA = YES;
				CLANG_WARN_CONSTANT_CONVERSION = YES;
				CLANG_WARN_DEPRECATED_OBJC_IMPLEMENTATIONS = YES;
				CLANG_WARN_DIRECT_OBJC_ISA_USAGE = YES_ERROR;
				CLANG_WARN_DOCUMENTATION_COMMENTS = YES;
				CLANG_WARN_EMPTY_BODY = YES;
				CLANG_WARN_ENUM_CONVERSION = YES;
				CLANG_WARN_INFINITE_RECURSION = YES;
				CLANG_WARN_INT_CONVERSION = YES;
				CLANG_WARN_NON_LITERAL_NULL_CONVERSION = YES;
				CLANG_WARN_OBJC_IMPLICIT_RETAIN_SELF = YES;
				CLANG_WARN_OBJC_LITERAL_CONVERSION = YES;
				CLANG_WARN_OBJC_ROOT_CLASS = YES_ERROR;
				CLANG_WARN_QUOTED_INCLUDE_IN_FRAMEWORK_HEADER = YES;
				CLANG_WARN_RANGE_LOOP_ANALYSIS = YES;
				CLANG_WARN_STRICT_PROTOTYPES = YES;
				CLANG_WARN_SUSPICIOUS_MOVE = YES;
				CLANG_WARN_UNGUARDED_AVAILABILITY = YES_AGGRESSIVE;
				CLANG_WARN_UNREACHABLE_CODE = YES;
				CLANG_WARN__DUPLICATE_METHOD_MATCH = YES;
				COPY_PHASE_STRIP = NO;
				DEBUG_INFORMATION_FORMAT = "dwarf-with-dsym";
				ENABLE_NS_ASSERTIONS = NO;
				ENABLE_STRICT_OBJC_MSGSEND = YES;
				GCC_C_LANGUAGE_STANDARD = gnu11;
				GCC_NO_COMMON_BLOCKS = YES;
				GCC_WARN_64_TO_32_BIT_CONVERSION = YES;
				GCC_WARN_ABOUT_RETURN_TYPE = YES_ERROR;
				GCC_WARN_UNDECLARED_SELECTOR = YES;
				GCC_WARN_UNINITIALIZED_AUTOS = YES_AGGRESSIVE;
				GCC_WARN_UNUSED_FUNCTION = YES;
				GCC_WARN_UNUSED_VARIABLE = YES;
				IPHONEOS_DEPLOYMENT_TARGET = 12.0;
				MTL_ENABLE_DEBUG_INFO = NO;
				MTL_FAST_MATH = YES;
				SDKROOT = iphoneos;
				SWIFT_COMPILATION_MODE = wholemodule;
				SWIFT_OPTIMIZATION_LEVEL = "-O";
				VALIDATE_PRODUCT = YES;
			};
			name = Release;
		};
		4256BB3027DA2FF70065E29E /* Debug */ = {
			isa = XCBuildConfiguration;
			buildSettings = {
				ASSETCATALOG_COMPILER_APPICON_NAME = AppIcon;
				ASSETCATALOG_COMPILER_GLOBAL_ACCENT_COLOR_NAME = AccentColor;
				CODE_SIGN_STYLE = Automatic;
				CURRENT_PROJECT_VERSION = 1;
				DEVELOPMENT_TEAM = "";
				GENERATE_INFOPLIST_FILE = YES;
				INFOPLIST_FILE = MiSnapSampleApp/Info.plist;
				INFOPLIST_KEY_NSCameraUsageDescription = "This app needs access to Camera to take pictures of your document";
				INFOPLIST_KEY_NSMicrophoneUsageDescription = "This app needs access to Microphone to record audio during document capture session per regulation";
				INFOPLIST_KEY_UIApplicationSupportsIndirectInputEvents = YES;
				INFOPLIST_KEY_UILaunchStoryboardName = LaunchScreen;
				INFOPLIST_KEY_UIMainStoryboardFile = Main;
				INFOPLIST_KEY_UISupportedInterfaceOrientations_iPad = "UIInterfaceOrientationPortrait UIInterfaceOrientationPortraitUpsideDown UIInterfaceOrientationLandscapeLeft UIInterfaceOrientationLandscapeRight";
				INFOPLIST_KEY_UISupportedInterfaceOrientations_iPhone = "UIInterfaceOrientationPortrait UIInterfaceOrientationLandscapeLeft UIInterfaceOrientationLandscapeRight";
				IPHONEOS_DEPLOYMENT_TARGET = 12.0;
				LD_RUNPATH_SEARCH_PATHS = (
					"$(inherited)",
					"@executable_path/Frameworks",
				);
				MARKETING_VERSION = 5.4.1;
				PRODUCT_BUNDLE_IDENTIFIER = com.miteksystems.MiSnapSampleApp;
				PRODUCT_NAME = "$(TARGET_NAME)";
				SWIFT_EMIT_LOC_STRINGS = YES;
				SWIFT_VERSION = 5.0;
				TARGETED_DEVICE_FAMILY = "1,2";
			};
			name = Debug;
		};
		4256BB3127DA2FF70065E29E /* Release */ = {
			isa = XCBuildConfiguration;
			buildSettings = {
				ASSETCATALOG_COMPILER_APPICON_NAME = AppIcon;
				ASSETCATALOG_COMPILER_GLOBAL_ACCENT_COLOR_NAME = AccentColor;
				CODE_SIGN_STYLE = Automatic;
				CURRENT_PROJECT_VERSION = 1;
				DEVELOPMENT_TEAM = "";
				GENERATE_INFOPLIST_FILE = YES;
				INFOPLIST_FILE = MiSnapSampleApp/Info.plist;
				INFOPLIST_KEY_NSCameraUsageDescription = "This app needs access to Camera to take pictures of your document";
				INFOPLIST_KEY_NSMicrophoneUsageDescription = "This app needs access to Microphone to record audio during document capture session per regulation";
				INFOPLIST_KEY_UIApplicationSupportsIndirectInputEvents = YES;
				INFOPLIST_KEY_UILaunchStoryboardName = LaunchScreen;
				INFOPLIST_KEY_UIMainStoryboardFile = Main;
				INFOPLIST_KEY_UISupportedInterfaceOrientations_iPad = "UIInterfaceOrientationPortrait UIInterfaceOrientationPortraitUpsideDown UIInterfaceOrientationLandscapeLeft UIInterfaceOrientationLandscapeRight";
				INFOPLIST_KEY_UISupportedInterfaceOrientations_iPhone = "UIInterfaceOrientationPortrait UIInterfaceOrientationLandscapeLeft UIInterfaceOrientationLandscapeRight";
				IPHONEOS_DEPLOYMENT_TARGET = 12.0;
				LD_RUNPATH_SEARCH_PATHS = (
					"$(inherited)",
					"@executable_path/Frameworks",
				);
				MARKETING_VERSION = 5.4.1;
				PRODUCT_BUNDLE_IDENTIFIER = com.miteksystems.MiSnapSampleApp;
				PRODUCT_NAME = "$(TARGET_NAME)";
				SWIFT_EMIT_LOC_STRINGS = YES;
				SWIFT_VERSION = 5.0;
				TARGETED_DEVICE_FAMILY = "1,2";
			};
			name = Release;
		};
/* End XCBuildConfiguration section */

/* Begin XCConfigurationList section */
		4256BB1627DA2FF30065E29E /* Build configuration list for PBXProject "MiSnapSampleApp" */ = {
			isa = XCConfigurationList;
			buildConfigurations = (
				4256BB2D27DA2FF70065E29E /* Debug */,
				4256BB2E27DA2FF70065E29E /* Release */,
			);
			defaultConfigurationIsVisible = 0;
			defaultConfigurationName = Release;
		};
		4256BB2F27DA2FF70065E29E /* Build configuration list for PBXNativeTarget "MiSnapSampleApp" */ = {
			isa = XCConfigurationList;
			buildConfigurations = (
				4256BB3027DA2FF70065E29E /* Debug */,
				4256BB3127DA2FF70065E29E /* Release */,
			);
			defaultConfigurationIsVisible = 0;
			defaultConfigurationName = Release;
		};
/* End XCConfigurationList section */

/* Begin XCRemoteSwiftPackageReference section */
		42A004BA27EBBA25002A598D /* XCRemoteSwiftPackageReference "MiSnap-iOS" */ = {
			isa = XCRemoteSwiftPackageReference;
			repositoryURL = "https://github.com/Mitek-Systems/MiSnap-iOS.git";
			requirement = {
				branch = feature/5.4.1;
				kind = branch;
			};
		};
/* End XCRemoteSwiftPackageReference section */

/* Begin XCSwiftPackageProductDependency section */
		42A004BB27EBBA25002A598D /* MiSnap */ = {
			isa = XCSwiftPackageProductDependency;
			package = 42A004BA27EBBA25002A598D /* XCRemoteSwiftPackageReference "MiSnap-iOS" */;
			productName = MiSnap;
		};
		42A004BD27EBBA25002A598D /* MiSnapUX */ = {
			isa = XCSwiftPackageProductDependency;
			package = 42A004BA27EBBA25002A598D /* XCRemoteSwiftPackageReference "MiSnap-iOS" */;
			productName = MiSnapUX;
		};
/* End XCSwiftPackageProductDependency section */
	};
	rootObject = 4256BB1327DA2FF30065E29E /* Project object */;
}
