{
  "pins" : [
    {
      "identity" : "misnap-ios",
      "kind" : "remoteSourceControl",
      "location" : "https://github.com/Mitek-Systems/MiSnap-iOS.git",
      "state" : {
        "branch" : "feature/5.5.0",
        "revision" : "7b61c6e1626bf2d7095f87ef49f57e0f41b651d8"
      }
    }
  ],
  "version" : 2
}
