{
  "pins" : [
    {
      "identity" : "misnap-ios",
      "kind" : "remoteSourceControl",
      "location" : "https://github.com/Mitek-Systems/MiSnap-iOS.git",
      "state" : {
        "branch" : "feature/5.3.5",
        "revision" : "5f5a3288ea199499b43ccea555945426a38b384f"
      }
    }
  ],
  "version" : 2
}
