{
  "object": {
    "pins": [
      {
        "package": "MiSnap",
        "repositoryURL": "https://github.com/Mitek-Systems/MiSnap-iOS.git",
        "state": {
          "branch": "feature/5.2.0",
          "revision": "8f13e57d2fe3db96b4a34940c74f36135398c334",
          "version": null
        }
      }
    ]
  },
  "version": 1
}
