{
  "originHash" : "47abb4cba188a281eed9ae5747838e497d4f359a87f085a1c98b0cdf9daf6484",
  "pins" : [
    {
      "identity" : "misnap-ios",
      "kind" : "remoteSourceControl",
      "location" : "https://github.com/Mitek-Systems/MiSnap-iOS.git",
      "state" : {
        "branch" : "release/5.11.1",
        "revision" : "a3d03ceec16e336612803736d6cc04f6f976400f"
      }
    }
  ],
  "version" : 3
}
